--index-url https://pypi.org/simple
--extra-index-url https://download.pytorch.org/whl/cu128

absl-py==2.4.0 \
    --hash=sha256:88476fd881ca8aab94ffa78b7b6c632a782ab3ba1cd19c9bd423abc4fb4cd28d \
    --hash=sha256:8c6af82722b35cf71e0f4d1d47dcaebfff286e27110a99fc359349b247dfb5d4
    # via tensorboard
bayesian-optimization==1.4.3 \
    --hash=sha256:2719272d5825f1ba7d7609f3b1c1fdca13eba1b7ad52a5ca2e62f34154ecae28 \
    --hash=sha256:f9a448e1b52d961301cbc953ce4199709f6c26b1c88994c9b4dadb7752a64550
    # via -r templates/ray-tune-train-integration/requirements.txt
colorama==0.4.6 \
    --hash=sha256:4f1d9991f5acc0ca119f9d443620b77f9d6b33703e51011c16baf57afb285fc6
    # via bayesian-optimization
cuda-bindings==12.9.7 ; sys_platform == 'linux' \
    --hash=sha256:00a833d399b31071fab4cf3de2929840ae462dc4848116eeff033d09219e7116 \
    --hash=sha256:0666d3c082ef8f4b2d670950589373550e9f3bf564d635dd883f24a0b40402ff \
    --hash=sha256:11aeafa2b33995f890086b3fb0f062075176d956e9b6a6fe1a699dddc413f6ad \
    --hash=sha256:16043ef5b15ab88fe9954c5c2061b1d8007591b27f2c916331056de0ebc6187e \
    --hash=sha256:1e2a4f2ec5b67408c04bb4fbed45d214b66de1f00ee2e972865cacb8708d4e1e \
    --hash=sha256:266379e4942051f544a8e7ea1a30ead8d7e8199b6b30fcdc8917cae2bf614e61 \
    --hash=sha256:2dbcd4801954eb3508f4dc2fa0d0c8eb93eb3f45326fd61be2731418c371e7a0 \
    --hash=sha256:3747ea132642416786a8e31bf229032df3a7856911ae5426a7be53d032df183d \
    --hash=sha256:3c089aaf4f5f570ec50244c68f5a2b00a2c9a8e01e04219fd2e36e340be0d88b \
    --hash=sha256:3c47ec1a7a441d91aab32339951df7a1be53451121a12c094bba51467717a35a \
    --hash=sha256:4c7ef48c5e13ae90f3b2ecfb72f8e99ac43c8f4c43e67e1325b8aae331453687 \
    --hash=sha256:59cf4a37b0d662ba15037c9ceebe1a306ebf2c01a8235a09be13cd07094fdb74 \
    --hash=sha256:5bd89dcb78475a6d8a4620ea94b74edf0cbbeacee6d1622d8f94452c1e8d3f15 \
    --hash=sha256:62e245bfa4830d473b038d0d7e5ab9cc1b377a09d2bc9afceaf5c5bab96ab1c6 \
    --hash=sha256:64f7ade7a7a3b69001489753acc21706d9dbda32db8deb68a767a0a0aab30b68 \
    --hash=sha256:775960ac9e530717f3b48e165cc6f68684fa9a4141764fd923e4c1a9820acc73 \
    --hash=sha256:a318075ef3277ca2fdd7df5d4bf671388696b4f2b65e2c4483f1853517692e3b \
    --hash=sha256:c392ffa5010ef4073bfd9dfff4d1ae56032094ed52d3d732014f8e41a73e6b59 \
    --hash=sha256:c6496a88d84b1209d6651b0370c19c26319e157c22f6d018bf9a358cd8049041 \
    --hash=sha256:ece8dfbc22e6de96a26940ab9887eb3cfe1fc1bc3966169391cdb866bb82bb64 \
    --hash=sha256:f95debd2c54c5f087462668511bcb2b1295baa389cd6de9e768212f3cab2bbe2
    # via torch
cuda-pathfinder==1.6.0 ; sys_platform == 'linux' \
    --hash=sha256:1503af579d8379c24bdd65528379bc57039b0455be9f5f9686cf8e473a1fce51
    # via cuda-bindings
cuda-toolkit==12.8.1 ; sys_platform == 'linux' \
    --hash=sha256:adc7906af4ecbf9a352f9dca5734eceb21daec281ccfcf5675e1d2f724fc2cba
    # via torch
filelock==3.29.0 \
    --hash=sha256:69974355e960702e789734cb4871f884ea6fe50bd8404051a3530bc07809cf90 \
    --hash=sha256:96f5f6344709aa1572bbf631c640e4ebeeb519e08da902c39a001882f30ac258
    # via torch
fsspec==2023.12.1 \
    --hash=sha256:6271f1d3075a378bfe432f6f42bf7e1d2a6ba74f78dd9b512385474c579146a0 \
    --hash=sha256:c4da01a35ac65c853f833e43f67802c25213f560820d54ddf248f92eddd5e990
    # via torch
grpcio==1.76.0 \
    --hash=sha256:035d90bc79eaa4bed83f524331d55e35820725c9fbb00ffa1904d5550ed7ede3 \
    --hash=sha256:04bbe1bfe3a68bbfd4e52402ab7d4eb59d72d02647ae2042204326cf4bbad280 \
    --hash=sha256:063065249d9e7e0782d03d2bca50787f53bd0fb89a67de9a7b521c4a01f1989b \
    --hash=sha256:06c3d6b076e7b593905d04fdba6a0525711b3466f43b3400266f04ff735de0cd \
    --hash=sha256:08caea849a9d3c71a542827d6df9d5a69067b0a1efbea8a855633ff5d9571465 \
    --hash=sha256:0aaa82d0813fd4c8e589fac9b65d7dd88702555f702fb10417f96e2a2a6d4c0f \
    --hash=sha256:0b7604868b38c1bfd5cf72d768aedd7db41d78cb6a4a18585e33fb0f9f2363fd \
    --hash=sha256:0c37db8606c258e2ee0c56b78c62fc9dee0e901b5dbdcf816c2dd4ad652b8b0c \
    --hash=sha256:1c9b93f79f48b03ada57ea24725d83a30284a012ec27eab2cf7e50a550cbbbcc \
    --hash=sha256:2107b0c024d1b35f4083f11245c0e23846ae64d02f40b2b226684840260ed054 \
    --hash=sha256:2229ae655ec4e8999599469559e97630185fdd53ae1e8997d147b7c9b2b72cba \
    --hash=sha256:25a18e9810fbc7e7f03ec2516addc116a957f8cbb8cbc95ccc80faa072743d03 \
    --hash=sha256:26ef06c73eb53267c2b319f43e6634c7556ea37672029241a056629af27c10e2 \
    --hash=sha256:2e1743fbd7f5fa713a1b0a8ac8ebabf0ec980b5d8809ec358d488e273b9cf02a \
    --hash=sha256:32483fe2aab2c3794101c2a159070584e5db11d0aa091b2c0ea9c4fc43d0d749 \
    --hash=sha256:3bf0f392c0b806905ed174dcd8bdd5e418a40d5567a05615a030a5aeddea692d \
    --hash=sha256:3e2a27c89eb9ac3d81ec8835e12414d73536c6e620355d65102503064a4ed6eb \
    --hash=sha256:40ad3afe81676fd9ec6d9d406eda00933f218038433980aa19d401490e46ecde \
    --hash=sha256:4215d3a102bd95e2e11b5395c78562967959824156af11fa93d18fdd18050990 \
    --hash=sha256:45d59a649a82df5718fd9527ce775fd66d1af35e6d31abdcdc906a49c6822958 \
    --hash=sha256:45e0111e73f43f735d70786557dc38141185072d7ff8dc1829d6a77ac1471468 \
    --hash=sha256:479496325ce554792dba6548fae3df31a72cef7bad71ca2e12b0e58f9b336bfc \
    --hash=sha256:490fa6d203992c47c7b9e4a9d39003a0c2bcc1c9aa3c058730884bbbb0ee9f09 \
    --hash=sha256:49ce47231818806067aea3324d4bf13825b658ad662d3b25fada0bdad9b8a6af \
    --hash=sha256:4baf3cbe2f0be3289eb68ac8ae771156971848bb8aaff60bad42005539431980 \
    --hash=sha256:522175aba7af9113c48ec10cc471b9b9bd4f6ceb36aeb4544a8e2c80ed9d252d \
    --hash=sha256:5e8571632780e08526f118f74170ad8d50fb0a48c23a746bef2a6ebade3abd6f \
    --hash=sha256:615ba64c208aaceb5ec83bfdce7728b80bfeb8be97562944836a7a0a9647d882 \
    --hash=sha256:61f69297cba3950a524f61c7c8ee12e55c486cb5f7db47ff9dcee33da6f0d3ae \
    --hash=sha256:65a20de41e85648e00305c1bb09a3598f840422e522277641145a32d42dcefcc \
    --hash=sha256:6a15c17af8839b6801d554263c546c69c4d7718ad4321e3166175b37eaacca77 \
    --hash=sha256:747fa73efa9b8b1488a95d0ba1039c8e2dca0f741612d80415b1e1c560febf4e \
    --hash=sha256:7be78388d6da1a25c0d5ec506523db58b18be22d9c37d8d3a32c08be4987bd73 \
    --hash=sha256:81fd9652b37b36f16138611c7e884eb82e0cec137c40d3ef7c3f9b3ed00f6ed8 \
    --hash=sha256:83d57312a58dcfe2a3a0f9d1389b299438909a02db60e2f2ea2ae2d8034909d3 \
    --hash=sha256:8843114c0cfce61b40ad48df65abcfc00d4dba82eae8718fab5352390848c5da \
    --hash=sha256:8cc3309d8e08fd79089e13ed4819d0af72aa935dd8f435a195fd152796752ff2 \
    --hash=sha256:8ebe63ee5f8fa4296b1b8cfc743f870d10e902ca18afc65c68cf46fd39bb0783 \
    --hash=sha256:8eddfb4d203a237da6f3cc8a540dad0517d274b5a1e9e636fd8d2c79b5c1d397 \
    --hash=sha256:922fa70ba549fce362d2e2871ab542082d66e2aaf0c19480ea453905b01f384e \
    --hash=sha256:931091142fd8cc14edccc0845a79248bc155425eee9a98b2db2ea4f00a235a42 \
    --hash=sha256:971fd5a1d6e62e00d945423a567e42eb1fa678ba89072832185ca836a94daaa6 \
    --hash=sha256:980a846182ce88c4f2f7e2c22c56aefd515daeb36149d1c897f83cf57999e0b6 \
    --hash=sha256:9d9adda641db7207e800a7f089068f6f645959f2df27e870ee81d44701dd9db3 \
    --hash=sha256:9f8f757bebaaea112c00dba718fc0d3260052ce714e25804a03f93f5d1c6cc11 \
    --hash=sha256:a6ae758eb08088d36812dd5d9af7a9859c05b1e0f714470ea243694b49278e7b \
    --hash=sha256:a8c2cf1209497cf659a667d7dea88985e834c24b7c3b605e6254cbb5076d985c \
    --hash=sha256:acab0277c40eff7143c2323190ea57b9ee5fd353d8190ee9652369fae735668a \
    --hash=sha256:b331680e46239e090f5b3cead313cc772f6caa7d0fc8de349337563125361a4a \
    --hash=sha256:c088e7a90b6017307f423efbb9d1ba97a22aa2170876223f9709e9d1de0b5347 \
    --hash=sha256:d099566accf23d21037f18a2a63d323075bebace807742e4b0ac210971d4dd70 \
    --hash=sha256:d388087771c837cdb6515539f43b9d4bf0b0f23593a24054ac16f7a960be16f4 \
    --hash=sha256:dcfe41187da8992c5f40aa8c5ec086fa3672834d2be57a32384c08d5a05b4c00 \
    --hash=sha256:e6d1db20594d9daba22f90da738b1a0441a7427552cc6e2e3d1297aeddc00378 \
    --hash=sha256:ebea5cc3aa8ea72e04df9913492f9a96d9348db876f9dda3ad729cfedf7ac416 \
    --hash=sha256:ebebf83299b0cb1721a8859ea98f3a77811e35dce7609c5c963b9ad90728f886 \
    --hash=sha256:f0e34c2079d47ae9f6188211db9e777c619a21d4faba6977774e8fa43b085e48 \
    --hash=sha256:f92f88e6c033db65a5ae3d97905c8fea9c725b63e28d5a75cb73b49bda5024d8 \
    --hash=sha256:f9f7bd5faab55f47231ad8dba7787866b69f5e93bc306e3915606779bbfb4ba8 \
    --hash=sha256:fd5ef5932f6475c436c4a55e4336ebbe47bd3272be04964a03d316bbf4afbcbc \
    --hash=sha256:ff8a59ea85a1f2191a0ffcc61298c571bc566332f82e5f5be1b83c9d8e668a62
    # via tensorboard
jinja2==3.1.6 \
    --hash=sha256:85ece4451f492d0c13c5dd7c13a64681a86afae63a5f347908daf103ce6d2f67
    # via torch
joblib==1.2.0 \
    --hash=sha256:091138ed78f800342968c523bdde947e7a305b8594b910a0fea2ab83c3c6d385 \
    --hash=sha256:e1cee4a79e4af22881164f218d4311f60074197fb707e082e803b61f6d137018
    # via scikit-learn
markdown==3.10.2 \
    --hash=sha256:994d51325d25ad8aa7ce4ebaec003febcce822c3f8c911e3b17c52f7f589f950 \
    --hash=sha256:e91464b71ae3ee7afd3017d9f358ef0baf158fd9a298db92f1d4761133824c36
    # via tensorboard
markupsafe==3.0.3 \
    --hash=sha256:d6dd0be5b5b189d31db7cda48b91d7e0a9795f31430b7f271219ab30f1d3ac9d
    # via
    #   jinja2
    #   werkzeug
mpmath==1.3.0 \
    --hash=sha256:7a28eb2a9774d00c7bc92411c19a89209d5da7c4c9a9e227be8330a23a25b91f \
    --hash=sha256:a0b2b9fe80bbcd81a6647ff13108738cfb482d481d826cc0e02f5b35e5c88d2c
    # via sympy
networkx==3.6.1 \
    --hash=sha256:26b7c357accc0c8cde558ad486283728b65b6a95d85ee1cd66bafab4c8168509 \
    --hash=sha256:d47fbf302e7d9cbbb9e2555a0d267983d2aa476bac30e90dfbe5669bd57f3762
    # via torch
numpy==2.2.6 \
    --hash=sha256:038613e9fb8c72b0a41f025a7e4c3f0b7a1b5d768ece4796b674c8f3fe13efff \
    --hash=sha256:0678000bb9ac1475cd454c6b8c799206af8107e310843532b04d49649c717a47 \
    --hash=sha256:0811bb762109d9708cca4d0b13c4f67146e3c3b7cf8d34018c722adb2d957c84 \
    --hash=sha256:0b605b275d7bd0c640cad4e5d30fa701a8d59302e127e5f79138ad62762c3e3d \
    --hash=sha256:0bca768cd85ae743b2affdc762d617eddf3bcf8724435498a1e80132d04879e6 \
    --hash=sha256:1bc23a79bfabc5d056d106f9befb8d50c31ced2fbc70eedb8155aec74a45798f \
    --hash=sha256:287cc3162b6f01463ccd86be154f284d0893d2b3ed7292439ea97eafa8170e0b \
    --hash=sha256:37c0ca431f82cd5fa716eca9506aefcabc247fb27ba69c5062a6d3ade8cf8f49 \
    --hash=sha256:37e990a01ae6ec7fe7fa1c26c55ecb672dd98b19c3d0e1d1f326fa13cb38d163 \
    --hash=sha256:389d771b1623ec92636b0786bc4ae56abafad4a4c513d36a55dce14bd9ce8571 \
    --hash=sha256:3d70692235e759f260c3d837193090014aebdf026dfd167834bcba43e30c2a42 \
    --hash=sha256:41c5a21f4a04fa86436124d388f6ed60a9343a6f767fced1a8a71c3fbca038ff \
    --hash=sha256:481b49095335f8eed42e39e8041327c05b0f6f4780488f61286ed3c01368d491 \
    --hash=sha256:4eeaae00d789f66c7a25ac5f34b71a7035bb474e679f410e5e1a94deb24cf2d4 \
    --hash=sha256:55a4d33fa519660d69614a9fad433be87e5252f4b03850642f88993f7b2ca566 \
    --hash=sha256:5a6429d4be8ca66d889b7cf70f536a397dc45ba6faeb5f8c5427935d9592e9cf \
    --hash=sha256:5bd4fc3ac8926b3819797a7c0e2631eb889b4118a9898c84f585a54d475b7e40 \
    --hash=sha256:5beb72339d9d4fa36522fc63802f469b13cdbe4fdab4a288f0c441b74272ebfd \
    --hash=sha256:6031dd6dfecc0cf9f668681a37648373bddd6421fff6c66ec1624eed0180ee06 \
    --hash=sha256:71594f7c51a18e728451bb50cc60a3ce4e6538822731b2933209a1f3614e9282 \
    --hash=sha256:74d4531beb257d2c3f4b261bfb0fc09e0f9ebb8842d82a7b4209415896adc680 \
    --hash=sha256:7befc596a7dc9da8a337f79802ee8adb30a552a94f792b9c9d18c840055907db \
    --hash=sha256:894b3a42502226a1cac872f840030665f33326fc3dac8e57c607905773cdcde3 \
    --hash=sha256:8e41fd67c52b86603a91c1a505ebaef50b3314de0213461c7a6e99c9a3beff90 \
    --hash=sha256:8e9ace4a37db23421249ed236fdcdd457d671e25146786dfc96835cd951aa7c1 \
    --hash=sha256:8fc377d995680230e83241d8a96def29f204b5782f371c532579b4f20607a289 \
    --hash=sha256:9551a499bf125c1d4f9e250377c1ee2eddd02e01eac6644c080162c0c51778ab \
    --hash=sha256:b0544343a702fa80c95ad5d3d608ea3599dd54d4632df855e4c8d24eb6ecfa1c \
    --hash=sha256:b093dd74e50a8cba3e873868d9e93a85b78e0daf2e98c6797566ad8044e8363d \
    --hash=sha256:b412caa66f72040e6d268491a59f2c43bf03eb6c96dd8f0307829feb7fa2b6fb \
    --hash=sha256:b4f13750ce79751586ae2eb824ba7e1e8dba64784086c98cdbbcc6a42112ce0d \
    --hash=sha256:b64d8d4d17135e00c8e346e0a738deb17e754230d7e0810ac5012750bbd85a5a \
    --hash=sha256:ba10f8411898fc418a521833e014a77d3ca01c15b0c6cdcce6a0d2897e6dbbdf \
    --hash=sha256:bd48227a919f1bafbdda0583705e547892342c26fb127219d60a5c36882609d1 \
    --hash=sha256:c1f9540be57940698ed329904db803cf7a402f3fc200bfe599334c9bd84a40b2 \
    --hash=sha256:c820a93b0255bc360f53eca31a0e676fd1101f673dda8da93454a12e23fc5f7a \
    --hash=sha256:ce47521a4754c8f4593837384bd3424880629f718d87c5d44f8ed763edd63543 \
    --hash=sha256:d042d24c90c41b54fd506da306759e06e568864df8ec17ccc17e9e884634fd00 \
    --hash=sha256:de749064336d37e340f640b05f24e9e3dd678c57318c7289d222a8a2f543e90c \
    --hash=sha256:e1dda9c7e08dc141e0247a5b8f49cf05984955246a327d4c48bda16821947b2f \
    --hash=sha256:e29554e2bef54a90aa5cc07da6ce955accb83f21ab5de01a62c8478897b264fd \
    --hash=sha256:e3143e4451880bed956e706a3220b4e5cf6172ef05fcc397f6f36a550b1dd868 \
    --hash=sha256:e8213002e427c69c45a52bbd94163084025f533a55a59d6f9c5b820774ef3303 \
    --hash=sha256:efd28d4e9cd7d7a8d39074a4d44c63eda73401580c5c76acda2ce969e0a38e83 \
    --hash=sha256:f0fd6321b839904e15c46e0d257fdd101dd7f530fe03fd6359c1ea63738703f3 \
    --hash=sha256:f1372f041402e37e5e633e586f62aa53de2eac8d98cbfb822806ce4bbefcb74d \
    --hash=sha256:f2618db89be1b4e05f7a1a847a9c1c0abd63e63a1607d892dd54668dd92faf87 \
    --hash=sha256:f447e6acb680fd307f40d3da4852208af94afdfab89cf850986c3ca00562f4fa \
    --hash=sha256:f92729c95468a2f4f15e9bb94c432a9229d0d50de67304399627a943201baa2f \
    --hash=sha256:f9f1adb22318e121c5c69a09142811a201ef17ab257a1e66ca3025065b7f53ae \
    --hash=sha256:fc0c5673685c508a142ca65209b4e79ed6740a4ed6b2267dbba90f34b0b3cfda \
    --hash=sha256:fc7b73d02efb0e18c000e9ad8b83480dfcd5dfd11065997ed4c6747470ae8915 \
    --hash=sha256:fd83c01228a688733f1ded5201c678f0c53ecc1006ffbc404db9f7a899ac6249 \
    --hash=sha256:fe27749d33bb772c80dcd84ae7e8df2adc920ae8297400dabec45f0dedb3f6de \
    --hash=sha256:fee4236c876c4e8369388054d02d0e9bb84821feb1a64dd59e137e6511a551f8
    # via
    #   bayesian-optimization
    #   scikit-learn
    #   scipy
    #   tensorboard
    #   torchvision
nvidia-cublas-cu12==12.8.4.1 ; sys_platform == 'linux' \
    --hash=sha256:47e9b82132fa8d2b4944e708049229601448aaad7e6f296f630f2d1a32de35af \
    --hash=sha256:8ac4e771d5a348c551b2a426eda6193c19aa630236b418086020df5ba9667142 \
    --hash=sha256:b86f6dd8935884615a0683b663891d43781b819ac4f2ba2b0c9604676af346d0
    # via
    #   cuda-toolkit
    #   nvidia-cudnn-cu12
    #   nvidia-cusolver-cu12
nvidia-cuda-cupti-cu12==12.8.90 ; sys_platform == 'linux' \
    --hash=sha256:4412396548808ddfed3f17a467b104ba7751e6b58678a4b840675c56d21cf7ed \
    --hash=sha256:bb479dcdf7e6d4f8b0b01b115260399bf34154a1a2e9fe11c85c517d87efd98e \
    --hash=sha256:ea0cb07ebda26bb9b29ba82cda34849e73c166c18162d3913575b0c9db9a6182
    # via cuda-toolkit
nvidia-cuda-nvrtc-cu12==12.8.93 ; sys_platform == 'linux' \
    --hash=sha256:7a4b6b2904850fe78e0bd179c4b655c404d4bb799ef03ddc60804247099ae909 \
    --hash=sha256:a7756528852ef889772a84c6cd89d41dfa74667e24cca16bb31f8f061e3e9994 \
    --hash=sha256:fc1fec1e1637854b4c0a65fb9a8346b51dd9ee69e61ebaccc82058441f15bce8
    # via cuda-toolkit
nvidia-cuda-runtime-cu12==12.8.90 ; sys_platform == 'linux' \
    --hash=sha256:52bf7bbee900262ffefe5e9d5a2a69a30d97e2bc5bb6cc866688caa976966e3d \
    --hash=sha256:adade8dcbd0edf427b7204d480d6066d33902cab2a4707dcfc48a2d0fd44ab90 \
    --hash=sha256:c0c6027f01505bfed6c3b21ec546f69c687689aad5f1a377554bc6ca4aa993a8
    # via cuda-toolkit
nvidia-cudnn-cu12==9.19.0.56 ; sys_platform == 'linux' \
    --hash=sha256:08caaf27fe556aca82a3ee3b5aa49a77e7de0cfcb7ff4e5c29da426387a8267e \
    --hash=sha256:ac6ad90a075bb33a94f2b4cf4622eac13dd4dc65cf6dd9c7572a318516a36625 \
    --hash=sha256:cec70596b9ce878fab83810c3f5a2e606d35f510e5fee579759e4cbc68a23750
    # via torch
nvidia-cufft-cu12==11.3.3.83 ; sys_platform == 'linux' \
    --hash=sha256:4d2dd21ec0b88cf61b62e6b43564355e5222e4a3fb394cac0db101f2dd0d4f74 \
    --hash=sha256:7a64a98ef2a7c47f905aaf8931b69a3a43f27c55530c698bb2ed7c75c0b42cb7 \
    --hash=sha256:848ef7224d6305cdb2a4df928759dca7b1201874787083b6e7550dd6765ce69a
    # via cuda-toolkit
nvidia-cufile-cu12==1.13.1.3 ; sys_platform == 'linux' \
    --hash=sha256:1d069003be650e131b21c932ec3d8969c1715379251f8d23a1860554b1cb24fc \
    --hash=sha256:4beb6d4cce47c1a0f1013d72e02b0994730359e17801d395bdcbf20cfb3bb00a
    # via cuda-toolkit
nvidia-curand-cu12==10.3.9.90 ; sys_platform == 'linux' \
    --hash=sha256:b32331d4f4df5d6eefa0554c565b626c7216f87a06a4f56fab27c3b68a830ec9 \
    --hash=sha256:dfab99248034673b779bc6decafdc3404a8a6f502462201f2f31f11354204acd \
    --hash=sha256:f149a8ca457277da854f89cf282d6ef43176861926c7ac85b2a0fbd237c587ec
    # via cuda-toolkit
nvidia-cusolver-cu12==11.7.3.90 ; sys_platform == 'linux' \
    --hash=sha256:4376c11ad263152bd50ea295c05370360776f8c3427b30991df774f9fb26c450 \
    --hash=sha256:4a550db115fcabc4d495eb7d39ac8b58d4ab5d8e63274d3754df1c0ad6a22d34 \
    --hash=sha256:db9ed69dbef9715071232caa9b69c52ac7de3a95773c2db65bdba85916e4e5c0
    # via cuda-toolkit
nvidia-cusparse-cu12==12.5.8.93 ; sys_platform == 'linux' \
    --hash=sha256:1ec05d76bbbd8b61b06a80e1eaf8cf4959c3d4ce8e711b65ebd0443bb0ebb13b \
    --hash=sha256:9a33604331cb2cac199f2e7f5104dfbb8a5a898c367a53dfda9ff2acb6b6b4dd \
    --hash=sha256:9b6c161cb130be1a07a27ea6923df8141f3c295852f4b260c65f18f3e0a091dc
    # via
    #   cuda-toolkit
    #   nvidia-cusolver-cu12
nvidia-cusparselt-cu12==0.7.1 ; sys_platform == 'linux' \
    --hash=sha256:8878dce784d0fac90131b6817b607e803c36e629ba34dc5b433471382196b6a5 \
    --hash=sha256:f1bb701d6b930d5a7cea44c19ceb973311500847f81b634d802b7b539dc55623 \
    --hash=sha256:f67fbb5831940ec829c9117b7f33807db9f9678dc2a617fbe781cac17b4e1075
    # via torch
nvidia-nccl-cu12==2.28.9 ; sys_platform == 'linux' \
    --hash=sha256:485776daa8447da5da39681af455aa3b2c2586ddcf4af8772495e7c532c7e5ab \
    --hash=sha256:50a36e01c4a090b9f9c47d92cec54964de6b9fcb3362d0e19b8ffc6323c21b60
    # via torch
nvidia-nvjitlink-cu12==12.8.93 ; sys_platform == 'linux' \
    --hash=sha256:81ff63371a7ebd6e6451970684f916be2eab07321b73c9d244dc2b4da7f73b88 \
    --hash=sha256:adccd7161ace7261e01bb91e44e88da350895c270d23f744f0820c818b7229e7 \
    --hash=sha256:bd93fbeeee850917903583587f4fc3a4eafa022e34572251368238ab5e6bd67f
    # via
    #   cuda-toolkit
    #   nvidia-cufft-cu12
    #   nvidia-cusolver-cu12
    #   nvidia-cusparse-cu12
nvidia-nvshmem-cu12==3.4.5 ; sys_platform == 'linux' \
    --hash=sha256:042f2500f24c021db8a06c5eec2539027d57460e1c1a762055a6554f72c369bd \
    --hash=sha256:0b48363fc6964dede448029434c6abed6c5e37f823cb43c3bcde7ecfc0457e15
    # via torch
nvidia-nvtx-cu12==12.8.90 ; sys_platform == 'linux' \
    --hash=sha256:5b17e2001cc0d751a5bc2c6ec6d26ad95913324a4adb86788c944f8ce9ba441f \
    --hash=sha256:619c8304aedc69f02ea82dd244541a83c3d9d40993381b3b590f1adaed3db41e \
    --hash=sha256:d7ad891da111ebafbf7e015d34879f7112832fc239ff0d7d776b6cb685274615
    # via cuda-toolkit
packaging==26.1 \
    --hash=sha256:5d9c0669c6285e491e0ced2eee587eaf67b670d94a19e94e3984a481aba6802f \
    --hash=sha256:f042152b681c4bfac5cae2742a55e103d27ab2ec0f3d88037136b6bfe7c9c5de
    # via tensorboard
pillow==11.3.0 \
    --hash=sha256:023f6d2d11784a465f09fd09a34b150ea4672e85fb3d05931d89f373ab14abb2 \
    --hash=sha256:02a723e6bf909e7cea0dac1b0e0310be9d7650cd66222a5f1c571455c0a45214 \
    --hash=sha256:040a5b691b0713e1f6cbe222e0f4f74cd233421e105850ae3b3c0ceda520f42e \
    --hash=sha256:05f6ecbeff5005399bb48d198f098a9b4b6bdf27b8487c7f38ca16eeb070cd59 \
    --hash=sha256:068d9c39a2d1b358eb9f245ce7ab1b5c3246c7c8c7d9ba58cfa5b43146c06e50 \
    --hash=sha256:0743841cabd3dba6a83f38a92672cccbd69af56e3e91777b0ee7f4dba4385632 \
    --hash=sha256:092c80c76635f5ecb10f3f83d76716165c96f5229addbd1ec2bdbbda7d496e06 \
    --hash=sha256:0b275ff9b04df7b640c59ec5a3cb113eefd3795a8df80bac69646ef699c6981a \
    --hash=sha256:0bce5c4fd0921f99d2e858dc4d4d64193407e1b99478bc5cacecba2311abde51 \
    --hash=sha256:1019b04af07fc0163e2810167918cb5add8d74674b6267616021ab558dc98ced \
    --hash=sha256:106064daa23a745510dabce1d84f29137a37224831d88eb4ce94bb187b1d7e5f \
    --hash=sha256:118ca10c0d60b06d006be10a501fd6bbdfef559251ed31b794668ed569c87e12 \
    --hash=sha256:13f87d581e71d9189ab21fe0efb5a23e9f28552d5be6979e84001d3b8505abe8 \
    --hash=sha256:155658efb5e044669c08896c0c44231c5e9abcaadbc5cd3648df2f7c0b96b9a6 \
    --hash=sha256:1904e1264881f682f02b7f8167935cce37bc97db457f8e7849dc3a6a52b99580 \
    --hash=sha256:19d2ff547c75b8e3ff46f4d9ef969a06c30ab2d4263a9e287733aa8b2429ce8f \
    --hash=sha256:1a992e86b0dd7aeb1f053cd506508c0999d710a8f07b4c791c63843fc6a807ac \
    --hash=sha256:1b9c17fd4ace828b3003dfd1e30bff24863e0eb59b535e8f80194d9cc7ecf860 \
    --hash=sha256:1c627742b539bba4309df89171356fcb3cc5a9178355b2727d1b74a6cf155fbd \
    --hash=sha256:1cd110edf822773368b396281a2293aeb91c90a2db00d78ea43e7e861631b722 \
    --hash=sha256:1f85acb69adf2aaee8b7da124efebbdb959a104db34d3a2cb0f3793dbae422a8 \
    --hash=sha256:23cff760a9049c502721bdb743a7cb3e03365fafcdfc2ef9784610714166e5a4 \
    --hash=sha256:2465a69cf967b8b49ee1b96d76718cd98c4e925414ead59fdf75cf0fd07df673 \
    --hash=sha256:2a3117c06b8fb646639dce83694f2f9eac405472713fcb1ae887469c0d4f6788 \
    --hash=sha256:2aceea54f957dd4448264f9bf40875da0415c83eb85f55069d89c0ed436e3542 \
    --hash=sha256:2d6fcc902a24ac74495df63faad1884282239265c6839a0a6416d33faedfae7e \
    --hash=sha256:30807c931ff7c095620fe04448e2c2fc673fcbb1ffe2a7da3fb39613489b1ddd \
    --hash=sha256:30b7c02f3899d10f13d7a48163c8969e4e653f8b43416d23d13d1bbfdc93b9f8 \
    --hash=sha256:3828ee7586cd0b2091b6209e5ad53e20d0649bbe87164a459d0676e035e8f523 \
    --hash=sha256:3cee80663f29e3843b68199b9d6f4f54bd1d4a6b59bdd91bceefc51238bcb967 \
    --hash=sha256:3e184b2f26ff146363dd07bde8b711833d7b0202e27d13540bfe2e35a323a809 \
    --hash=sha256:41342b64afeba938edb034d122b2dda5db2139b9a4af999729ba8818e0056477 \
    --hash=sha256:41742638139424703b4d01665b807c6468e23e699e8e90cffefe291c5832b027 \
    --hash=sha256:4445fa62e15936a028672fd48c4c11a66d641d2c05726c7ec1f8ba6a572036ae \
    --hash=sha256:45dfc51ac5975b938e9809451c51734124e73b04d0f0ac621649821a63852e7b \
    --hash=sha256:465b9e8844e3c3519a983d58b80be3f668e2a7a5db97f2784e7079fbc9f9822c \
    --hash=sha256:48d254f8a4c776de343051023eb61ffe818299eeac478da55227d96e241de53f \
    --hash=sha256:4c834a3921375c48ee6b9624061076bc0a32a60b5532b322cc0ea64e639dd50e \
    --hash=sha256:4c96f993ab8c98460cd0c001447bff6194403e8b1d7e149ade5f00594918128b \
    --hash=sha256:504b6f59505f08ae014f724b6207ff6222662aab5cc9542577fb084ed0676ac7 \
    --hash=sha256:527b37216b6ac3a12d7838dc3bd75208ec57c1c6d11ef01902266a5a0c14fc27 \
    --hash=sha256:5418b53c0d59b3824d05e029669efa023bbef0f3e92e75ec8428f3799487f361 \
    --hash=sha256:59a03cdf019efbfeeed910bf79c7c93255c3d54bc45898ac2a4140071b02b4ae \
    --hash=sha256:5e05688ccef30ea69b9317a9ead994b93975104a677a36a8ed8106be9260aa6d \
    --hash=sha256:6359a3bc43f57d5b375d1ad54a0074318a0844d11b76abccf478c37c986d3cfc \
    --hash=sha256:643f189248837533073c405ec2f0bb250ba54598cf80e8c1e043381a60632f58 \
    --hash=sha256:65dc69160114cdd0ca0f35cb434633c75e8e7fad4cf855177a05bf38678f73ad \
    --hash=sha256:67172f2944ebba3d4a7b54f2e95c786a3a50c21b88456329314caaa28cda70f6 \
    --hash=sha256:676b2815362456b5b3216b4fd5bd89d362100dc6f4945154ff172e206a22c024 \
    --hash=sha256:6a418691000f2a418c9135a7cf0d797c1bb7d9a485e61fe8e7722845b95ef978 \
    --hash=sha256:6abdbfd3aea42be05702a8dd98832329c167ee84400a1d1f61ab11437f1717eb \
    --hash=sha256:6be31e3fc9a621e071bc17bb7de63b85cbe0bfae91bb0363c893cbe67247780d \
    --hash=sha256:7107195ddc914f656c7fc8e4a5e1c25f32e9236ea3ea860f257b0436011fddd0 \
    --hash=sha256:71f511f6b3b91dd543282477be45a033e4845a40278fa8dcdbfdb07109bf18f9 \
    --hash=sha256:7859a4cc7c9295f5838015d8cc0a9c215b77e43d07a25e460f35cf516df8626f \
    --hash=sha256:7966e38dcd0fa11ca390aed7c6f20454443581d758242023cf36fcb319b1a874 \
    --hash=sha256:79ea0d14d3ebad43ec77ad5272e6ff9bba5b679ef73375ea760261207fa8e0aa \
    --hash=sha256:7aee118e30a4cf54fdd873bd3a29de51e29105ab11f9aad8c32123f58c8f8081 \
    --hash=sha256:7b161756381f0918e05e7cb8a371fff367e807770f8fe92ecb20d905d0e1c149 \
    --hash=sha256:7c8ec7a017ad1bd562f93dbd8505763e688d388cde6e4a010ae1486916e713e6 \
    --hash=sha256:7d1aa4de119a0ecac0a34a9c8bde33f34022e2e8f99104e47a3ca392fd60e37d \
    --hash=sha256:7db51d222548ccfd274e4572fdbf3e810a5e66b00608862f947b163e613b67dd \
    --hash=sha256:819931d25e57b513242859ce1876c58c59dc31587847bf74cfe06b2e0cb22d2f \
    --hash=sha256:83e1b0161c9d148125083a35c1c5a89db5b7054834fd4387499e06552035236c \
    --hash=sha256:857844335c95bea93fb39e0fa2726b4d9d758850b34075a7e3ff4f4fa3aa3b31 \
    --hash=sha256:8797edc41f3e8536ae4b10897ee2f637235c94f27404cac7297f7b607dd0716e \
    --hash=sha256:8924748b688aa210d79883357d102cd64690e56b923a186f35a82cbc10f997db \
    --hash=sha256:89bd777bc6624fe4115e9fac3352c79ed60f3bb18651420635f26e643e3dd1f6 \
    --hash=sha256:8dc70ca24c110503e16918a658b869019126ecfe03109b754c402daff12b3d9f \
    --hash=sha256:91da1d88226663594e3f6b4b8c3c8d85bd504117d043740a8e0ec449087cc494 \
    --hash=sha256:921bd305b10e82b4d1f5e802b6850677f965d8394203d182f078873851dada69 \
    --hash=sha256:932c754c2d51ad2b2271fd01c3d121daaa35e27efae2a616f77bf164bc0b3e94 \
    --hash=sha256:93efb0b4de7e340d99057415c749175e24c8864302369e05914682ba642e5d77 \
    --hash=sha256:97afb3a00b65cc0804d1c7abddbf090a81eaac02768af58cbdcaaa0a931e0b6d \
    --hash=sha256:97f07ed9f56a3b9b5f49d3661dc9607484e85c67e27f3e8be2c7d28ca032fec7 \
    --hash=sha256:98a9afa7b9007c67ed84c57c9e0ad86a6000da96eaa638e4f8abe5b65ff83f0a \
    --hash=sha256:9ab6ae226de48019caa8074894544af5b53a117ccb9d3b3dcb2871464c829438 \
    --hash=sha256:9c412fddd1b77a75aa904615ebaa6001f169b26fd467b4be93aded278266b288 \
    --hash=sha256:a1bc6ba083b145187f648b667e05a2534ecc4b9f2784c2cbe3089e44868f2b9b \
    --hash=sha256:a418486160228f64dd9e9efcd132679b7a02a5f22c982c78b6fc7dab3fefb635 \
    --hash=sha256:a4d336baed65d50d37b88ca5b60c0fa9d81e3a87d4a7930d3880d1624d5b31f3 \
    --hash=sha256:a6444696fce635783440b7f7a9fc24b3ad10a9ea3f0ab66c5905be1c19ccf17d \
    --hash=sha256:a7bc6e6fd0395bc052f16b1a8670859964dbd7003bd0af2ff08342eb6e442cfe \
    --hash=sha256:b4b8f3efc8d530a1544e5962bd6b403d5f7fe8b9e08227c6b255f98ad82b4ba0 \
    --hash=sha256:b5f56c3f344f2ccaf0dd875d3e180f631dc60a51b314295a3e681fe8cf851fbe \
    --hash=sha256:be5463ac478b623b9dd3937afd7fb7ab3d79dd290a28e2b6df292dc75063eb8a \
    --hash=sha256:c37d8ba9411d6003bba9e518db0db0c58a680ab9fe5179f040b0463644bc9805 \
    --hash=sha256:c84d689db21a1c397d001aa08241044aa2069e7587b398c8cc63020390b1c1b8 \
    --hash=sha256:c96d333dcf42d01f47b37e0979b6bd73ec91eae18614864622d9b87bbd5bbf36 \
    --hash=sha256:cadc9e0ea0a2431124cde7e1697106471fc4c1da01530e679b2391c37d3fbb3a \
    --hash=sha256:cc3e831b563b3114baac7ec2ee86819eb03caa1a2cef0b481a5675b59c4fe23b \
    --hash=sha256:cd8ff254faf15591e724dc7c4ddb6bf4793efcbe13802a4ae3e863cd300b493e \
    --hash=sha256:d000f46e2917c705e9fb93a3606ee4a819d1e3aa7a9b442f6444f07e77cf5e25 \
    --hash=sha256:d9da3df5f9ea2a89b81bb6087177fb1f4d1c7146d583a3fe5c672c0d94e55e12 \
    --hash=sha256:e5c5858ad8ec655450a7c7df532e9842cf8df7cc349df7225c60d5d348c8aada \
    --hash=sha256:e67d793d180c9df62f1f40aee3accca4829d3794c95098887edc18af4b8b780c \
    --hash=sha256:ea944117a7974ae78059fcc1800e5d3295172bb97035c0c1d9345fca1419da71 \
    --hash=sha256:eb76541cba2f958032d79d143b98a3a6b3ea87f0959bbe256c0b5e416599fd5d \
    --hash=sha256:ec1ee50470b0d050984394423d96325b744d55c701a439d2bd66089bff963d3c \
    --hash=sha256:ee92f2fd10f4adc4b43d07ec5e779932b4eb3dbfbc34790ada5a6669bc095aa6 \
    --hash=sha256:f0f5d8f4a08090c6d6d578351a2b91acf519a54986c055af27e7a93feae6d3f1 \
    --hash=sha256:f1f182ebd2303acf8c380a54f615ec883322593320a9b00438eb842c1f37ae50 \
    --hash=sha256:f8a5827f84d973d8636e9dc5764af4f0cf2318d26744b3d902931701b0d46653 \
    --hash=sha256:f944255db153ebb2b19c51fe85dd99ef0ce494123f21b9db4877ffdfc5590c7c \
    --hash=sha256:fdae223722da47b024b867c1ea0be64e0df702c5e0a60e27daad39bf960dd1e4 \
    --hash=sha256:fe27fb049cdcca11f11a7bfda64043c37b30e6b91f10cb5bab275806c32f6ab3
    # via
    #   tensorboard
    #   torchvision
protobuf==6.33.6 \
    --hash=sha256:0cd27b587afca21b7cfa59a74dcbd48a50f0a6400cfb59391340ad729d91d326 \
    --hash=sha256:77179e006c476e69bf8e8ce866640091ec42e1beb80b213c3900006ecfba6901 \
    --hash=sha256:7d29d9b65f8afef196f8334e80d6bc1d5d4adedb449971fefd3723824e6e77d3 \
    --hash=sha256:9720e6961b251bde64edfdab7d500725a2af5280f3f4c87e57c0208376aa8c3a \
    --hash=sha256:a6768d25248312c297558af96a9f9c929e8c4cee0659cb07e780731095f38135 \
    --hash=sha256:bd56799fb262994b2c2faa1799693c95cc2e22c62f56fb43af311cae45d26f0e \
    --hash=sha256:c96c37eec15086b79762ed265d59ab204dabc53056e3443e702d2681f4b39ce3 \
    --hash=sha256:e2afbae9b8e1825e3529f88d514754e094278bb95eadc0e199751cdd9a2e82a2 \
    --hash=sha256:e9db7e292e0ab79dd108d7f1a94fe31601ce1ee3f7b79e0692043423020b0593 \
    --hash=sha256:f443a394af5ed23672bc6c486be138628fbe5c651ccbc536873d7da23d1868cf
    # via tensorboard
scikit-learn==1.7.2 \
    --hash=sha256:0486c8f827c2e7b64837c731c8feff72c0bd2b998067a8a9cbc10643c31f0fe1 \
    --hash=sha256:0b7dacaa05e5d76759fb071558a8b5130f4845166d88654a0f9bdf3eb57851b7 \
    --hash=sha256:191e5550980d45449126e23ed1d5e9e24b2c68329ee1f691a3987476e115e09c \
    --hash=sha256:20e9e49ecd130598f1ca38a1d85090e1a600147b9c02fa6f15d69cb53d968fda \
    --hash=sha256:2a41e2a0ef45063e654152ec9d8bcfc39f7afce35b08902bfe290c2498a67a6a \
    --hash=sha256:36749fb62b3d961b1ce4fedf08fa57a1986cd409eff2d783bca5d4b9b5fce51c \
    --hash=sha256:4a847fea807e278f821a0406ca01e387f97653e284ecbd9750e3ee7c90347f18 \
    --hash=sha256:502c18e39849c0ea1a5d681af1dbcf15f6cce601aebb657aabbfe84133c1907f \
    --hash=sha256:57dc4deb1d3762c75d685507fbd0bc17160144b2f2ba4ccea5dc285ab0d0e973 \
    --hash=sha256:6088aa475f0785e01bcf8529f55280a3d7d298679f50c0bb70a2364a82d0b290 \
    --hash=sha256:63a9afd6f7b229aad94618c01c252ce9e6fa97918c5ca19c9a17a087d819440c \
    --hash=sha256:6b33579c10a3081d076ab403df4a4190da4f4432d443521674637677dc91e61f \
    --hash=sha256:7a4c328a71785382fe3fe676a9ecf2c86189249beff90bf85e22bdb7efaf9ae0 \
    --hash=sha256:7a58814265dfc52b3295b1900cfb5701589d30a8bb026c7540f1e9d3499d5ec8 \
    --hash=sha256:89877e19a80c7b11a2891a27c21c4894fb18e2c2e077815bcade10d34287b20d \
    --hash=sha256:8d91a97fa2b706943822398ab943cde71858a50245e31bc71dba62aab1d60a96 \
    --hash=sha256:8da8bf89d4d79aaec192d2bda62f9b56ae4e5b4ef93b6a56b5de4977e375c1f1 \
    --hash=sha256:9656e4a53e54578ad10a434dc1f993330568cfee176dff07112b8785fb413106 \
    --hash=sha256:96dc05a854add0e50d3f47a1ef21a10a595016da5b007c7d9cd9d0bffd1fcc61 \
    --hash=sha256:98335fb98509b73385b3ab2bd0639b1f610541d3988ee675c670371d6a87aa7c \
    --hash=sha256:9acb6c5e867447b4e1390930e3944a005e2cb115922e693c08a323421a6966e8 \
    --hash=sha256:9b7ed8d58725030568523e937c43e56bc01cadb478fc43c042a9aca1dacb3ba1 \
    --hash=sha256:abebbd61ad9e1deed54cca45caea8ad5f79e1b93173dece40bb8e0c658dbe6fe \
    --hash=sha256:acbc0f5fd2edd3432a22c69bed78e837c70cf896cd7993d71d51ba6708507476 \
    --hash=sha256:b4d6e9deed1a47aca9fe2f267ab8e8fe82ee20b4526b2c0cd9e135cea10feb44 \
    --hash=sha256:bb24510ed3f9f61476181e4db51ce801e2ba37541def12dc9333b946fc7a9cf8 \
    --hash=sha256:c7509693451651cd7361d30ce4e86a1347493554f172b1c72a39300fa2aea79e \
    --hash=sha256:ca250e6836d10e6f402436d6463d6c0e4d8e0234cfb6a9a47835bd392b852ce5 \
    --hash=sha256:e5bf3d930aee75a65478df91ac1225ff89cd28e9ac7bd1196853a9229b6adb0b \
    --hash=sha256:f95dc55b7902b91331fa4e5845dd5bde0580c9cd9612b1b2791b7e80c3d32615 \
    --hash=sha256:fa8f63940e29c82d1e67a45d5297bdebbcb585f5a5a50c4914cc2e852ab77f33
    # via bayesian-optimization
scipy==1.17.1 \
    --hash=sha256:010f4333c96c9bb1a4516269e33cb5917b08ef2166d5556ca2fd9f082a9e6ea0 \
    --hash=sha256:02ae3b274fde71c5e92ac4d54bc06c42d80e399fec704383dcd99b301df37458 \
    --hash=sha256:08b900519463543aa604a06bec02461558a6e1cef8fdbb8098f77a48a83c8118 \
    --hash=sha256:131f5aaea57602008f9822e2115029b55d4b5f7c070287699fe45c661d051e39 \
    --hash=sha256:158dd96d2207e21c966063e1635b1063cd7787b627b6f07305315dd73d9c679e \
    --hash=sha256:1cc682cea2ae55524432f3cdff9e9a3be743d52a7443d0cba9017c23c87ae2f6 \
    --hash=sha256:1f95b894f13729334fb990162e911c9e5dc1ab390c58aa6cbecb389c5b5e28ec \
    --hash=sha256:200e1050faffacc162be6a486a984a0497866ec54149a01270adc8a59b7c7d21 \
    --hash=sha256:2040ad4d1795a0ae89bfc7e8429677f365d45aa9fd5e4587cf1ea737f927b4a1 \
    --hash=sha256:2b64ca7d4aee0102a97f3ba22124052b4bd2152522355073580bf4845e2550b6 \
    --hash=sha256:2ceb2d3e01c5f1d83c4189737a42d9cb2fc38a6eeed225e7515eef71ad301dce \
    --hash=sha256:35c3a56d2ef83efc372eaec584314bd0ef2e2f0d2adb21c55e6ad5b344c0dcb8 \
    --hash=sha256:37425bc9175607b0268f493d79a292c39f9d001a357bebb6b88fdfaff13f6448 \
    --hash=sha256:3877ac408e14da24a6196de0ddcace62092bfc12a83823e92e49e40747e52c19 \
    --hash=sha256:3fd1fcdab3ea951b610dc4cef356d416d5802991e7e32b5254828d342f7b7e0b \
    --hash=sha256:41b71f4a3a4cab9d366cd9065b288efc4d4f3c0b37a91a8e0947fb5bd7f31d87 \
    --hash=sha256:43af8d1f3bea642559019edfe64e9b11192a8978efbd1539d7bc2aaa23d92de4 \
    --hash=sha256:45abad819184f07240d8a696117a7aacd39787af9e0b719d00285549ed19a1e9 \
    --hash=sha256:4b400bdc6f79fa02a4d86640310dde87a21fba0c979efff5248908c6f15fad1b \
    --hash=sha256:4eb6c25dd62ee8d5edf68a8e1c171dd71c292fdae95d8aeb3dd7d7de4c364082 \
    --hash=sha256:581b2264fc0aa555f3f435a5944da7504ea3a065d7029ad60e7c3d1ae09c5464 \
    --hash=sha256:5cf36e801231b6a2059bf354720274b7558746f3b1a4efb43fcf557ccd484a87 \
    --hash=sha256:5e3c5c011904115f88a39308379c17f91546f77c1667cea98739fe0fccea804c \
    --hash=sha256:6609bc224e9568f65064cfa72edc0f24ee6655b47575954ec6339534b2798369 \
    --hash=sha256:6e3dcd57ab780c741fde8dc68619de988b966db759a3c3152e8e9142c26295ad \
    --hash=sha256:6fac755ca3d2c3edcb22f479fceaa241704111414831ddd3bc6056e18516892f \
    --hash=sha256:744b2bf3640d907b79f3fd7874efe432d1cf171ee721243e350f55234b4cec4c \
    --hash=sha256:74cbb80d93260fe2ffa334efa24cb8f2f0f622a9b9febf8b483c0b865bfb3475 \
    --hash=sha256:766e0dc5a616d026a3a1cffa379af959671729083882f50307e18175797b3dfd \
    --hash=sha256:7bdf2da170b67fdf10bca777614b1c7d96ae3ca5794fd9587dce41eb2966e866 \
    --hash=sha256:7ff200bf9d24f2e4d5dc6ee8c3ac64d739d3a89e2326ba68aaf6c4a2b838fd7d \
    --hash=sha256:844e165636711ef41f80b4103ed234181646b98a53c8f05da12ca5ca289134f6 \
    --hash=sha256:8a604bae87c6195d8b1045eddece0514d041604b14f2727bbc2b3020172045eb \
    --hash=sha256:94055a11dfebe37c656e70317e1996dc197e1a15bbcc351bcdd4610e128fe1ca \
    --hash=sha256:95d8e012d8cb8816c226aef832200b1d45109ed4464303e997c5b13122b297c0 \
    --hash=sha256:9cdc1a2fcfd5c52cfb3045feb399f7b3ce822abdde3a193a6b9a60b3cb5854ca \
    --hash=sha256:9ecb4efb1cd6e8c4afea0daa91a87fbddbce1b99d2895d151596716c0b2e859d \
    --hash=sha256:a3472cfbca0a54177d0faa68f697d8ba4c80bbdc19908c3465556d9f7efce9ee \
    --hash=sha256:a4328d245944d09fd639771de275701ccadf5f781ba0ff092ad141e017eccda4 \
    --hash=sha256:a48a72c77a310327f6a3a920092fa2b8fd03d7deaa60f093038f22d98e096717 \
    --hash=sha256:a720477885a9d2411f94a93d16f9d89bad0f28ca23c3f8daa521e2dcc3f44d49 \
    --hash=sha256:a77cbd07b940d326d39a1d1b37817e2ee4d79cb30e7338f3d0cddffae70fcaa2 \
    --hash=sha256:a9956e4d4f4a301ebf6cde39850333a6b6110799d470dbbb1e25326ac447f52a \
    --hash=sha256:adb2642e060a6549c343603a3851ba76ef0b74cc8c079a9a58121c7ec9fe2350 \
    --hash=sha256:beeda3d4ae615106d7094f7e7cef6218392e4465cc95d25f900bebabfded0950 \
    --hash=sha256:c80be5ede8f3f8eded4eff73cc99a25c388ce98e555b17d31da05287015ffa5b \
    --hash=sha256:cc90d2e9c7e5c7f1a482c9875007c095c3194b1cfedca3c2f3291cdc2bc7c086 \
    --hash=sha256:cd96a1898c0a47be4520327e01f874acfd61fb48a9420f8aa9f6483412ffa444 \
    --hash=sha256:d2650c1fb97e184d12d8ba010493ee7b322864f7d3d00d3f9bb97d9c21de4068 \
    --hash=sha256:d30e57c72013c2a4fe441c2fcb8e77b14e152ad48b5464858e07e2ad9fbfceff \
    --hash=sha256:d59c30000a16d8edc7e64152e30220bfbd724c9bbb08368c054e24c651314f0a \
    --hash=sha256:dbc12c9f3d185f5c737d801da555fb74b3dcfa1a50b66a1a93e09190f41fab50 \
    --hash=sha256:e18f12c6b0bc5a592ed23d3f7b891f68fd7f8241d69b7883769eb5d5dfb52696 \
    --hash=sha256:e19ebea31758fac5893a2ac360fedd00116cbb7628e650842a6691ba7ca28a21 \
    --hash=sha256:e30bdeaa5deed6bc27b4cc490823cd0347d7dae09119b8803ae576ea0ce52e4c \
    --hash=sha256:eb092099205ef62cd1782b006658db09e2fed75bffcae7cc0d44052d8aa0f484 \
    --hash=sha256:eee2cfda04c00a857206a4330f0c5e3e56535494e30ca445eb19ec624ae75118 \
    --hash=sha256:f4115102802df98b2b0db3cce5cb9b92572633a1197c77b7553e5203f284a5b3 \
    --hash=sha256:f590cd684941912d10becc07325a3eeb77886fe981415660d9265c4c418d0bea \
    --hash=sha256:f8885db0bc2bffa59d5c1b72fad7a6a92d3e80e7257f967dd81abb553a90d293 \
    --hash=sha256:fcb310ddb270a06114bb64bbe53c94926b943f5b7f0842194d585c65eb4edd76
    # via
    #   bayesian-optimization
    #   scikit-learn
setuptools==80.9.0 \
    --hash=sha256:062d34222ad13e0cc312a4c02d73f059e86a4acbfbdea8f8f76b28c99f306922 \
    --hash=sha256:f36b47402ecde768dbfafc46e8e4207b4360c654f1f3bb84475f0a28628fb19c
    # via
    #   tensorboard
    #   torch
sympy==1.14.0 \
    --hash=sha256:d3d3fe8df1e5a0b42f0e7bdf50541697dbe7d23746e894990c030e2b05e72517 \
    --hash=sha256:e091cc3e99d2141a0ba2847328f5479b05d94a6635cb96148ccb3f34671bd8f5
    # via torch
tensorboard==2.21.0 \
    --hash=sha256:7279316dcb6bd5bc391d623dea841531299cde1887310e8133bc34a996d32255
    # via -r templates/ray-tune-train-integration/requirements.txt
tensorboard-data-server==0.7.2 \
    --hash=sha256:7e0610d205889588983836ec05dc098e80f97b7e7bbff7e994ebb78f578d0ddb \
    --hash=sha256:9fe5d24221b29625dbc7328b0436ca7fc1c23de4acf4d272f1180856e32f9f60 \
    --hash=sha256:ef687163c24185ae9754ed5650eb5bc4d84ff257aabdc33f0cc6f74d8ba54530
    # via tensorboard
threadpoolctl==3.1.0 \
    --hash=sha256:8b99adda265feb6773280df41eece7b2e6561b772d21ffd52e372f999024907b \
    --hash=sha256:a335baacfaa4400ae1f0d8e3a58d6674d2f8828e3716bb2802c44955ad391380
    # via scikit-learn
torch==2.11.0+cu128 \
    --hash=sha256:06849e9311dbb0617c97557d9c26c99a9e1c4f2ac9cb8e9b6d9b420d522acb91 \
    --hash=sha256:169a9987e1f84f0c5eee07544b3a34827a163ac9180e23abf0c3548f1335762c \
    --hash=sha256:5ac6e34681d5a0e527edb741b38254899cd03087a7dd7e841791a4ee0a5e7011 \
    --hash=sha256:6f367e62fd81b75cdf23ca4b75ced834d2db2cf98d1588ac935bde345de9de23 \
    --hash=sha256:72d53f3176a69cc20710c4ecb95f7dc4c6ba10c4e4eda45b8396ee79ee40f75a \
    --hash=sha256:74b628dbc71603977b09f4e140792c6e997081a35ef3421555f3f6e201b81210 \
    --hash=sha256:7c78215c3af4f62e63f2b2e360f1722fc719b0853c7ac22666483d9810613a4c \
    --hash=sha256:7c792fe95ad5edaf622cf9e4f5573f5aecf2bc0654c7e866eda6134088f95d72 \
    --hash=sha256:7db3580106bba044da5b8950f3fb8fe5f31999eaab3f6a3aa2ac5d202c3684d2 \
    --hash=sha256:90ef0c2454e5296a9fb021ddd42252e4ce1abe2c0a4988a173ef90a6cded0bf5 \
    --hash=sha256:9c8f38efee365cb9d334de8a83ce52fc7e5fc9e5a7b0853285efa1b69e00b0f2 \
    --hash=sha256:baa52f7b8a53cab16587b10f1c27d1000ca033f97236878b685b75d5a1b92408 \
    --hash=sha256:c2a5984deba8e001d166bf9cb83b8351f63a28b009e1a2fa0e4bbf08c90b259b \
    --hash=sha256:c9a7ca4c74fae10a58e6175b4b2cea953f9322bb6562bbf339ad6a05f52190ad \
    --hash=sha256:cd1cf1005c5fe419194ee294b7b584ba5ad0f2fb1778b3fe5a7b9c3f4617ddbc \
    --hash=sha256:d252cf975fb18c94a85336323ad425f473df56dab35a44b00399bd70c7a3b997 \
    --hash=sha256:d389a850677f0d24dafae1573644034428d8d3b9c80b51d55ba62fed7e6c8777 \
    --hash=sha256:d6c21797ff75271b4fbdd905e2d703be4ecea5ea5bbdde4d1c201e9c71bc411d \
    --hash=sha256:d76f08e212285bd84c4c5a3472417f8eb4ee72e4067a604f7508dbfa2119771f \
    --hash=sha256:d86c125d720c2c368c53bd1a4ef062916d91fa965c10448c74c78b5d039faf2d \
    --hash=sha256:db964b33c55035a72ab3e2162287af8f1cc276039c65d015740cc88c26dcedf7
    # via
    #   -r templates/ray-tune-train-integration/requirements.txt
    #   torchvision
torchvision==0.26.0+cu128 \
    --hash=sha256:0232cb219927a52d6c98ff202f32d1cdf4802c2195a85fc1f1a0c1b0b4983a4d \
    --hash=sha256:2a04bf491eb22e6487defe6cead6ffaabbce13fb5981b8eb3540050f96cb0599 \
    --hash=sha256:367d42ea703844ecdb516e9d5eb09929012a58705d2622cf4e9e3c37f278cb85 \
    --hash=sha256:6168abc019803ac9e97efce27eafd2fdb33db04dcc54a86039537729e5047b29 \
    --hash=sha256:6319e1ba49c6f62ac9902f73d0eab207b8a4dc6b4d3392fe9edd9903fff1be0a \
    --hash=sha256:63e35234aed13b6edda37056f417b5c281249669db631e706811917af36b21d7 \
    --hash=sha256:8c0d1c4fbb2c9a4d5d41d0aaa87da20e525bcb2a154ce405725b0be59456804b \
    --hash=sha256:8f2629d056570c929b0a1d5473d9cb0320b90bda1764bda353553a72cc6b2069 \
    --hash=sha256:aac647c9130f1f25f5c8f5bca3d95cfd96bdfac93ab54529690b088e64e4fa64 \
    --hash=sha256:b3865fa227661dd75b7b28c96d3d14e739bd08bf0614132758922fe0e7206f91 \
    --hash=sha256:b5772c55bfda4377df8f1930d43c4e0231ef231b0228eade4b227c8d3ba6e34e \
    --hash=sha256:c4a9cacd521f2a4df0bcd9d8e96704771b928f478f1f3067e4085bb53a1da298 \
    --hash=sha256:cb1f6184a7ba30fba40580e1a01a6604a86c55e79fdda187f40116ee680441ec \
    --hash=sha256:ccf26b4b659cfce6f2208cb8326071d51c70219a34856dfdf468d1e19af52c0d \
    --hash=sha256:d26091b15cd6e3c74c148d9b68c9a901ad6fb9b0f66fa3ea3ab09f04132a07d3 \
    --hash=sha256:e2ee9e16ee4518292694537fcbd20d2d27044e381d92b864f637e82795796a84 \
    --hash=sha256:e594732552a8c2fee2ace9c6475c6c6904fc44ccca622ee6765a89a045416a44 \
    --hash=sha256:ed0770e00b96d8aa675718e20db69c740c927f027c9c8b1330251f8a973221b6 \
    --hash=sha256:ed1324dbbbecb5a0149ed4ce8f9308465a1eef85ca2d2370dbb14805bf1c90aa \
    --hash=sha256:f160dc552a086244f7102c898f7be8ef46a41b36bce5ea80a4f2493cb30ca1fc \
    --hash=sha256:f44bfc61b9be80bcf52a762d34da363cea3125d10c01f37e271583803c7bb97b
    # via -r templates/ray-tune-train-integration/requirements.txt
triton==3.6.0 ; sys_platform == 'linux' \
    --hash=sha256:0075039ff27765480083b1a109999bf27110f3542f1f9fad95f0f9065a36da79 \
    --hash=sha256:20ed2f770f7217b8a994cba99e7cac37e7be735a3991344990b80ab4fea964c4 \
    --hash=sha256:290687f4f310ce794a07d6a43fa94dea9bda86615bf04578533378503bed715a \
    --hash=sha256:29ff9ec4c96f405bf2735c531af27f8cc2215927440e52fb1fbc8014961d5d12 \
    --hash=sha256:58d57d6796b0004076315433526fe9d4af42044d430afdee1e6cd42a76bd6d09 \
    --hash=sha256:621c0e5973d834507ec69dcf909f35f0b02c5df490fde100433cef83359b7eeb \
    --hash=sha256:6e42d084864d12b8784736fe51a0cd05f6cc56775b25c8102c9d80c421f4e298 \
    --hash=sha256:6f5928e6d44c34a97bbe164cceddc0ef2007121c89ebcfba5415cf452de7ee9f \
    --hash=sha256:72d6b3eeaa13444ca29ba65d55fc57b6411373a2b8e619f63ae5962d3d9ea249 \
    --hash=sha256:89b87d2837849a9bcd3d960ad2e3dac0345c6e1359b9859e29f68083cbda9b1d \
    --hash=sha256:a2d0b7b9b4f29ade31cf7bd7c237b50d270a2487cf943d034b307a9b3f73d9c7 \
    --hash=sha256:a619c81f8e77116b1d10aec34d62db72daa5c0fb70a6478c9afab25edb729c52 \
    --hash=sha256:b6d800bda666ebbe7ec2146e3f5eb271ee87f8fac724011dc7f25dee9bfb5f7f \
    --hash=sha256:e021e87e8f266c6f87bf379b669c43c2800aac6247bdf5d518cb553e3c403c00
    # via torch
typing-extensions==4.15.0 \
    --hash=sha256:0cea48d173cc12fa28ecabc3b837ea3cf6f38c6d1136f85cbaaf598984861466 \
    --hash=sha256:f0fa19c6845758ab08074a0cfa8b7aecb71c999ca73d62883bc25cc018c4e548
    # via
    #   grpcio
    #   torch
werkzeug==2.3.8 \
    --hash=sha256:554b257c74bbeb7a0d254160a4f8ffe185243f52a52035060b761ca62d977f03 \
    --hash=sha256:bba1f19f8ec89d4d607a3bd62f1904bd2e609472d93cd85e9d4e178f472c3748
    # via tensorboard
