--index-url https://pypi.org/simple

annotated-types==0.6.0 \
    --hash=sha256:0641064de18ba7a25dee8f96403ebc39113d0cb953a01429249d5c7564666a43 \
    --hash=sha256:563339e807e53ffd9c267e99fc6d9ea23eb8443c08f112651963e24e22f84a5d
    # via pydantic
anyio==4.12.0 \
    --hash=sha256:73c693b567b0c55130c104d0b43a9baf3aa6a31fc6110116509f27bf75e21ec0 \
    --hash=sha256:dad2376a628f98eeca4881fc56cd06affd18f659b17a747d3ff0307ced94b1bb
    # via
    #   httpx
    #   mcp
    #   sse-starlette
    #   starlette
asyncio==3.4.3 \
    --hash=sha256:83360ff8bc97980e4ff25c964c7bd3923d333d177aa4f7fb736b019f26c7cb41 \
    --hash=sha256:b62c9157d36187eca799c378e572c969f0da87cd5fc42ca372d92cdb06e7e1de \
    --hash=sha256:c46a87b48213d7464f22d9a497b9eef8c1928b68320a2fa94240f969f6fec08c \
    --hash=sha256:c4d18b22701821de07bd6aea8b53d21449ec0ec5680645e5317062ea21817d2d
    # via -r templates/mcp-ray-serve/requirements.txt
attrs==25.1.0 \
    --hash=sha256:1c97078a80c814273a76b2a298a932eb681c87415c11dee0a6921de7f1b02c3e \
    --hash=sha256:c75a69e28a550a7e93789579c22aa26b0f5b83b75dc4e08fe092980051e1090a
    # via
    #   jsonschema
    #   referencing
certifi==2025.1.31 \
    --hash=sha256:3d5da6925056f6f18f119200434a4780a94263f10d1c21d032a6f6b2baa20651 \
    --hash=sha256:ca78db4565a652026a4db2bcdf68f2fb589ea80d0be70e03929ed730746b84fe
    # via
    #   httpcore
    #   httpx
click==8.1.7 ; sys_platform != 'emscripten' \
    --hash=sha256:ae74fb96c20a0277a1d615f1e4d73c8414f5a98db8b799a7931d1582f3390c28 \
    --hash=sha256:ca9853ad459e787e2192211578cc907e7594e294c7ccc834310722b41b9ca6de
    # via uvicorn
h11==0.16.0 \
    --hash=sha256:4e35b956cf45792e4caa5885e69fba00bdbc6ffafbfa020300e549b208ee5ff1 \
    --hash=sha256:63cf8bbe7522de3bf65932fda1d9c2772064ffb3dae62d55932da54b31cb6c86
    # via
    #   httpcore
    #   uvicorn
httpcore==1.0.9 \
    --hash=sha256:2d400746a40668fc9dec9810239072b40b4484b640a8c38fd654a024c7a1bf55 \
    --hash=sha256:6e34463af53fd2ab5d807f399a9b45ea31c3dfa2276f15a2c3f00afff6e176e8
    # via httpx
httpx==0.28.1 \
    --hash=sha256:75e98c5f16b0f35b567856f597f06ff2270a374470a5c2392242528e3e3e42fc \
    --hash=sha256:d909fcccc110f8c7faf814ca82a9a4d816bc5a6dbfea25d6591d6985b8ba59ad
    # via mcp
httpx-sse==0.4.3 \
    --hash=sha256:0ac1c9fe3c0afad2e0ebb25a934a59f4c7823b60792691f779fad2c5568830fc \
    --hash=sha256:9b1ed0127459a66014aec3c56bebd93da3c1bc8bb6618c8082039a44889a755d
    # via mcp
idna==3.7 \
    --hash=sha256:028ff3aadf0609c1fd278d8ea3089299412a7a8b9bd005dd08b9f8285bcb5cfc \
    --hash=sha256:82fee1fc78add43492d3a1898bfa6d8a904cc97d8427f683ed8e798d07761aa0
    # via
    #   anyio
    #   httpx
jsonschema==4.23.0 \
    --hash=sha256:d71497fef26351a33265337fa77ffeb82423f3ea21283cd9467bb03999266bc4 \
    --hash=sha256:fbadb6f8b144a8f8cf9f0b89ba94501d143e50411a1278633f56a7acf7fd5566
    # via mcp
jsonschema-specifications==2024.10.1 \
    --hash=sha256:0f38b83639958ce1152d02a7f062902c41c8fd20d558b0c34344292d417ae272 \
    --hash=sha256:a09a0680616357d9a0ecf05c12ad234479f549239d0f5b55f3deea67475da9bf
    # via jsonschema
mcp==1.11.0 \
    --hash=sha256:49a213df56bb9472ff83b3132a4825f5c8f5b120a90246f08b0dac6bedac44c8 \
    --hash=sha256:58deac37f7483e4b338524b98bc949b7c2b7c33d978f5fafab5bde041c5e2595
    # via -r templates/mcp-ray-serve/requirements.txt
pydantic==2.12.4 \
    --hash=sha256:0f8cb9555000a4b5b617f66bfd2566264c4984b27589d3b845685983e8ea85ac \
    --hash=sha256:92d3d202a745d46f9be6df459ac5a064fdaa3c1c4cd8adcfa332ccf3c05f871e
    # via
    #   -r templates/mcp-ray-serve/requirements.txt
    #   mcp
    #   pydantic-settings
pydantic-core==2.41.5 \
    --hash=sha256:0177272f88ab8312479336e1d777f6b124537d47f2123f89cb37e0accea97f90 \
    --hash=sha256:01a3d0ab748ee531f4ea6c3e48ad9dac84ddba4b0d82291f87248f2f9de8d740 \
    --hash=sha256:0384e2e1021894b1ff5a786dbf94771e2986ebe2869533874d7e43bc79c6f504 \
    --hash=sha256:03b77d184b9eb40240ae9fd676ca364ce1085f203e1b1256f8ab9984dca80a84 \
    --hash=sha256:03ca43e12fab6023fc79d28ca6b39b05f794ad08ec2feccc59a339b02f2b3d33 \
    --hash=sha256:05a2c8852530ad2812cb7914dc61a1125dc4e06252ee98e5638a12da6cc6fb6c \
    --hash=sha256:070259a8818988b9a84a449a2a7337c7f430a22acc0859c6b110aa7212a6d9c0 \
    --hash=sha256:08daa51ea16ad373ffd5e7606252cc32f07bc72b28284b6bc9c6df804816476e \
    --hash=sha256:0cbaad15cb0c90aa221d43c00e77bb33c93e8d36e0bf74760cd00e732d10a6a0 \
    --hash=sha256:100baa204bb412b74fe285fb0f3a385256dad1d1879f0a5cb1499ed2e83d132a \
    --hash=sha256:112e305c3314f40c93998e567879e887a3160bb8689ef3d2c04b6cc62c33ac34 \
    --hash=sha256:16f80f7abe3351f8ea6858914ddc8c77e02578544a0ebc15b4c2e1a0e813b0b2 \
    --hash=sha256:1746d4a3d9a794cacae06a5eaaccb4b8643a131d45fbc9af23e353dc0a5ba5c3 \
    --hash=sha256:1962293292865bca8e54702b08a4f26da73adc83dd1fcf26fbc875b35d81c815 \
    --hash=sha256:1d1d9764366c73f996edd17abb6d9d7649a7eb690006ab6adbda117717099b14 \
    --hash=sha256:1f8d33a7f4d5a7889e60dc39856d76d09333d8a6ed0f5f1190635cbec70ec4ba \
    --hash=sha256:22f0fb8c1c583a3b6f24df2470833b40207e907b90c928cc8d3594b76f874375 \
    --hash=sha256:239edca560d05757817c13dc17c50766136d21f7cd0fac50295499ae24f90fdf \
    --hash=sha256:242a206cd0318f95cd21bdacff3fcc3aab23e79bba5cac3db5a841c9ef9c6963 \
    --hash=sha256:25e1c2af0fce638d5f1988b686f3b3ea8cd7de5f244ca147c777769e798a9cd1 \
    --hash=sha256:266fb4cbf5e3cbd0b53669a6d1b039c45e3ce651fd5442eff4d07c2cc8d66808 \
    --hash=sha256:2782c870e99878c634505236d81e5443092fba820f0373997ff75f90f68cd553 \
    --hash=sha256:287dad91cfb551c363dc62899a80e9e14da1f0e2b6ebde82c806612ca2a13ef1 \
    --hash=sha256:29452c56df2ed968d18d7e21f4ab0ac55e71dc59524872f6fc57dcf4a3249ed2 \
    --hash=sha256:299e0a22e7ae2b85c1a57f104538b2656e8ab1873511fd718a1c1c6f149b77b5 \
    --hash=sha256:2a5e06546e19f24c6a96a129142a75cee553cc018ffee48a460059b1185f4470 \
    --hash=sha256:2b761d210c9ea91feda40d25b4efe82a1707da2ef62901466a42492c028553a2 \
    --hash=sha256:2c010c6ded393148374c0f6f0bf89d206bf3217f201faa0635dcd56bd1520f6b \
    --hash=sha256:2ff4321e56e879ee8d2a879501c8e469414d948f4aba74a2d4593184eb326660 \
    --hash=sha256:3006c3dd9ba34b0c094c544c6006cc79e87d8612999f1a5d43b769b89181f23c \
    --hash=sha256:33cb885e759a705b426baada1fe68cbb0a2e68e34c5d0d0289a364cf01709093 \
    --hash=sha256:346285d28e4c8017da95144c7f3acd42740d637ff41946af5ce6e5e420502dd5 \
    --hash=sha256:34a64bc3441dc1213096a20fe27e8e128bd3ff89921706e83c0b1ac971276594 \
    --hash=sha256:35b44f37a3199f771c3eaa53051bc8a70cd7b54f333531c59e29fd4db5d15008 \
    --hash=sha256:378bec5c66998815d224c9ca994f1e14c0c21cb95d2f52b6021cc0b2a58f2a5a \
    --hash=sha256:3f37a19d7ebcdd20b96485056ba9e8b304e27d9904d233d7b1015db320e51f0a \
    --hash=sha256:3f84d5c1b4ab906093bdc1ff10484838aca54ef08de4afa9de0f5f14d69639cd \
    --hash=sha256:4009935984bd36bd2c774e13f9a09563ce8de4abaa7226f5108262fa3e637284 \
    --hash=sha256:406bf18d345822d6c21366031003612b9c77b3e29ffdb0f612367352aab7d586 \
    --hash=sha256:4819fa52133c9aa3c387b3328f25c1facc356491e6135b459f1de698ff64d869 \
    --hash=sha256:482c982f814460eabe1d3bb0adfdc583387bd4691ef00b90575ca0d2b6fe2294 \
    --hash=sha256:4bc36bbc0b7584de96561184ad7f012478987882ebf9f9c389b23f432ea3d90f \
    --hash=sha256:506d766a8727beef16b7adaeb8ee6217c64fc813646b424d0804d67c16eddb66 \
    --hash=sha256:56121965f7a4dc965bff783d70b907ddf3d57f6eba29b6d2e5dabfaf07799c51 \
    --hash=sha256:58133647260ea01e4d0500089a8c4f07bd7aa6ce109682b1426394988d8aaacc \
    --hash=sha256:5921a4d3ca3aee735d9fd163808f5e8dd6c6972101e4adbda9a4667908849b97 \
    --hash=sha256:5a4e67afbc95fa5c34cf27d9089bca7fcab4e51e57278d710320a70b956d1b9a \
    --hash=sha256:5cb1b2f9742240e4bb26b652a5aeb840aa4b417c7748b6f8387927bc6e45e40d \
    --hash=sha256:62de39db01b8d593e45871af2af9e497295db8d73b085f6bfd0b18c83c70a8f9 \
    --hash=sha256:634e8609e89ceecea15e2d61bc9ac3718caaaa71963717bf3c8f38bfde64242c \
    --hash=sha256:63510af5e38f8955b8ee5687740d6ebf7c2a0886d15a6d65c32814613681bc07 \
    --hash=sha256:650ae77860b45cfa6e2cdafc42618ceafab3a2d9a3811fcfbd3bbf8ac3c40d36 \
    --hash=sha256:6561e94ba9dacc9c61bce40e2d6bdc3bfaa0259d3ff36ace3b1e6901936d2e3e \
    --hash=sha256:65840751b72fbfd82c3c640cff9284545342a4f1eb1586ad0636955b261b0b05 \
    --hash=sha256:6cb58b9c66f7e4179a2d5e0f849c48eff5c1fca560994d6eb6543abf955a149e \
    --hash=sha256:6f52298fbd394f9ed112d56f3d11aabd0d5bd27beb3084cc3d8ad069483b8941 \
    --hash=sha256:707625ef0983fcfb461acfaf14de2067c5942c6bb0f3b4c99158bed6fedd3cf3 \
    --hash=sha256:72f6c8b11857a856bcfa48c86f5368439f74453563f951e473514579d44aa612 \
    --hash=sha256:753e230374206729bf0a807954bcc6c150d3743928a73faffee51ac6557a03c3 \
    --hash=sha256:76d0819de158cd855d1cbb8fcafdf6f5cf1eb8e470abe056d5d161106e38062b \
    --hash=sha256:76ee27c6e9c7f16f47db7a94157112a2f3a00e958bc626e2f4ee8bec5c328fbe \
    --hash=sha256:77b63866ca88d804225eaa4af3e664c5faf3568cea95360d21f4725ab6e07146 \
    --hash=sha256:79ec52ec461e99e13791ec6508c722742ad745571f234ea6255bed38c6480f11 \
    --hash=sha256:7b93a4d08587e2b7e7882de461e82b6ed76d9026ce91ca7915e740ecc7855f60 \
    --hash=sha256:7da7087d756b19037bc2c06edc6c170eeef3c3bafcb8f532ff17d64dc427adfd \
    --hash=sha256:7f3bf998340c6d4b0c9a2f02d6a400e51f123b59565d74dc60d252ce888c260b \
    --hash=sha256:80aa89cad80b32a912a65332f64a4450ed00966111b6615ca6816153d3585a8c \
    --hash=sha256:8566def80554c3faa0e65ac30ab0932b9e3a5cd7f8323764303d468e5c37595a \
    --hash=sha256:873e0d5b4fb9b89ef7c2d2a963ea7d02879d9da0da8d9d4933dee8ee86a8b460 \
    --hash=sha256:88942d3a3dff3afc8288c21e565e476fc278902ae4d6d134f1eeda118cc830b1 \
    --hash=sha256:8bfeaf8735be79f225f3fefab7f941c712aaca36f1128c9d7e2352ee1aa87bdf \
    --hash=sha256:8e7c86f27c585ef37c35e56a96363ab8de4e549a95512445b85c96d3e2f7c1bf \
    --hash=sha256:915c3d10f81bec3a74fbd4faebe8391013ba61e5a1a8d48c4455b923bdda7858 \
    --hash=sha256:93e8740d7503eb008aa2df04d3b9735f845d43ae845e6dcd2be0b55a2da43cd2 \
    --hash=sha256:941103c9be18ac8daf7b7adca8228f8ed6bb7a1849020f643b3a14d15b1924d9 \
    --hash=sha256:97aeba56665b4c3235a0e52b2c2f5ae9cd071b8a8310ad27bddb3f7fb30e9aa2 \
    --hash=sha256:a39455728aabd58ceabb03c90e12f71fd30fa69615760a075b9fec596456ccc3 \
    --hash=sha256:a3a52f6156e73e7ccb0f8cced536adccb7042be67cb45f9562e12b319c119da6 \
    --hash=sha256:a668ce24de96165bb239160b3d854943128f4334822900534f2fe947930e5770 \
    --hash=sha256:a75dafbf87d6276ddc5b2bf6fae5254e3d0876b626eb24969a574fff9149ee5d \
    --hash=sha256:aabf5777b5c8ca26f7824cb4a120a740c9588ed58df9b2d196ce92fba42ff8dc \
    --hash=sha256:aec5cf2fd867b4ff45b9959f8b20ea3993fc93e63c7363fe6851424c8a7e7c23 \
    --hash=sha256:b2379fa7ed44ddecb5bfe4e48577d752db9fc10be00a6b7446e9663ba143de26 \
    --hash=sha256:b4ececa40ac28afa90871c2cc2b9ffd2ff0bf749380fbdf57d165fd23da353aa \
    --hash=sha256:b5819cd790dbf0c5eb9f82c73c16b39a65dd6dd4d1439dcdea7816ec9adddab8 \
    --hash=sha256:b74557b16e390ec12dca509bce9264c3bbd128f8a2c376eaa68003d7f327276d \
    --hash=sha256:b80aa5095cd3109962a298ce14110ae16b8c1aece8b72f9dafe81cf597ad80b3 \
    --hash=sha256:b93590ae81f7010dbe380cdeab6f515902ebcbefe0b9327cc4804d74e93ae69d \
    --hash=sha256:b96d5f26b05d03cc60f11a7761a5ded1741da411e7fe0909e27a5e6a0cb7b034 \
    --hash=sha256:bd3d54f38609ff308209bd43acea66061494157703364ae40c951f83ba99a1a9 \
    --hash=sha256:bfea2a5f0b4d8d43adf9d7b8bf019fb46fdd10a2e5cde477fbcb9d1fa08c68e1 \
    --hash=sha256:c007fe8a43d43b3969e8469004e9845944f1a80e6acd47c150856bb87f230c56 \
    --hash=sha256:c1df3d34aced70add6f867a8cf413e299177e0c22660cc767218373d0779487b \
    --hash=sha256:c23e27686783f60290e36827f9c626e63154b82b116d7fe9adba1fda36da706c \
    --hash=sha256:c8d8b4eb992936023be7dee581270af5c6e0697a8559895f527f5b7105ecd36a \
    --hash=sha256:c9e19dd6e28fdcaa5a1de679aec4141f691023916427ef9bae8584f9c2fb3b0e \
    --hash=sha256:d0d2568a8c11bf8225044aa94409e21da0cb09dcdafe9ecd10250b2baad531a9 \
    --hash=sha256:d38548150c39b74aeeb0ce8ee1d8e82696f4a4e16ddc6de7b1d8823f7de4b9b5 \
    --hash=sha256:d3a978c4f57a597908b7e697229d996d77a6d3c94901e9edee593adada95ce1a \
    --hash=sha256:d5160812ea7a8a2ffbe233d8da666880cad0cbaf5d4de74ae15c313213d62556 \
    --hash=sha256:dc799088c08fa04e43144b164feb0c13f9a0bc40503f8df3e9fde58a3c0c101e \
    --hash=sha256:df3959765b553b9440adfd3c795617c352154e497a4eaf3752555cfb5da8fc49 \
    --hash=sha256:dfa8a0c812ac681395907e71e1274819dec685fec28273a28905df579ef137e2 \
    --hash=sha256:e25c479382d26a2a41b7ebea1043564a937db462816ea07afa8a44c0866d52f9 \
    --hash=sha256:e4f4a984405e91527a0d62649ee21138f8e3d0ef103be488c1dc11a80d7f184b \
    --hash=sha256:e536c98a7626a98feb2d3eaf75944ef6f3dbee447e1f841eae16f2f0a72d8ddc \
    --hash=sha256:e56ba91f47764cc14f1daacd723e3e82d1a89d783f0f5afe9c364b8bb491ccdb \
    --hash=sha256:e672ba74fbc2dc8eea59fb6d4aed6845e6905fc2a8afe93175d94a83ba2a01a0 \
    --hash=sha256:e7b576130c69225432866fe2f4a469a85a54ade141d96fd396dffcf607b558f8 \
    --hash=sha256:e8465ab91a4bd96d36dde3263f06caa6a8a6019e4113f24dc753d79a8b3a3f82 \
    --hash=sha256:e96cea19e34778f8d59fe40775a7a574d95816eb150850a85a7a4c8f4b94ac69 \
    --hash=sha256:ece5c59f0ce7d001e017643d8d24da587ea1f74f6993467d85ae8a5ef9d4f42b \
    --hash=sha256:eceb81a8d74f9267ef4081e246ffd6d129da5d87e37a77c9bde550cb04870c1c \
    --hash=sha256:ed2e99c456e3fadd05c991f8f437ef902e00eedf34320ba2b0842bd1c3ca3a75 \
    --hash=sha256:f0cd744688278965817fd0839c4a4116add48d23890d468bc436f78beb28abf5 \
    --hash=sha256:f14f8f046c14563f8eb3f45f499cc658ab8d10072961e07225e507adb700e93f \
    --hash=sha256:f15489ba13d61f670dcc96772e733aad1a6f9c429cc27574c6cdaed82d0146ad \
    --hash=sha256:f31d95a179f8d64d90f6831d71fa93290893a33148d890ba15de25642c5d075b \
    --hash=sha256:f41a7489d32336dbf2199c8c0a215390a751c5b014c2c1c5366e817202e9cdf7 \
    --hash=sha256:f41eb9797986d6ebac5e8edff36d5cef9de40def462311b3eb3eeded1431e425 \
    --hash=sha256:f547144f2966e1e16ae626d8ce72b4cfa0caedc7fa28052001c94fb2fcaa1c52
    # via pydantic
pydantic-settings==2.14.1 \
    --hash=sha256:6e3c7edfd8277687cdc598f56e5cff0e9bfff0910a3749deaa8d4401c3a2b9de \
    --hash=sha256:e874d3bec7e787b0c9958277956ed9b4dd5de6a80e162188fdaff7c5e26fd5fa
    # via mcp
python-dotenv==1.2.1 \
    --hash=sha256:42667e897e16ab0d66954af0e60a9caa94f0fd4ecf3aaf6d2d260eec1aa36ad6 \
    --hash=sha256:b81ee9561e9ca4004139c6cbba3a238c32b03e4894671e181b671e8cb8425d61
    # via pydantic-settings
python-multipart==0.0.30 \
    --hash=sha256:0edfe0475c1f46ddd3ff7785a626f6118af32bdcf359bb21260367313bb32118 \
    --hash=sha256:830964def8c90607ac5daa00514e3987815865713ade8d20febc9177ac0c3c5b
    # via mcp
referencing==0.36.2 \
    --hash=sha256:df2e89862cd09deabbdba16944cc3f10feb6b3e6f18e902f7cc25609a34775aa \
    --hash=sha256:e8699adbbf8b5c7de96d8ffa0eb5c158b3beafce084968e2ea8bb08c6794dcd0
    # via
    #   jsonschema
    #   jsonschema-specifications
rpds-py==0.22.3 \
    --hash=sha256:009de23c9c9ee54bf11303a966edf4d9087cd43a6003672e6aa7def643d06518 \
    --hash=sha256:02fbb9c288ae08bcb34fb41d516d5eeb0455ac35b5512d03181d755d80810059 \
    --hash=sha256:0a0461200769ab3b9ab7e513f6013b7a97fdeee41c29b9db343f3c5a8e2b9e61 \
    --hash=sha256:0b09865a9abc0ddff4e50b5ef65467cd94176bf1e0004184eb915cbc10fc05c5 \
    --hash=sha256:0b8db6b5b2d4491ad5b6bdc2bc7c017eec108acbf4e6785f42a9eb0ba234f4c9 \
    --hash=sha256:0c150c7a61ed4a4f4955a96626574e9baf1adf772c2fb61ef6a5027e52803543 \
    --hash=sha256:0f3cec041684de9a4684b1572fe28c7267410e02450f4561700ca5a3bc6695a2 \
    --hash=sha256:1352ae4f7c717ae8cba93421a63373e582d19d55d2ee2cbb184344c82d2ae55a \
    --hash=sha256:177c7c0fce2855833819c98e43c262007f42ce86651ffbb84f37883308cb0e7d \
    --hash=sha256:1978d0021e943aae58b9b0b196fb4895a25cc53d3956b8e35e0b7682eefb6d56 \
    --hash=sha256:1a60bce91f81ddaac922a40bbb571a12c1070cb20ebd6d49c48e0b101d87300d \
    --hash=sha256:1aef18820ef3e4587ebe8b3bc9ba6e55892a6d7b93bac6d29d9f631a3b4befbd \
    --hash=sha256:1e9663daaf7a63ceccbbb8e3808fe90415b0757e2abddbfc2e06c857bf8c5e2b \
    --hash=sha256:20070c65396f7373f5df4005862fa162db5d25d56150bddd0b3e8214e8ef45b4 \
    --hash=sha256:214b7a953d73b5e87f0ebece4a32a5bd83c60a3ecc9d4ec8f1dca968a2d91e99 \
    --hash=sha256:22bebe05a9ffc70ebfa127efbc429bc26ec9e9b4ee4d15a740033efda515cf3d \
    --hash=sha256:24e8abb5878e250f2eb0d7859a8e561846f98910326d06c0d51381fed59357bd \
    --hash=sha256:26fd7cac7dd51011a245f29a2cc6489c4608b5a8ce8d75661bb4a1066c52dfbe \
    --hash=sha256:27b1d3b3915a99208fee9ab092b8184c420f2905b7d7feb4aeb5e4a9c509b8a1 \
    --hash=sha256:27e98004595899949bd7a7b34e91fa7c44d7a97c40fcaf1d874168bb652ec67e \
    --hash=sha256:2b8f60e1b739a74bab7e01fcbe3dddd4657ec685caa04681df9d562ef15b625f \
    --hash=sha256:2de29005e11637e7a2361fa151f780ff8eb2543a0da1413bb951e9f14b699ef3 \
    --hash=sha256:2e8b55d8517a2fda8d95cb45d62a5a8bbf9dd0ad39c5b25c8833efea07b880ca \
    --hash=sha256:2fa4331c200c2521512595253f5bb70858b90f750d39b8cbfd67465f8d1b596d \
    --hash=sha256:3445e07bf2e8ecfeef6ef67ac83de670358abf2996916039b16a218e3d95e97e \
    --hash=sha256:3453e8d41fe5f17d1f8e9c383a7473cd46a63661628ec58e07777c2fff7196dc \
    --hash=sha256:378753b4a4de2a7b34063d6f95ae81bfa7b15f2c1a04a9518e8644e81807ebea \
    --hash=sha256:3af6e48651c4e0d2d166dc1b033b7042ea3f871504b6805ba5f4fe31581d8d38 \
    --hash=sha256:3dfcbc95bd7992b16f3f7ba05af8a64ca694331bd24f9157b49dadeeb287493b \
    --hash=sha256:3f21f0495edea7fdbaaa87e633a8689cd285f8f4af5c869f27bc8074638ad69c \
    --hash=sha256:4041711832360a9b75cfb11b25a6a97c8fb49c07b8bd43d0d02b45d0b499a4ff \
    --hash=sha256:44d61b4b7d0c2c9ac019c314e52d7cbda0ae31078aabd0f22e583af3e0d79723 \
    --hash=sha256:4617e1915a539a0d9a9567795023de41a87106522ff83fbfaf1f6baf8e85437e \
    --hash=sha256:4b232061ca880db21fa14defe219840ad9b74b6158adb52ddf0e87bead9e8493 \
    --hash=sha256:5246b14ca64a8675e0a7161f7af68fe3e910e6b90542b4bfb5439ba752191df6 \
    --hash=sha256:5725dd9cc02068996d4438d397e255dcb1df776b7ceea3b9cb972bdb11260a83 \
    --hash=sha256:583f6a1993ca3369e0f80ba99d796d8e6b1a3a2a442dd4e1a79e652116413091 \
    --hash=sha256:59259dc58e57b10e7e18ce02c311804c10c5a793e6568f8af4dead03264584d1 \
    --hash=sha256:593eba61ba0c3baae5bc9be2f5232430453fb4432048de28399ca7376de9c627 \
    --hash=sha256:59f4a79c19232a5774aee369a0c296712ad0e77f24e62cad53160312b1c1eaa1 \
    --hash=sha256:5f0e260eaf54380380ac3808aa4ebe2d8ca28b9087cf411649f96bad6900c728 \
    --hash=sha256:62d9cfcf4948683a18a9aff0ab7e1474d407b7bab2ca03116109f8464698ab16 \
    --hash=sha256:64607d4cbf1b7e3c3c8a14948b99345eda0e161b852e122c6bb71aab6d1d798c \
    --hash=sha256:655ca44a831ecb238d124e0402d98f6212ac527a0ba6c55ca26f616604e60a45 \
    --hash=sha256:666ecce376999bf619756a24ce15bb14c5bfaf04bf00abc7e663ce17c3f34fe7 \
    --hash=sha256:68049202f67380ff9aa52f12e92b1c30115f32e6895cd7198fa2a7961621fc5a \
    --hash=sha256:69803198097467ee7282750acb507fba35ca22cc3b85f16cf45fb01cb9097730 \
    --hash=sha256:6c7b99ca52c2c1752b544e310101b98a659b720b21db00e65edca34483259967 \
    --hash=sha256:6dd9412824c4ce1aca56c47b0991e65bebb7ac3f4edccfd3f156150c96a7bf25 \
    --hash=sha256:70eb60b3ae9245ddea20f8a4190bd79c705a22f8028aaf8bbdebe4716c3fab24 \
    --hash=sha256:70fb28128acbfd264eda9bf47015537ba3fe86e40d046eb2963d75024be4d055 \
    --hash=sha256:7b2513ba235829860b13faa931f3b6846548021846ac808455301c23a101689d \
    --hash=sha256:7ef9d9da710be50ff6809fed8f1963fecdfecc8b86656cadfca3bc24289414b0 \
    --hash=sha256:81e69b0a0e2537f26d73b4e43ad7bc8c8efb39621639b4434b76a3de50c6966e \
    --hash=sha256:8633e471c6207a039eff6aa116e35f69f3156b3989ea3e2d755f7bc41754a4a7 \
    --hash=sha256:8bd7c8cfc0b8247c8799080fbff54e0b9619e17cdfeb0478ba7295d43f635d7c \
    --hash=sha256:9253fc214112405f0afa7db88739294295f0e08466987f1d70e29930262b4c8f \
    --hash=sha256:99b37292234e61325e7a5bb9689e55e48c3f5f603af88b1642666277a81f1fbd \
    --hash=sha256:9bd7228827ec7bb817089e2eb301d907c0d9827a9e558f22f762bb690b131652 \
    --hash=sha256:9beeb01d8c190d7581a4d59522cd3d4b6887040dcfc744af99aa59fef3e041a8 \
    --hash=sha256:a63cbdd98acef6570c62b92a1e43266f9e8b21e699c363c0fef13bd530799c11 \
    --hash=sha256:a76e42402542b1fae59798fab64432b2d015ab9d0c8c47ba7addddbaf7952333 \
    --hash=sha256:ac0a03221cdb5058ce0167ecc92a8c89e8d0decdc9e99a2ec23380793c4dcb96 \
    --hash=sha256:b0b4136a252cadfa1adb705bb81524eee47d9f6aab4f2ee4fa1e9d3cd4581f64 \
    --hash=sha256:b25bc607423935079e05619d7de556c91fb6adeae9d5f80868dde3468657994b \
    --hash=sha256:b3d504047aba448d70cf6fa22e06cb09f7cbd761939fdd47604f5e007675c24e \
    --hash=sha256:bb47271f60660803ad11f4c61b42242b8c1312a31c98c578f79ef9387bbde21c \
    --hash=sha256:bbb232860e3d03d544bc03ac57855cd82ddf19c7a07651a7c0fdb95e9efea8b9 \
    --hash=sha256:bc27863442d388870c1809a87507727b799c8460573cfbb6dc0eeaef5a11b5ec \
    --hash=sha256:bc51abd01f08117283c5ebf64844a35144a0843ff7b2983e0648e4d3d9f10dbb \
    --hash=sha256:be2eb3f2495ba669d2a985f9b426c1797b7d48d6963899276d22f23e33d47e37 \
    --hash=sha256:bf9db5488121b596dbfc6718c76092fda77b703c1f7533a226a5a9f65248f8ad \
    --hash=sha256:c58e2339def52ef6b71b8f36d13c3688ea23fa093353f3a4fee2556e62086ec9 \
    --hash=sha256:cfbc454a2880389dbb9b5b398e50d439e2e58669160f27b60e5eca11f68ae17c \
    --hash=sha256:cff63a0272fcd259dcc3be1657b07c929c466b067ceb1c20060e8d10af56f5bf \
    --hash=sha256:d115bffdd417c6d806ea9069237a4ae02f513b778e3789a359bc5856e0404cc4 \
    --hash=sha256:d20cfb4e099748ea39e6f7b16c91ab057989712d31761d3300d43134e26e165f \
    --hash=sha256:d48424e39c2611ee1b84ad0f44fb3b2b53d473e65de061e3f460fc0be5f1939d \
    --hash=sha256:e0fa2d4ec53dc51cf7d3bb22e0aa0143966119f42a0c3e4998293a3dd2856b09 \
    --hash=sha256:e32fee8ab45d3c2db6da19a5323bc3362237c8b653c70194414b892fd06a080d \
    --hash=sha256:e35ba67d65d49080e8e5a1dd40101fccdd9798adb9b050ff670b7d74fa41c566 \
    --hash=sha256:e3fb866d9932a3d7d0c82da76d816996d1667c44891bd861a0f97ba27e84fc74 \
    --hash=sha256:e61b02c3f7a1e0b75e20c3978f7135fd13cb6cf551bf4a6d29b999a88830a338 \
    --hash=sha256:e67ba3c290821343c192f7eae1d8fd5999ca2dc99994114643e2f2d3e6138b15 \
    --hash=sha256:e79dd39f1e8c3504be0607e5fc6e86bb60fe3584bec8b782578c3b0fde8d932c \
    --hash=sha256:e89391e6d60251560f0a8f4bd32137b077a80d9b7dbe6d5cab1cd80d2746f648 \
    --hash=sha256:ea7433ce7e4bfc3a85654aeb6747babe3f66eaf9a1d0c1e7a4435bbdf27fea84 \
    --hash=sha256:eaf16ae9ae519a0e237a0f528fd9f0197b9bb70f40263ee57ae53c2b8d48aeb3 \
    --hash=sha256:eb0c341fa71df5a4595f9501df4ac5abfb5a09580081dffbd1ddd4654e6e9123 \
    --hash=sha256:f276b245347e6e36526cbd4a266a417796fc531ddf391e43574cf6466c492520 \
    --hash=sha256:f47ad3d5f3258bd7058d2d506852217865afefe6153a36eb4b6928758041d831 \
    --hash=sha256:f56a6b404f74ab372da986d240e2e002769a7d7102cc73eb238a4f72eec5284e \
    --hash=sha256:f5cf2a0c2bdadf3791b5c205d55a37a54025c6e18a71c71f82bb536cf9a454bf \
    --hash=sha256:f5d36399a1b96e1a5fdc91e0522544580dbebeb1f77f27b2b0ab25559e103b8b \
    --hash=sha256:f60bd8423be1d9d833f230fdbccf8f57af322d96bcad6599e5a771b151398eb2 \
    --hash=sha256:f612463ac081803f243ff13cccc648578e2279295048f2a8d5eb430af2bae6e3 \
    --hash=sha256:f73d3fef726b3243a811121de45193c0ca75f6407fe66f3f4e183c983573e130 \
    --hash=sha256:f82a116a1d03628a8ace4859556fb39fd1424c933341a08ea3ed6de1edb0283b \
    --hash=sha256:fb0ba113b4983beac1a2eb16faffd76cb41e176bf58c4afe3e14b9c681f702de \
    --hash=sha256:fb4f868f712b2dd4bcc538b0a0c1f63a2b1d584c925e69a224d759e7070a12d5 \
    --hash=sha256:fb6116dfb8d1925cbdb52595560584db42a7f664617a1f7d7f6e32f138cdf37d \
    --hash=sha256:fda7cb070f442bf80b642cd56483b5548e43d366fe3f39b98e67cce780cded00 \
    --hash=sha256:feea821ee2a9273771bae61194004ee2fc33f8ec7db08117ef9147d4bbcbca8e
    # via
    #   jsonschema
    #   referencing
sse-starlette==3.4.4 \
    --hash=sha256:07e0fa0460138baf25cdd5fb28683472c3995dc1642225191b3832d62526bcb0 \
    --hash=sha256:3f4dd50d8aed2771a091f3a83000323fc3844541c16b4fe585ae2420cc6df973
    # via mcp
starlette==1.0.1 \
    --hash=sha256:512399c5f1de7fac99c88572212ded9ddeddef2fb32afa82d724000e88b38f4f \
    --hash=sha256:7c0e69b2ee1c848bd54669d908500117a3ee13de603a21427e5c6fc1adf98dcd
    # via
    #   mcp
    #   sse-starlette
typing-extensions==4.15.0 \
    --hash=sha256:0cea48d173cc12fa28ecabc3b837ea3cf6f38c6d1136f85cbaaf598984861466 \
    --hash=sha256:f0fa19c6845758ab08074a0cfa8b7aecb71c999ca73d62883bc25cc018c4e548
    # via
    #   anyio
    #   pydantic
    #   pydantic-core
    #   referencing
    #   starlette
    #   typing-inspection
typing-inspection==0.4.2 \
    --hash=sha256:4ed1cacbdc298c220f1bd249ed5287caa16f34d44ef4e9c3d0cbad5b521545e7 \
    --hash=sha256:ba561c48a67c5958007083d386c3295464928b01faa735ab8547c5692e87f464
    # via
    #   pydantic
    #   pydantic-settings
uvicorn==0.52.1 ; sys_platform != 'emscripten' \
    --hash=sha256:112ec661814189acbccd3f7b86460147cc065fc92c0821afa78918780e4354dd \
    --hash=sha256:e4403f9d93188cf9d1088e9f40e3acd12630e2df8675316704379a7fc20fff6a
    # via mcp
