--index-url https://pypi.org/simple

annotated-types==0.7.0 \
    --hash=sha256:1f02e8b43a8fbbc3f3e0d4f0f4bfc8131bcb4eebe8849b8e5c773f3a1c582a53 \
    --hash=sha256:aff07c09a53a08bc8cfccb9c85b05f1aa9a2a6f23728d790723543408344ce89
    # via pydantic
anyio==4.13.0 \
    --hash=sha256:08b310f9e24a9594186fd75b4f73f4a4152069e3853f1ed8bfbf58369f4ad708 \
    --hash=sha256:334b70e641fd2221c1505b3890c69882fe4a2df910cba14d97019b90b24439dc
    # via
    #   httpx
    #   mcp
    #   sse-starlette
    #   starlette
asyncio==3.4.3 \
    --hash=sha256:83360ff8bc97980e4ff25c964c7bd3923d333d177aa4f7fb736b019f26c7cb41 \
    --hash=sha256:b62c9157d36187eca799c378e572c969f0da87cd5fc42ca372d92cdb06e7e1de \
    --hash=sha256:c46a87b48213d7464f22d9a497b9eef8c1928b68320a2fa94240f969f6fec08c \
    --hash=sha256:c4d18b22701821de07bd6aea8b53d21449ec0ec5680645e5317062ea21817d2d
    # via -r templates/mcp-ray-serve/requirements.txt
attrs==26.1.0 \
    --hash=sha256:c647aa4a12dfbad9333ca4e71fe62ddc36f4e63b2d260a37a8b83d2f043ac309 \
    --hash=sha256:d03ceb89cb322a8fd706d4fb91940737b6642aa36998fe130a9bc96c985eff32
    # via
    #   jsonschema
    #   referencing
certifi==2026.5.20 \
    --hash=sha256:3c52e209ba0a4ad7aebe60436a4ab349c39e1e602e8c134221e546902ad25897 \
    --hash=sha256:69dea482ab64caa7b9f6aba1c6bf48bb6a5448d1c0f1b17ab42ad8c763a5344d
    # via
    #   httpcore
    #   httpx
click==8.4.1 ; sys_platform != 'emscripten' \
    --hash=sha256:482be17c6991b8c19c5429a1e995d9b0efdbb63172824c41f99965dc0ade8ec2 \
    --hash=sha256:918b5633eddf6b41c32d4f454bf0de810065c74e3f7dbf8ee5452f8be88d3e96
    # via uvicorn
h11==0.16.0 \
    --hash=sha256:4e35b956cf45792e4caa5885e69fba00bdbc6ffafbfa020300e549b208ee5ff1 \
    --hash=sha256:63cf8bbe7522de3bf65932fda1d9c2772064ffb3dae62d55932da54b31cb6c86
    # via
    #   httpcore
    #   uvicorn
httpcore==1.0.9 \
    --hash=sha256:2d400746a40668fc9dec9810239072b40b4484b640a8c38fd654a024c7a1bf55 \
    --hash=sha256:6e34463af53fd2ab5d807f399a9b45ea31c3dfa2276f15a2c3f00afff6e176e8
    # via httpx
httpx==0.28.1 \
    --hash=sha256:75e98c5f16b0f35b567856f597f06ff2270a374470a5c2392242528e3e3e42fc \
    --hash=sha256:d909fcccc110f8c7faf814ca82a9a4d816bc5a6dbfea25d6591d6985b8ba59ad
    # via mcp
httpx-sse==0.4.3 \
    --hash=sha256:0ac1c9fe3c0afad2e0ebb25a934a59f4c7823b60792691f779fad2c5568830fc \
    --hash=sha256:9b1ed0127459a66014aec3c56bebd93da3c1bc8bb6618c8082039a44889a755d
    # via mcp
idna==3.17 \
    --hash=sha256:466e48829084efe2548012b855df21540b96f2e20e51bd124c851536556a592c \
    --hash=sha256:5eb0cb53bc467c12eadcf6de83163ad8527cec9416f44b9b61b19caedad2b87f
    # via
    #   anyio
    #   httpx
jsonschema==4.26.0 \
    --hash=sha256:0c26707e2efad8aa1bfc5b7ce170f3fccc2e4918ff85989ba9ffa9facb2be326 \
    --hash=sha256:d489f15263b8d200f8387e64b4c3a75f06629559fb73deb8fdfb525f2dab50ce
    # via mcp
jsonschema-specifications==2025.9.1 \
    --hash=sha256:98802fee3a11ee76ecaca44429fda8a41bff98b00a0f2838151b113f210cc6fe \
    --hash=sha256:b540987f239e745613c7a9176f3edb72b832a4ac465cf02712288397832b5e8d
    # via jsonschema
mcp==1.11.0 \
    --hash=sha256:49a213df56bb9472ff83b3132a4825f5c8f5b120a90246f08b0dac6bedac44c8 \
    --hash=sha256:58deac37f7483e4b338524b98bc949b7c2b7c33d978f5fafab5bde041c5e2595
    # via -r templates/mcp-ray-serve/requirements.txt
pydantic==2.12.4 \
    --hash=sha256:0f8cb9555000a4b5b617f66bfd2566264c4984b27589d3b845685983e8ea85ac \
    --hash=sha256:92d3d202a745d46f9be6df459ac5a064fdaa3c1c4cd8adcfa332ccf3c05f871e
    # via
    #   -r templates/mcp-ray-serve/requirements.txt
    #   mcp
    #   pydantic-settings
pydantic-core==2.41.5 \
    --hash=sha256:0177272f88ab8312479336e1d777f6b124537d47f2123f89cb37e0accea97f90 \
    --hash=sha256:01a3d0ab748ee531f4ea6c3e48ad9dac84ddba4b0d82291f87248f2f9de8d740 \
    --hash=sha256:0384e2e1021894b1ff5a786dbf94771e2986ebe2869533874d7e43bc79c6f504 \
    --hash=sha256:03b77d184b9eb40240ae9fd676ca364ce1085f203e1b1256f8ab9984dca80a84 \
    --hash=sha256:03ca43e12fab6023fc79d28ca6b39b05f794ad08ec2feccc59a339b02f2b3d33 \
    --hash=sha256:05a2c8852530ad2812cb7914dc61a1125dc4e06252ee98e5638a12da6cc6fb6c \
    --hash=sha256:070259a8818988b9a84a449a2a7337c7f430a22acc0859c6b110aa7212a6d9c0 \
    --hash=sha256:08daa51ea16ad373ffd5e7606252cc32f07bc72b28284b6bc9c6df804816476e \
    --hash=sha256:0cbaad15cb0c90aa221d43c00e77bb33c93e8d36e0bf74760cd00e732d10a6a0 \
    --hash=sha256:100baa204bb412b74fe285fb0f3a385256dad1d1879f0a5cb1499ed2e83d132a \
    --hash=sha256:112e305c3314f40c93998e567879e887a3160bb8689ef3d2c04b6cc62c33ac34 \
    --hash=sha256:16f80f7abe3351f8ea6858914ddc8c77e02578544a0ebc15b4c2e1a0e813b0b2 \
    --hash=sha256:1746d4a3d9a794cacae06a5eaaccb4b8643a131d45fbc9af23e353dc0a5ba5c3 \
    --hash=sha256:1962293292865bca8e54702b08a4f26da73adc83dd1fcf26fbc875b35d81c815 \
    --hash=sha256:1d1d9764366c73f996edd17abb6d9d7649a7eb690006ab6adbda117717099b14 \
    --hash=sha256:1f8d33a7f4d5a7889e60dc39856d76d09333d8a6ed0f5f1190635cbec70ec4ba \
    --hash=sha256:22f0fb8c1c583a3b6f24df2470833b40207e907b90c928cc8d3594b76f874375 \
    --hash=sha256:239edca560d05757817c13dc17c50766136d21f7cd0fac50295499ae24f90fdf \
    --hash=sha256:242a206cd0318f95cd21bdacff3fcc3aab23e79bba5cac3db5a841c9ef9c6963 \
    --hash=sha256:25e1c2af0fce638d5f1988b686f3b3ea8cd7de5f244ca147c777769e798a9cd1 \
    --hash=sha256:266fb4cbf5e3cbd0b53669a6d1b039c45e3ce651fd5442eff4d07c2cc8d66808 \
    --hash=sha256:2782c870e99878c634505236d81e5443092fba820f0373997ff75f90f68cd553 \
    --hash=sha256:287dad91cfb551c363dc62899a80e9e14da1f0e2b6ebde82c806612ca2a13ef1 \
    --hash=sha256:29452c56df2ed968d18d7e21f4ab0ac55e71dc59524872f6fc57dcf4a3249ed2 \
    --hash=sha256:299e0a22e7ae2b85c1a57f104538b2656e8ab1873511fd718a1c1c6f149b77b5 \
    --hash=sha256:2a5e06546e19f24c6a96a129142a75cee553cc018ffee48a460059b1185f4470 \
    --hash=sha256:2b761d210c9ea91feda40d25b4efe82a1707da2ef62901466a42492c028553a2 \
    --hash=sha256:2c010c6ded393148374c0f6f0bf89d206bf3217f201faa0635dcd56bd1520f6b \
    --hash=sha256:2ff4321e56e879ee8d2a879501c8e469414d948f4aba74a2d4593184eb326660 \
    --hash=sha256:3006c3dd9ba34b0c094c544c6006cc79e87d8612999f1a5d43b769b89181f23c \
    --hash=sha256:33cb885e759a705b426baada1fe68cbb0a2e68e34c5d0d0289a364cf01709093 \
    --hash=sha256:346285d28e4c8017da95144c7f3acd42740d637ff41946af5ce6e5e420502dd5 \
    --hash=sha256:34a64bc3441dc1213096a20fe27e8e128bd3ff89921706e83c0b1ac971276594 \
    --hash=sha256:35b44f37a3199f771c3eaa53051bc8a70cd7b54f333531c59e29fd4db5d15008 \
    --hash=sha256:378bec5c66998815d224c9ca994f1e14c0c21cb95d2f52b6021cc0b2a58f2a5a \
    --hash=sha256:3f37a19d7ebcdd20b96485056ba9e8b304e27d9904d233d7b1015db320e51f0a \
    --hash=sha256:3f84d5c1b4ab906093bdc1ff10484838aca54ef08de4afa9de0f5f14d69639cd \
    --hash=sha256:4009935984bd36bd2c774e13f9a09563ce8de4abaa7226f5108262fa3e637284 \
    --hash=sha256:406bf18d345822d6c21366031003612b9c77b3e29ffdb0f612367352aab7d586 \
    --hash=sha256:4819fa52133c9aa3c387b3328f25c1facc356491e6135b459f1de698ff64d869 \
    --hash=sha256:482c982f814460eabe1d3bb0adfdc583387bd4691ef00b90575ca0d2b6fe2294 \
    --hash=sha256:4bc36bbc0b7584de96561184ad7f012478987882ebf9f9c389b23f432ea3d90f \
    --hash=sha256:506d766a8727beef16b7adaeb8ee6217c64fc813646b424d0804d67c16eddb66 \
    --hash=sha256:56121965f7a4dc965bff783d70b907ddf3d57f6eba29b6d2e5dabfaf07799c51 \
    --hash=sha256:58133647260ea01e4d0500089a8c4f07bd7aa6ce109682b1426394988d8aaacc \
    --hash=sha256:5921a4d3ca3aee735d9fd163808f5e8dd6c6972101e4adbda9a4667908849b97 \
    --hash=sha256:5a4e67afbc95fa5c34cf27d9089bca7fcab4e51e57278d710320a70b956d1b9a \
    --hash=sha256:5cb1b2f9742240e4bb26b652a5aeb840aa4b417c7748b6f8387927bc6e45e40d \
    --hash=sha256:62de39db01b8d593e45871af2af9e497295db8d73b085f6bfd0b18c83c70a8f9 \
    --hash=sha256:634e8609e89ceecea15e2d61bc9ac3718caaaa71963717bf3c8f38bfde64242c \
    --hash=sha256:63510af5e38f8955b8ee5687740d6ebf7c2a0886d15a6d65c32814613681bc07 \
    --hash=sha256:650ae77860b45cfa6e2cdafc42618ceafab3a2d9a3811fcfbd3bbf8ac3c40d36 \
    --hash=sha256:6561e94ba9dacc9c61bce40e2d6bdc3bfaa0259d3ff36ace3b1e6901936d2e3e \
    --hash=sha256:65840751b72fbfd82c3c640cff9284545342a4f1eb1586ad0636955b261b0b05 \
    --hash=sha256:6cb58b9c66f7e4179a2d5e0f849c48eff5c1fca560994d6eb6543abf955a149e \
    --hash=sha256:6f52298fbd394f9ed112d56f3d11aabd0d5bd27beb3084cc3d8ad069483b8941 \
    --hash=sha256:707625ef0983fcfb461acfaf14de2067c5942c6bb0f3b4c99158bed6fedd3cf3 \
    --hash=sha256:72f6c8b11857a856bcfa48c86f5368439f74453563f951e473514579d44aa612 \
    --hash=sha256:753e230374206729bf0a807954bcc6c150d3743928a73faffee51ac6557a03c3 \
    --hash=sha256:76d0819de158cd855d1cbb8fcafdf6f5cf1eb8e470abe056d5d161106e38062b \
    --hash=sha256:76ee27c6e9c7f16f47db7a94157112a2f3a00e958bc626e2f4ee8bec5c328fbe \
    --hash=sha256:77b63866ca88d804225eaa4af3e664c5faf3568cea95360d21f4725ab6e07146 \
    --hash=sha256:79ec52ec461e99e13791ec6508c722742ad745571f234ea6255bed38c6480f11 \
    --hash=sha256:7b93a4d08587e2b7e7882de461e82b6ed76d9026ce91ca7915e740ecc7855f60 \
    --hash=sha256:7da7087d756b19037bc2c06edc6c170eeef3c3bafcb8f532ff17d64dc427adfd \
    --hash=sha256:7f3bf998340c6d4b0c9a2f02d6a400e51f123b59565d74dc60d252ce888c260b \
    --hash=sha256:80aa89cad80b32a912a65332f64a4450ed00966111b6615ca6816153d3585a8c \
    --hash=sha256:8566def80554c3faa0e65ac30ab0932b9e3a5cd7f8323764303d468e5c37595a \
    --hash=sha256:873e0d5b4fb9b89ef7c2d2a963ea7d02879d9da0da8d9d4933dee8ee86a8b460 \
    --hash=sha256:88942d3a3dff3afc8288c21e565e476fc278902ae4d6d134f1eeda118cc830b1 \
    --hash=sha256:8bfeaf8735be79f225f3fefab7f941c712aaca36f1128c9d7e2352ee1aa87bdf \
    --hash=sha256:8e7c86f27c585ef37c35e56a96363ab8de4e549a95512445b85c96d3e2f7c1bf \
    --hash=sha256:915c3d10f81bec3a74fbd4faebe8391013ba61e5a1a8d48c4455b923bdda7858 \
    --hash=sha256:93e8740d7503eb008aa2df04d3b9735f845d43ae845e6dcd2be0b55a2da43cd2 \
    --hash=sha256:941103c9be18ac8daf7b7adca8228f8ed6bb7a1849020f643b3a14d15b1924d9 \
    --hash=sha256:97aeba56665b4c3235a0e52b2c2f5ae9cd071b8a8310ad27bddb3f7fb30e9aa2 \
    --hash=sha256:a39455728aabd58ceabb03c90e12f71fd30fa69615760a075b9fec596456ccc3 \
    --hash=sha256:a3a52f6156e73e7ccb0f8cced536adccb7042be67cb45f9562e12b319c119da6 \
    --hash=sha256:a668ce24de96165bb239160b3d854943128f4334822900534f2fe947930e5770 \
    --hash=sha256:a75dafbf87d6276ddc5b2bf6fae5254e3d0876b626eb24969a574fff9149ee5d \
    --hash=sha256:aabf5777b5c8ca26f7824cb4a120a740c9588ed58df9b2d196ce92fba42ff8dc \
    --hash=sha256:aec5cf2fd867b4ff45b9959f8b20ea3993fc93e63c7363fe6851424c8a7e7c23 \
    --hash=sha256:b2379fa7ed44ddecb5bfe4e48577d752db9fc10be00a6b7446e9663ba143de26 \
    --hash=sha256:b4ececa40ac28afa90871c2cc2b9ffd2ff0bf749380fbdf57d165fd23da353aa \
    --hash=sha256:b5819cd790dbf0c5eb9f82c73c16b39a65dd6dd4d1439dcdea7816ec9adddab8 \
    --hash=sha256:b74557b16e390ec12dca509bce9264c3bbd128f8a2c376eaa68003d7f327276d \
    --hash=sha256:b80aa5095cd3109962a298ce14110ae16b8c1aece8b72f9dafe81cf597ad80b3 \
    --hash=sha256:b93590ae81f7010dbe380cdeab6f515902ebcbefe0b9327cc4804d74e93ae69d \
    --hash=sha256:b96d5f26b05d03cc60f11a7761a5ded1741da411e7fe0909e27a5e6a0cb7b034 \
    --hash=sha256:bd3d54f38609ff308209bd43acea66061494157703364ae40c951f83ba99a1a9 \
    --hash=sha256:bfea2a5f0b4d8d43adf9d7b8bf019fb46fdd10a2e5cde477fbcb9d1fa08c68e1 \
    --hash=sha256:c007fe8a43d43b3969e8469004e9845944f1a80e6acd47c150856bb87f230c56 \
    --hash=sha256:c1df3d34aced70add6f867a8cf413e299177e0c22660cc767218373d0779487b \
    --hash=sha256:c23e27686783f60290e36827f9c626e63154b82b116d7fe9adba1fda36da706c \
    --hash=sha256:c8d8b4eb992936023be7dee581270af5c6e0697a8559895f527f5b7105ecd36a \
    --hash=sha256:c9e19dd6e28fdcaa5a1de679aec4141f691023916427ef9bae8584f9c2fb3b0e \
    --hash=sha256:d0d2568a8c11bf8225044aa94409e21da0cb09dcdafe9ecd10250b2baad531a9 \
    --hash=sha256:d38548150c39b74aeeb0ce8ee1d8e82696f4a4e16ddc6de7b1d8823f7de4b9b5 \
    --hash=sha256:d3a978c4f57a597908b7e697229d996d77a6d3c94901e9edee593adada95ce1a \
    --hash=sha256:d5160812ea7a8a2ffbe233d8da666880cad0cbaf5d4de74ae15c313213d62556 \
    --hash=sha256:dc799088c08fa04e43144b164feb0c13f9a0bc40503f8df3e9fde58a3c0c101e \
    --hash=sha256:df3959765b553b9440adfd3c795617c352154e497a4eaf3752555cfb5da8fc49 \
    --hash=sha256:dfa8a0c812ac681395907e71e1274819dec685fec28273a28905df579ef137e2 \
    --hash=sha256:e25c479382d26a2a41b7ebea1043564a937db462816ea07afa8a44c0866d52f9 \
    --hash=sha256:e4f4a984405e91527a0d62649ee21138f8e3d0ef103be488c1dc11a80d7f184b \
    --hash=sha256:e536c98a7626a98feb2d3eaf75944ef6f3dbee447e1f841eae16f2f0a72d8ddc \
    --hash=sha256:e56ba91f47764cc14f1daacd723e3e82d1a89d783f0f5afe9c364b8bb491ccdb \
    --hash=sha256:e672ba74fbc2dc8eea59fb6d4aed6845e6905fc2a8afe93175d94a83ba2a01a0 \
    --hash=sha256:e7b576130c69225432866fe2f4a469a85a54ade141d96fd396dffcf607b558f8 \
    --hash=sha256:e8465ab91a4bd96d36dde3263f06caa6a8a6019e4113f24dc753d79a8b3a3f82 \
    --hash=sha256:e96cea19e34778f8d59fe40775a7a574d95816eb150850a85a7a4c8f4b94ac69 \
    --hash=sha256:ece5c59f0ce7d001e017643d8d24da587ea1f74f6993467d85ae8a5ef9d4f42b \
    --hash=sha256:eceb81a8d74f9267ef4081e246ffd6d129da5d87e37a77c9bde550cb04870c1c \
    --hash=sha256:ed2e99c456e3fadd05c991f8f437ef902e00eedf34320ba2b0842bd1c3ca3a75 \
    --hash=sha256:f0cd744688278965817fd0839c4a4116add48d23890d468bc436f78beb28abf5 \
    --hash=sha256:f14f8f046c14563f8eb3f45f499cc658ab8d10072961e07225e507adb700e93f \
    --hash=sha256:f15489ba13d61f670dcc96772e733aad1a6f9c429cc27574c6cdaed82d0146ad \
    --hash=sha256:f31d95a179f8d64d90f6831d71fa93290893a33148d890ba15de25642c5d075b \
    --hash=sha256:f41a7489d32336dbf2199c8c0a215390a751c5b014c2c1c5366e817202e9cdf7 \
    --hash=sha256:f41eb9797986d6ebac5e8edff36d5cef9de40def462311b3eb3eeded1431e425 \
    --hash=sha256:f547144f2966e1e16ae626d8ce72b4cfa0caedc7fa28052001c94fb2fcaa1c52
    # via pydantic
pydantic-settings==2.14.1 \
    --hash=sha256:6e3c7edfd8277687cdc598f56e5cff0e9bfff0910a3749deaa8d4401c3a2b9de \
    --hash=sha256:e874d3bec7e787b0c9958277956ed9b4dd5de6a80e162188fdaff7c5e26fd5fa
    # via mcp
python-dotenv==1.2.2 \
    --hash=sha256:1d8214789a24de455a8b8bd8ae6fe3c6b69a5e3d64aa8a8e5d68e694bbcb285a \
    --hash=sha256:2c371a91fbd7ba082c2c1dc1f8bf89ca22564a087c2c287cd9b662adde799cf3
    # via pydantic-settings
python-multipart==0.0.30 \
    --hash=sha256:0edfe0475c1f46ddd3ff7785a626f6118af32bdcf359bb21260367313bb32118 \
    --hash=sha256:830964def8c90607ac5daa00514e3987815865713ade8d20febc9177ac0c3c5b
    # via mcp
referencing==0.37.0 \
    --hash=sha256:381329a9f99628c9069361716891d34ad94af76e461dcb0335825aecc7692231 \
    --hash=sha256:44aefc3142c5b842538163acb373e24cce6632bd54bdb01b21ad5863489f50d8
    # via
    #   jsonschema
    #   jsonschema-specifications
rpds-py==2026.5.1 \
    --hash=sha256:01d17b29c0c23d82b1f4751147ec49cf451f1fc2554eb9ef5f957e55d2656ead \
    --hash=sha256:036a36a87fb1cd3b214d11c4b3c4f7d2ddad933625dca1c900b56a057c07740a \
    --hash=sha256:0408a24e44feb919423dc6d9da677cb5cddb894d2ca9e763967d156d9c60fab4 \
    --hash=sha256:07b24fea40541e28570e5b795a4a38fbdcd12550c06bd0748005ecc8116ca256 \
    --hash=sha256:0957cf3c2b8632ec7aaebffebea8005b353cc2a237b6e2ae3c2cac0820704cfb \
    --hash=sha256:0a5ae4dbe43c1076983b72616496919872ae7bbe7a1e21cc48336bc3154d130b \
    --hash=sha256:0a7d1eec967df0e9b22614a5e177622e0c89611d03727fa0cb48e45028907870 \
    --hash=sha256:0b35217adefe87f2fe4db7e9766cabe84744bfe9616d9667be18988928c7f2dc \
    --hash=sha256:0fa92420128dadce7f54bd73ba1825a273e9268fe9e35dbf7e6362890efa4e08 \
    --hash=sha256:141c9498daf2ace9eda35d2b0e376f9ea8b058d84f2aef4f96fccfd449a2f251 \
    --hash=sha256:1841d067089e117142d79b98aa0df2f08b52f2ecc1819dd2700636c0db74a473 \
    --hash=sha256:19cb09fab7b7fc96b2a6e28f2e34b72a3705ff27b37edb77455316e5d3f3dc9b \
    --hash=sha256:1c27c5f6102eac8c03e7595a00827a53b271ba40a53b59ff8709170e0855ea4a \
    --hash=sha256:1ebb2f0ab7e16132995a72de805170e0203df0c3dd22e1ef1cd1fdd90bd7a131 \
    --hash=sha256:1f2c391c3059798093b65df23aca2cac150460ae9c630d99dec83d703d9485b9 \
    --hash=sha256:205dde846f24332ab0c1188699a043b8d165b79bb84529ce272c45048ff6be01 \
    --hash=sha256:21846aac0ed2e0589f38c12dc44e77bb64e494b771eadbcf169cba00566ba7ba \
    --hash=sha256:21942f52dbbd5f8758bf021213d28bd45c39e873e65e2407faf5f1846f5761ad \
    --hash=sha256:277f6c82f0580848796c7ecc8a7173aa3bfb928e4ff831261c2f60a81dc270db \
    --hash=sha256:27b74c10ed6a8f190f4287f53bcfea348b92a84a9c9f70d30183d1e6172d580d \
    --hash=sha256:296c799becfa849c779c8725494fe9ed94959ed886787df4364b058465bad7f0 \
    --hash=sha256:2c595a1d9255dce0599e13130d1440ab2506654f2b50294226ee06402f8fef63 \
    --hash=sha256:2c817a189d4ee14290420e5ff051e4dd6baa13f3edf84685071dee07a6d538ee \
    --hash=sha256:2d88621d6a7d4dfa633d21abe90f280bb205274e16b1d1e61c6ad4640b2453b7 \
    --hash=sha256:3350ec808fb538fe71a1f94dfaa0e29c598dfad805ce49f0caec5ae3183c652b \
    --hash=sha256:3397a5ed7174dc2786bb214030232fc36fe8e5584fec43a9952cc542b1a12036 \
    --hash=sha256:3574b55c604b8f75dacb007136508bbc0db406e626301778096a133327e7f2fb \
    --hash=sha256:3609e9939a8a76cd904cf98a3f1f13b5dc7e150adeaee89e0ea09652ea213e16 \
    --hash=sha256:3684a59b158a7683aaeb8e25352e9a9dd2122cec78f2d8530266e4f91b4c7b3f \
    --hash=sha256:3966b82dd563176396df030f3dd52a6e54cb69b718e95e78bd555ed3d1e0185d \
    --hash=sha256:3abe24a66e57adcfa645d718063a5fa5103ecc71ddbf26d78af8f9368018ff1d \
    --hash=sha256:40ff257542e04796880e011e15cd4dc21c2599975df2aaa8f2c8495ca574e1a5 \
    --hash=sha256:413b424f7c4ee65ab5e5be91f5731be0f8b41a1ee2b12dfe810d716312e95a78 \
    --hash=sha256:42d0f20e85e549c870749d0e247f0c10d318a45b7e9676d575d2dcb04a1b2e66 \
    --hash=sha256:43bca78665423cabae77146f2fe7ce55272b6c8d55d82cca83effd42c7e13972 \
    --hash=sha256:453895624ecf7db7063b1004e44037522bbaef9ff6a945e59bc71662d7a03abd \
    --hash=sha256:4860b603ddda0475a8885499b3729e90229d480105b42651962a5397d995fa89 \
    --hash=sha256:4be8b1d2a705cc37d08256004e1d07de143fa0075c8e85a3df020b776f62b732 \
    --hash=sha256:4e237e139f94d3c036fd28eb9f564c99055476ff4ff05cd42be55ce349b5aa02 \
    --hash=sha256:4fb8d2e7cb2f850b169806d61d1b991738acec96500a75c30f49caf064ce7cef \
    --hash=sha256:55d8f9b7b78c9538fc9e04e82ec0e888ff0c3cffcfad152c77e57cd09351a98a \
    --hash=sha256:58b1d94308ddf0b1982f61f2eb54bf92997c9ece8a8093ef014250f4a517906c \
    --hash=sha256:5d333a7127d4b307601ac37792bee01bb95c867cbfacf21b6375b804d6bbd723 \
    --hash=sha256:613fc4ee9eaef26dc5840666214dd6fbcebcf32f46e76f4abc473059f4e13dda \
    --hash=sha256:6142dbd80c4df62a5d899f0d616d417f84e0bc8d32526c8e5589019d75d028a7 \
    --hash=sha256:62ae3853454fe9ef283a03c96c2d835d39e84b14643a9d62c82ef0fb87d702ca \
    --hash=sha256:63c2c4c213f1a4e3f3de28ecab029dbdee976324e729c0d7a55211be72576b02 \
    --hash=sha256:656a042550878f12d45752452d47094b7cfe5ad1e9d7b87b5a22ad3ae5ff8015 \
    --hash=sha256:66c93681c4729e4e3ecba31b8179fae083ff3118841672835140338b4b9867c1 \
    --hash=sha256:6736718bd4fc49cbcb538ba30516fdbef161522acefb739657d48b97bd864fed \
    --hash=sha256:68700371c5d7ae1412862ddfa719090925c93ecf351c566d66f09d04b136ea00 \
    --hash=sha256:6c3d771a46ec18b12af06ce36243a9a80b07a5d0515236332d90863ca8bb326a \
    --hash=sha256:6c7fcf61d44cacecaf3aea542b0e053db77972a4573e7ceda16fb2b399161195 \
    --hash=sha256:6f249f8b860a200ad35193af961183ebe9132710484e6f6ce0cf89fd83c63a9a \
    --hash=sha256:73c4bd4f70294737b5206a3e8e30ccadbf8a60301831c8ea23eec5dbeea1ecfa \
    --hash=sha256:7559f72b94ae52659086c595dfa017cde03155f7832071d30959049052cb3ece \
    --hash=sha256:75808f6c38ce7749bb68cc2770161aae5045e6c6f6781a9782e74b93304399df \
    --hash=sha256:77c004fdc7b891967106f78ddfd7b076bfe6813c6139c6fff6aed3bcaa960b26 \
    --hash=sha256:7818f8d0a415be74d2be3590b0a1c1f463a642f4d0217e7d10602dceef5b79aa \
    --hash=sha256:7944270ae71383f6e2657dd7d5ce4eeb4ac2d0059a6738f0510583d462ab4842 \
    --hash=sha256:7bd530e6a530bb3ea892f194fafa455f3516ac25ecf7143fd33c09be62b0470a \
    --hash=sha256:8213afbe8a3a906fb9acb2014423fe3359ee783d0bf90995f70623a3217bfa6c \
    --hash=sha256:83bcf894486c9d78dd290d3c0124ff6dd8875d3025e2090a8ec49fcc37c55fdd \
    --hash=sha256:85264a90ff4c05c1568dd65f5921c837614b67c60358fb4c17df3b7f2e90690a \
    --hash=sha256:88647f43a73c4e01be19b04ceef0c8d3a1958153604d13c773becd8016f2a0cf \
    --hash=sha256:8895840ac4809e5f60c88fd07617cd71326e73d6e5a8aa783c5c0f7c24985de2 \
    --hash=sha256:8ba264fa49be666cd9cc56bf34ec7002fb3d27a4aee5bcb4d43d0d18feb1bb6f \
    --hash=sha256:8bff7073db3899158fff55ebf57b113a67030af26f80a18978f9f0aa60250ddf \
    --hash=sha256:8c43a8a973270fd173bf48cdf80bbe66312421cba68d40845034f174f2389049 \
    --hash=sha256:90bd6630002a1c7f09e7843dd79f0d24f3d2897cc25a753480917865d14f15b3 \
    --hash=sha256:90f628283be835db980c941767d41c9a27b5239e54ba0a9c1335247e82406964 \
    --hash=sha256:94068eb3ae6d43f5a786b7db96a406a34e6d5c24489feef32fd6e8946ea7b291 \
    --hash=sha256:980450826cf22e133c57e0835070bdd0dd3f73b9b708c3ce223def2cb9469e14 \
    --hash=sha256:99ab6ba7bfa2cb0f96a04e3652355bf04e3f51aceb1e943b8541dab7ba4828cc \
    --hash=sha256:9af8905b8f854990e40d5206aa5ac58d9b0fe0b7f351ff2bb086c20f6c8c6a47 \
    --hash=sha256:9baffb505aff33acc69b422a19f77806680f3c8632227d79f48de8a810d1c2c5 \
    --hash=sha256:9cdddb6c1207d284d94fd1530adf57fbd797fe7c4b8704ba85f49414f2557e7d \
    --hash=sha256:9e25b7088f9ccbfc0dfcaa52bf969300ca229e10ecf758974ebcbb080a4b37bb \
    --hash=sha256:a04df86b3f0fade39ec8fd0e0aab089b1da9fbd2b48df778a57ef96f5e7d38df \
    --hash=sha256:a05fa4f41f37ec97c9c260441a940450a192f78d774d2b097eee1379f1e1246a \
    --hash=sha256:a2999883eedf72fdfb7520b92c7d4ec2572a71ff40239377aa604cc529eecafc \
    --hash=sha256:aad1bff7f666b9598e573815affd666aac6a13a585dde336f843e33350c7fadc \
    --hash=sha256:abe76bcdba31e576cb83eeb8797aa0d882b738fef6dc65d0601fc753806a5b46 \
    --hash=sha256:ad3773236e95f7f33991eb125224b7da66f206504d032a253a02da7e134519fb \
    --hash=sha256:af03e34e860047bc7a352b842856fcf78798fbb81132cc98bd2f907ab4eb9cd2 \
    --hash=sha256:b1b964e3ab599e718dc46c018d104b1ebc007cbc6567d827c94a687fca56d77e \
    --hash=sha256:b1be5c35683684d5331b93600c210e8367c254683d8a6df6bd21bd2da3a334fb \
    --hash=sha256:b317c87a13f769a4e787819bd508aaa5d69aa09b0880de9af6d3a8a54571cdec \
    --hash=sha256:b3cc20c0d800af78fd0fac68086e28c1856cec51ea528bb81ea851aa40d39325 \
    --hash=sha256:b4e4bc98639ec915f512fde3aa7a95e0041d95d9c3cc86eea841fa63cb1e8600 \
    --hash=sha256:b5c30f3f04eef4fbd362226a6f31d7c8895ca4fbb6e0b790f6890a98d8da8559 \
    --hash=sha256:b5f077b44a4f7808520f66dae234988d867deb9aed9be5da057ce9ba831b2a41 \
    --hash=sha256:b6825cc329b290e93c5f6a9be2393118a763f6ccf6abd83704e0c102ca583644 \
    --hash=sha256:b8d2f912928d426e8cfa396f7f3f8d29a59e6689c86dcca3c420730c1096322b \
    --hash=sha256:b95d5e11fc712b752081183a55a244c03cd00570489edd7014d8899f8ceb8162 \
    --hash=sha256:b9a6528956191c48c52294a592dbd4a8386d7048bdb25c0efcb6b966466c6d83 \
    --hash=sha256:ba05adbf15d994c38ec0b7ab32e858e5110c21e9009a00a86545fd220f84e038 \
    --hash=sha256:c0f920015df2a504bebaba6d4c31ccf3fcf942f92655c086da30b671aad19aa6 \
    --hash=sha256:c396c1304de421050b3681ea70f371874b54d41b0151e96109758144c231e30b \
    --hash=sha256:c39f5b67a8a2e67179ada2a954227d670fe65fa9098457f698f56ddf248709b3 \
    --hash=sha256:c3df104083952a0e0c6f10de33e440eabe98fb6317d23e1a58c68f6df08d01b9 \
    --hash=sha256:c74005a7bb87752acf351c93897ec63ad77a07a0da7ecad9c050e32e7286ba34 \
    --hash=sha256:c93c629be4636cf54337bd5f06c104d55e42ced54d681f6fe21ae510a65116f6 \
    --hash=sha256:ca653c6546386227cd9800d1bef6a348099acf8db4250341da6d90f663d6dfcb \
    --hash=sha256:cacedb7a6e167680acba45ad5716e89067d225dc80da0d7040cae8c81d4572fa \
    --hash=sha256:cc68e231a77a5f0d774ae278a1f8e55c0456501820847c1e4efb3829f3441df6 \
    --hash=sha256:ce87129d9f2c14fa6c4a8601fb80eb4488c80d38a20cd13758ef11123e14995d \
    --hash=sha256:cea68bcd53467561ae2f96a6bdad1544299ba97b5b0ddcd5ac3d376e5c781c24 \
    --hash=sha256:cef8ac28d26f4dda3533060c20fbf80a325458fa9fd23ea72a73cdfa8e978838 \
    --hash=sha256:d0efbe45632665e53e3db8fe1e5692db58fc5cb9bab4459d570b83efefe11164 \
    --hash=sha256:d3858b908218ee108d0bbfb2095ccc237648053c9bf98affad7cb079acaf1d97 \
    --hash=sha256:de42116e69cb53b911cc34aee5ab98f36c597b822545045d49e938818b99e5e4 \
    --hash=sha256:df1d2a1996755b24b9ecee92cb4d36c28f86f464a6a173349c26bab41e94b8c2 \
    --hash=sha256:e07be2a9d7122bd6e82dea89814ef8dc893feb1aae97fec1630f3263bbb30e55 \
    --hash=sha256:e0b360f316d966b048b085857630b3cc51f3db2f07b06f440eac8f695374d1e3 \
    --hash=sha256:e10464d17df3b582745c25cec695cb9558bca2cb6ddb631aee1787fc72c767b2 \
    --hash=sha256:e3a8ae58895ac107ed934a6bf51e5846f95c53b9b940c2c6d310838fd5846358 \
    --hash=sha256:e4abbf391a70be864920858bf360f4fb380577c9a0f732438a1996726e2c195b \
    --hash=sha256:eaaea962c68cdc68d4a533ba985ab8e9484277910bbfaa2ab3ef7732667bfed8 \
    --hash=sha256:ed0954b524873214369184a9c82b0eaa45a3fbb9a798cd95b17e0d98499e7ea0 \
    --hash=sha256:edf2765d84e42447f112ad877af8fe1db0089aaec5b28e88d6eab45e7fe99cea \
    --hash=sha256:ef1013a8625c74043210190b246f5b1551e09757c1f356c6e4160ef96c5bc081 \
    --hash=sha256:efef4ac29c6ff495531eb17ee705b62841ecaa291b7c7077e848ea03e237164d \
    --hash=sha256:f3a5b10e8ce894825f380a8f1b6444cf73c294dfea62afbb2d13e3a9e630cec1 \
    --hash=sha256:f3df3d16ded76f1f8c9cdebd0e1ea55fdf4c23b812de189814da7cf229c22a81 \
    --hash=sha256:f414556f6e3958300ff941e40c9f97e3dc9774ddd1b3434c475d73dd354bbed3 \
    --hash=sha256:fc09f82e63d4bcd58149572f857a431bae851dc747e313c3b5bdf7abb907fda8 \
    --hash=sha256:fc0c0f878ea770a0a8a462456c5ad36fc9fe6358e6b76fdadc7f17575e0b8bf1 \
    --hash=sha256:fe71bca7d547acb17027c7fd1624ff8aae623499c498d3e7011182c4de5c25e0 \
    --hash=sha256:fea6e836d10abbe191d557d33bd58bd5987725fe63aa1eefe557d230209855bd
    # via
    #   jsonschema
    #   referencing
sse-starlette==3.4.4 \
    --hash=sha256:07e0fa0460138baf25cdd5fb28683472c3995dc1642225191b3832d62526bcb0 \
    --hash=sha256:3f4dd50d8aed2771a091f3a83000323fc3844541c16b4fe585ae2420cc6df973
    # via mcp
starlette==1.2.1 \
    --hash=sha256:4de0082d08c8f6764a85a54cf1120d6939507a19905c7768acad2a9f875d2b89 \
    --hash=sha256:9b9b5ebb992e67d6093741e63c2f59e4f6fff986f81163c087867bd7b924b3f6
    # via
    #   mcp
    #   sse-starlette
typing-extensions==4.15.0 \
    --hash=sha256:0cea48d173cc12fa28ecabc3b837ea3cf6f38c6d1136f85cbaaf598984861466 \
    --hash=sha256:f0fa19c6845758ab08074a0cfa8b7aecb71c999ca73d62883bc25cc018c4e548
    # via
    #   anyio
    #   pydantic
    #   pydantic-core
    #   referencing
    #   starlette
    #   typing-inspection
typing-inspection==0.4.2 \
    --hash=sha256:4ed1cacbdc298c220f1bd249ed5287caa16f34d44ef4e9c3d0cbad5b521545e7 \
    --hash=sha256:ba561c48a67c5958007083d386c3295464928b01faa735ab8547c5692e87f464
    # via
    #   pydantic
    #   pydantic-settings
uvicorn==0.48.0 ; sys_platform != 'emscripten' \
    --hash=sha256:48097851328b87ec36117d3d575234519eb58c2b22d79666e9bbc6c49a761dad \
    --hash=sha256:a5504207195d08c2511bf9125ede5ac4a4b71725d519e758d01dcf0bc2d31c37
    # via mcp
