--index-url https://pypi.org/simple
--extra-index-url https://download.pytorch.org/whl/cu129

filelock==3.29.0 \
    --hash=sha256:69974355e960702e789734cb4871f884ea6fe50bd8404051a3530bc07809cf90 \
    --hash=sha256:96f5f6344709aa1572bbf631c640e4ebeeb519e08da902c39a001882f30ac258
    # via torch
fsspec==2023.12.1 \
    --hash=sha256:6271f1d3075a378bfe432f6f42bf7e1d2a6ba74f78dd9b512385474c579146a0 \
    --hash=sha256:c4da01a35ac65c853f833e43f67802c25213f560820d54ddf248f92eddd5e990
    # via torch
jinja2==3.1.6 \
    --hash=sha256:85ece4451f492d0c13c5dd7c13a64681a86afae63a5f347908daf103ce6d2f67
    # via torch
markupsafe==3.0.3 \
    --hash=sha256:d6dd0be5b5b189d31db7cda48b91d7e0a9795f31430b7f271219ab30f1d3ac9d
    # via jinja2
mpmath==1.3.0 \
    --hash=sha256:7a28eb2a9774d00c7bc92411c19a89209d5da7c4c9a9e227be8330a23a25b91f \
    --hash=sha256:a0b2b9fe80bbcd81a6647ff13108738cfb482d481d826cc0e02f5b35e5c88d2c
    # via sympy
networkx==3.6.1 \
    --hash=sha256:26b7c357accc0c8cde558ad486283728b65b6a95d85ee1cd66bafab4c8168509 \
    --hash=sha256:d47fbf302e7d9cbbb9e2555a0d267983d2aa476bac30e90dfbe5669bd57f3762
    # via torch
nvidia-cublas-cu12==12.9.1.4 ; sys_platform == 'linux' \
    --hash=sha256:1e5fee10662e6e52bd71dec533fbbd4971bb70a5f24f3bc3793e5c2e9dc640bf \
    --hash=sha256:453611eb21a7c1f2c2156ed9f3a45b691deda0440ec550860290dc901af5b4c2 \
    --hash=sha256:7a950dae01add3b415a5a5cdc4ec818fb5858263e9cca59004bb99fdbbd3a5d6
    # via
    #   nvidia-cudnn-cu12
    #   nvidia-cusolver-cu12
    #   torch
nvidia-cuda-cupti-cu12==12.9.79 ; sys_platform == 'linux' \
    --hash=sha256:096bcf334f13e1984ba36685ad4c1d6347db214de03dbb6eebb237b41d9d934f \
    --hash=sha256:1848a9380067560d5bee10ed240eecc22991713e672c0515f9c3d9396adf93c8 \
    --hash=sha256:791853b030602c6a11d08b5578edfb957cadea06e9d3b26adbf8d036135a4afe
    # via torch
nvidia-cuda-nvrtc-cu12==12.9.86 ; sys_platform == 'linux' \
    --hash=sha256:096d4de6bda726415dfaf3198d4f5c522b8e70139c97feef5cd2ca6d4cd9cead \
    --hash=sha256:210cf05005a447e29214e9ce50851e83fc5f4358df8b453155d5e1918094dcb4 \
    --hash=sha256:72972ebdcf504d69462d3bcd67e7b81edd25d0fb85a2c46d3ea3517666636349
    # via torch
nvidia-cuda-runtime-cu12==12.9.79 ; sys_platform == 'linux' \
    --hash=sha256:25bba2dfb01d48a9b59ca474a1ac43c6ebf7011f1b0b8cc44f54eb6ac48a96c3 \
    --hash=sha256:83469a846206f2a733db0c42e223589ab62fd2fabac4432d2f8802de4bded0a4 \
    --hash=sha256:8e018af8fa02363876860388bd10ccb89eb9ab8fb0aa749aaf58430a9f7c4891
    # via torch
nvidia-cudnn-cu12==9.10.2.21 ; sys_platform == 'linux' \
    --hash=sha256:949452be657fa16687d0930933f032835951ef0892b37d2d53824d1a84dc97a8 \
    --hash=sha256:c6288de7d63e6cf62988f0923f96dc339cea362decb1bf5b3141883392a7d65e \
    --hash=sha256:c9132cc3f8958447b4910a1720036d9eff5928cc3179b0a51fb6d167c6cc87d8
    # via torch
nvidia-cufft-cu12==11.4.1.4 ; sys_platform == 'linux' \
    --hash=sha256:1a28c9b12260a1aa7a8fd12f5ebd82d027963d635ba82ff39a1acfa7c4c0fbcf \
    --hash=sha256:8e5bfaac795e93f80611f807d42844e8e27e340e0cde270dcb6c65386d795b80 \
    --hash=sha256:c67884f2a7d276b4b80eb56a79322a95df592ae5e765cf1243693365ccab4e28
    # via torch
nvidia-cufile-cu12==1.14.1.1 ; sys_platform == 'linux' \
    --hash=sha256:8dea77590761e02cb6dd955a57cb6414c58aa3cb1b7adbf9919869a11509cf65 \
    --hash=sha256:9552e2231792e94b1ff17bc99e958cc0e6bbbaa4a9d91fa2dbeed97716628fe6
    # via torch
nvidia-curand-cu12==10.3.10.19 ; sys_platform == 'linux' \
    --hash=sha256:49b274db4780d421bd2ccd362e1415c13887c53c214f0d4b761752b8f9f6aa1e \
    --hash=sha256:de663377feb1697e1d30ed587b07d5721fdd6d2015c738d7528a6002a6134d37 \
    --hash=sha256:e8129e6ac40dc123bd948e33d3e11b4aa617d87a583fa2f21b3210e90c743cde
    # via torch
nvidia-cusolver-cu12==11.7.5.82 ; sys_platform == 'linux' \
    --hash=sha256:15da72d1340d29b5b3cf3fd100e3cd53421dde36002eda6ed93811af63c40d88 \
    --hash=sha256:62efa83e4ace59a4c734d052bb72158e888aa7b770e1a5f601682f16fe5b4fd2 \
    --hash=sha256:77666337237716783c6269a658dea310195cddbd80a5b2919b1ba8735cec8efd
    # via torch
nvidia-cusparse-cu12==12.5.10.65 ; sys_platform == 'linux' \
    --hash=sha256:221c73e7482dd93eda44e65ce567c031c07e2f93f6fa0ecd3ba876a195023e83 \
    --hash=sha256:73060ce019ac064a057267c585bf1fd5a353734151f87472ff02b2c5c9984e78 \
    --hash=sha256:9e487468a22a1eaf1fbd1d2035936a905feb79c4ce5c2f67626764ee4f90227c
    # via
    #   nvidia-cusolver-cu12
    #   torch
nvidia-cusparselt-cu12==0.7.1 ; sys_platform == 'linux' \
    --hash=sha256:8878dce784d0fac90131b6817b607e803c36e629ba34dc5b433471382196b6a5 \
    --hash=sha256:f1bb701d6b930d5a7cea44c19ceb973311500847f81b634d802b7b539dc55623 \
    --hash=sha256:f67fbb5831940ec829c9117b7f33807db9f9678dc2a617fbe781cac17b4e1075
    # via torch
nvidia-nccl-cu12==2.27.5 ; sys_platform == 'linux' \
    --hash=sha256:31432ad4d1fb1004eb0c56203dc9bc2178a1ba69d1d9e02d64a6938ab5e40e7a \
    --hash=sha256:ad730cf15cb5d25fe849c6e6ca9eb5b76db16a80f13f425ac68d8e2e55624457
    # via torch
nvidia-nvjitlink-cu12==12.9.86 ; sys_platform == 'linux' \
    --hash=sha256:994a05ef08ef4b0b299829cde613a424382aff7efb08a7172c1fa616cc3af2ca \
    --hash=sha256:cc6fcec260ca843c10e34c936921a1c426b351753587fdd638e8cff7b16bb9db \
    --hash=sha256:e3f1171dbdc83c5932a45f0f4c99180a70de9bd2718c1ab77d14104f6d7147f9
    # via
    #   nvidia-cufft-cu12
    #   nvidia-cusolver-cu12
    #   nvidia-cusparse-cu12
    #   torch
nvidia-nvshmem-cu12==3.3.20 ; sys_platform == 'linux' \
    --hash=sha256:0b0b960da3842212758e4fa4696b94f129090b30e5122fea3c5345916545cff0 \
    --hash=sha256:d00f26d3f9b2e3c3065be895e3059d6479ea5c638a3f38c9fec49b1b9dd7c1e5
    # via torch
nvidia-nvtx-cu12==12.9.79 ; sys_platform == 'linux' \
    --hash=sha256:1f504e573b3a955e55aae6c747e2ae561b63fdcafcd591e43d18dae9875504f8 \
    --hash=sha256:d1f258e752294acdb4f61c3d31fee87bd0f60e459f1e2f624376369b524cd15d \
    --hash=sha256:fec150986817f2b4e7eed72ed059f2dcb9ba3856b9a96134e448eac946a6952f
    # via torch
setuptools==80.9.0 \
    --hash=sha256:062d34222ad13e0cc312a4c02d73f059e86a4acbfbdea8f8f76b28c99f306922 \
    --hash=sha256:f36b47402ecde768dbfafc46e8e4207b4360c654f1f3bb84475f0a28628fb19c
    # via torch
sympy==1.14.0 \
    --hash=sha256:d3d3fe8df1e5a0b42f0e7bdf50541697dbe7d23746e894990c030e2b05e72517 \
    --hash=sha256:e091cc3e99d2141a0ba2847328f5479b05d94a6635cb96148ccb3f34671bd8f5
    # via torch
torch==2.9.1+cu129 \
    --hash=sha256:0df90a06330f53bebb40b5740e5c24c0aad4e8b363d09b02379f1c12ab43564b \
    --hash=sha256:4559e1254e2c8e1a337758626d1cf33ca5a5ded3509fa012070334bf886b686b \
    --hash=sha256:5a2fd9c7b730ee44bfa0aa9731b025b4323ff512b84410a93ba88e8df5149c0b \
    --hash=sha256:5a990644f98b4db59630a5b9cf41711294fe621131dbc41e1488f3a665c8b320 \
    --hash=sha256:5adb25576c9cff0a25aab7e859f44121a5b150a6e319e027c27b55bf1ed57524 \
    --hash=sha256:5b12ee638825907c9dc4a700d84de7c01dcd2c4b30ae96b2f591d0fb7795c273 \
    --hash=sha256:794482180a4f2d92a960f470fcd47e066dbe2eeb27816880e618d3ce031805f7 \
    --hash=sha256:9968834a95e4b09f702549285f6210eade0d268b3b7e52b35aff1c6529fb8022 \
    --hash=sha256:a070a0c3d357b44a239810767f7509c3fce3146e051751410b50630b12486cc2 \
    --hash=sha256:aa843d96289c3211a640d381aac50b1903b6a6f7367e7e04aacfb34732dced64 \
    --hash=sha256:ab44cf28e6ca2df679f0845fb4b950c81834431218840ca01c0a1583892a0986 \
    --hash=sha256:b8bf86419f37f226a925b4b55b0aa227d77ff685fec0a7703fa77533b19bdc4e \
    --hash=sha256:c501c66fe5b0e2fc70f9d8a18e17a265f92ad1d1009dba03f5938d2f15a9066f \
    --hash=sha256:cbe8955514ace826d3638a5d5dc1faa2f9dda1de4de74941d2e86b1a0859477c
    # via -r templates/ray-data-sensor-frame-extraction/requirements.txt
triton==3.5.1 ; sys_platform == 'linux' \
    --hash=sha256:34e02e5406194a7071a703c9fddde133a590369a670ad81a9b4a0e98320617a9 \
    --hash=sha256:373d9450f9937c30c2cd55b571a6358e6711cec4a09aa9016108ce9445d2f543 \
    --hash=sha256:456604bb0cf4f265ca313ae88b025cbd8092c449e1ee22288b9bf7a3f36c7f28 \
    --hash=sha256:47697a0a9637d9bd2aef41d78d71e28a2b65b835a07f85dece0c89e196d482f5 \
    --hash=sha256:52b7b7e426a8b2cbc0352137cfdfd8f5e735bc6ba82cd1ad8f6c4773759b0e54 \
    --hash=sha256:5cc898a6930bfc2ce41c2554e879d35280cd78b5883d839f2eea94da7610a63a \
    --hash=sha256:61315bdd92e355416c557b844f9529784fd89f297b52109adb96575b190a0855 \
    --hash=sha256:707a25a2c2ee9609c6f07e5a24840eb15039f8b8a423d35945795674fe653df7 \
    --hash=sha256:8ce9bcedbd12b393d1309fb899e06818624c7e7765c5231ea5749850015c74d8 \
    --hash=sha256:a43b697d77f4f6fdb06c0f92d9ac1be916f04f103f78d8e536243cfa78bf9ec5 \
    --hash=sha256:c2f1e568db00f628a5bc8ed5b20bc492bff60708a41a5123096d380540a75870 \
    --hash=sha256:c5224dca158c1e0eb235e3c708bd19cefa968bad43d2fbb94b1d5fa397ebf5c5 \
    --hash=sha256:dabcfd04708e7608eaba4c78b5eec7729273d96c1ec8adf41db7fa3b12d05d04 \
    --hash=sha256:e5cfa13cb273cee1043fbf9cb61c4438deb16d57b37b2c277b945ef185890c66
    # via torch
typing-extensions==4.15.0 \
    --hash=sha256:0cea48d173cc12fa28ecabc3b837ea3cf6f38c6d1136f85cbaaf598984861466 \
    --hash=sha256:f0fa19c6845758ab08074a0cfa8b7aecb71c999ca73d62883bc25cc018c4e548
    # via torch
