--index-url https://pypi.org/simple

asttokens==3.0.1 \
    --hash=sha256:15a3ebc0f43c2d0a50eeafea25e19046c68398e487b9f1f5b517f7c0f40f976a \
    --hash=sha256:71a4ee5de0bde6a31d64f6b13f2293ac190344478f081c3d1bccfcf5eacb0cb7
    # via stack-data
backcall==0.2.0 \
    --hash=sha256:5cbdbf27be5e7cfadb448baf0aa95508f91f2bbc6c6437cd9cd06e2a4c215e1e \
    --hash=sha256:fbbce6a29f263178a1f7915c1940bde0ec2b2a967566fe1c65c1dfb7422bd255
    # via ipython
comm==0.2.3 \
    --hash=sha256:2dc8048c10962d55d7ad693be1e7045d891b7ce8d999c97963a5e3e99c055971 \
    --hash=sha256:c615d91d75f7f04f095b30d1c1711babd43bdc6419c1be9886a85f2f4e489417
    # via
    #   ipykernel
    #   ipywidgets
debugpy==1.8.20 \
    --hash=sha256:077a7447589ee9bc1ff0cdf443566d0ecf540ac8aa7333b775ebcb8ce9f4ecad \
    --hash=sha256:0dfd9adb4b3c7005e9c33df430bcdd4e4ebba70be533e0066e3a34d210041b66 \
    --hash=sha256:157e96ffb7f80b3ad36d808646198c90acb46fdcfd8bb1999838f0b6f2b59c64 \
    --hash=sha256:1f7650546e0eded1902d0f6af28f787fa1f1dbdbc97ddabaf1cd963a405930cb \
    --hash=sha256:20d6e64ea177ab6732bffd3ce8fc6fb8879c60484ce14c3b3fe183b1761459ca \
    --hash=sha256:352036a99dd35053b37b7803f748efc456076f929c6a895556932eaf2d23b07f \
    --hash=sha256:3ca85463f63b5dd0aa7aaa933d97cbc47c174896dcae8431695872969f981893 \
    --hash=sha256:4057ac68f892064e5f98209ab582abfee3b543fb55d2e87610ddc133a954d390 \
    --hash=sha256:4ae3135e2089905a916909ef31922b2d733d756f66d87345b3e5e52b7a55f13d \
    --hash=sha256:55bc8701714969f1ab89a6d5f2f3d40c36f91b2cbe2f65d98bf8196f6a6a2c33 \
    --hash=sha256:5be9bed9ae3be00665a06acaa48f8329d2b9632f15fd09f6a9a8c8d9907e54d7 \
    --hash=sha256:5dff4bb27027821fdfcc9e8f87309a28988231165147c31730128b1c983e282a \
    --hash=sha256:60f89411a6c6afb89f18e72e9091c3dfbcfe3edc1066b2043a1f80a3bbb3e11f \
    --hash=sha256:70ad9ae09b98ac307b82c16c151d27ee9d68ae007a2e7843ba621b5ce65333b5 \
    --hash=sha256:760813b4fff517c75bfe7923033c107104e76acfef7bda011ffea8736e9a66f8 \
    --hash=sha256:773e839380cf459caf73cc533ea45ec2737a5cc184cf1b3b796cd4fd98504fec \
    --hash=sha256:7de0b7dfeedc504421032afba845ae2a7bcc32ddfb07dae2c3ca5442f821c344 \
    --hash=sha256:84562982dd7cf5ebebfdea667ca20a064e096099997b175fe204e86817f64eaf \
    --hash=sha256:88f47850a4284b88bd2bfee1f26132147d5d504e4e86c22485dfa44b97e19b4b \
    --hash=sha256:9c74df62fc064cd5e5eaca1353a3ef5a5d50da5eb8058fcef63106f7bebe6173 \
    --hash=sha256:9eeed9f953f9a23850c85d440bf51e3c56ed5d25f8560eeb29add815bd32f7ee \
    --hash=sha256:a1a8f851e7cf171330679ef6997e9c579ef6dd33c9098458bd9986a0f4ca52e3 \
    --hash=sha256:a98eec61135465b062846112e5ecf2eebb855305acc1dfbae43b72903b8ab5be \
    --hash=sha256:b773eb026a043e4d9c76265742bc846f2f347da7e27edf7fe97716ea19d6bfc5 \
    --hash=sha256:bff8990f040dacb4c314864da95f7168c5a58a30a66e0eea0fb85e2586a92cd6 \
    --hash=sha256:c1178ae571aff42e61801a38b007af504ec8e05fde1c5c12e5a7efef21009642 \
    --hash=sha256:c29dd9d656c0fbd77906a6e6a82ae4881514aa3294b94c903ff99303e789b4a2 \
    --hash=sha256:da11dea6447b2cadbf8ce2bec59ecea87cc18d2c574980f643f2d2dfe4862393 \
    --hash=sha256:eada6042ad88fa1571b74bd5402ee8b86eded7a8f7b827849761700aff171f1b \
    --hash=sha256:eb506e45943cab2efb7c6eafdd65b842f3ae779f020c82221f55aca9de135ed7
    # via ipykernel
decorator==5.2.1 \
    --hash=sha256:65f266143752f734b0a7cc83c46f4618af75b8c5911b00ccb61d0ac9b6da0360 \
    --hash=sha256:d316bb415a2d9e2d2b3abcc4084c6502fc09240e292cd76a76afc106a1c8e04a
    # via ipython
executing==2.2.1 \
    --hash=sha256:3632cc370565f6648cc328b32435bd120a1e4ebb20c77e3fdde9a13cd1e533c4 \
    --hash=sha256:760643d3452b4d777d295bb167ccc74c64a81df23fb5e08eff250c425a4b2017
    # via stack-data
ipykernel==7.3.0 \
    --hash=sha256:897eb64da762549ef610698fca5e9675195ec6ac8ec7f19d81ce1ca20c876057 \
    --hash=sha256:9acaaaf97d16355166e4085afe9d225bfbdf2b7ef520f9df3be8f2b248275e09
    # via -r templates/xgboost-training-and-serving/requirements.txt
ipython==8.12.3 \
    --hash=sha256:3910c4b54543c2ad73d06579aa771041b7d5707b033bd488669b4cf544e3b363 \
    --hash=sha256:b0340d46a933d27c657b211a329d0be23793c36595acf9e6ef4164bc01a1804c
    # via
    #   ipykernel
    #   ipywidgets
ipywidgets==8.1.8 \
    --hash=sha256:61f969306b95f85fba6b6986b7fe45d73124d1d9e3023a8068710d47a22ea668 \
    --hash=sha256:ecaca67aed704a338f88f67b1181b58f821ab5dc89c1f0f5ef99db43c1c2921e
    # via -r templates/xgboost-training-and-serving/requirements.txt
jedi==0.19.2 \
    --hash=sha256:4770dc3de41bde3966b02eb84fbcf557fb33cce26ad23da12c742fb50ecb11f0 \
    --hash=sha256:a8ef22bde8490f57fe5c7681a3c83cb58874daf72b4784de3cce5b6ef6edb5b9
    # via ipython
jupyter-client==8.9.1 \
    --hash=sha256:0b7a295bc46e8751e9adae84781f726c851c1d911bd793edc4a3bde942e3da81 \
    --hash=sha256:a58f730dd9e728ba16ba1d62ebccf7ffe1ebbdbce4e95cfae941b7321ae1f4fa
    # via ipykernel
jupyter-core==5.9.1 \
    --hash=sha256:4d09aaff303b9566c3ce657f580bd089ff5c91f5f89cf7d8846c3cdf465b5508 \
    --hash=sha256:ebf87fdc6073d142e114c72c9e29a9d7ca03fad818c5d300ce2adc1fb0743407
    # via
    #   ipykernel
    #   jupyter-client
jupyterlab-widgets==3.0.16 \
    --hash=sha256:423da05071d55cf27a9e602216d35a3a65a3e41cdf9c5d3b643b814ce38c19e0 \
    --hash=sha256:45fa36d9c6422cf2559198e4db481aa243c7a32d9926b500781c830c80f7ecf8
    # via ipywidgets
matplotlib-inline==0.2.1 \
    --hash=sha256:d56ce5156ba6085e00a9d54fead6ed29a9c47e215cd1bba2e976ef39f5710a76 \
    --hash=sha256:e1ee949c340d771fc39e241ea75683deb94762c8fa5f2927ec57c83c4dffa9fe
    # via
    #   ipykernel
    #   ipython
nest-asyncio2==1.7.2 \
    --hash=sha256:1921d70b92cc4612c374928d081552efb59b83d91b2b789d935c665fa01729a8 \
    --hash=sha256:f5dfa702f3f81f6a03857e9a19e2ba578c0946a4ad417b4c50a24d7ba641fe01
    # via ipykernel
numpy==2.2.6 \
    --hash=sha256:038613e9fb8c72b0a41f025a7e4c3f0b7a1b5d768ece4796b674c8f3fe13efff \
    --hash=sha256:0678000bb9ac1475cd454c6b8c799206af8107e310843532b04d49649c717a47 \
    --hash=sha256:0811bb762109d9708cca4d0b13c4f67146e3c3b7cf8d34018c722adb2d957c84 \
    --hash=sha256:0b605b275d7bd0c640cad4e5d30fa701a8d59302e127e5f79138ad62762c3e3d \
    --hash=sha256:0bca768cd85ae743b2affdc762d617eddf3bcf8724435498a1e80132d04879e6 \
    --hash=sha256:1bc23a79bfabc5d056d106f9befb8d50c31ced2fbc70eedb8155aec74a45798f \
    --hash=sha256:287cc3162b6f01463ccd86be154f284d0893d2b3ed7292439ea97eafa8170e0b \
    --hash=sha256:37c0ca431f82cd5fa716eca9506aefcabc247fb27ba69c5062a6d3ade8cf8f49 \
    --hash=sha256:37e990a01ae6ec7fe7fa1c26c55ecb672dd98b19c3d0e1d1f326fa13cb38d163 \
    --hash=sha256:389d771b1623ec92636b0786bc4ae56abafad4a4c513d36a55dce14bd9ce8571 \
    --hash=sha256:3d70692235e759f260c3d837193090014aebdf026dfd167834bcba43e30c2a42 \
    --hash=sha256:41c5a21f4a04fa86436124d388f6ed60a9343a6f767fced1a8a71c3fbca038ff \
    --hash=sha256:481b49095335f8eed42e39e8041327c05b0f6f4780488f61286ed3c01368d491 \
    --hash=sha256:4eeaae00d789f66c7a25ac5f34b71a7035bb474e679f410e5e1a94deb24cf2d4 \
    --hash=sha256:55a4d33fa519660d69614a9fad433be87e5252f4b03850642f88993f7b2ca566 \
    --hash=sha256:5a6429d4be8ca66d889b7cf70f536a397dc45ba6faeb5f8c5427935d9592e9cf \
    --hash=sha256:5bd4fc3ac8926b3819797a7c0e2631eb889b4118a9898c84f585a54d475b7e40 \
    --hash=sha256:5beb72339d9d4fa36522fc63802f469b13cdbe4fdab4a288f0c441b74272ebfd \
    --hash=sha256:6031dd6dfecc0cf9f668681a37648373bddd6421fff6c66ec1624eed0180ee06 \
    --hash=sha256:71594f7c51a18e728451bb50cc60a3ce4e6538822731b2933209a1f3614e9282 \
    --hash=sha256:74d4531beb257d2c3f4b261bfb0fc09e0f9ebb8842d82a7b4209415896adc680 \
    --hash=sha256:7befc596a7dc9da8a337f79802ee8adb30a552a94f792b9c9d18c840055907db \
    --hash=sha256:894b3a42502226a1cac872f840030665f33326fc3dac8e57c607905773cdcde3 \
    --hash=sha256:8e41fd67c52b86603a91c1a505ebaef50b3314de0213461c7a6e99c9a3beff90 \
    --hash=sha256:8e9ace4a37db23421249ed236fdcdd457d671e25146786dfc96835cd951aa7c1 \
    --hash=sha256:8fc377d995680230e83241d8a96def29f204b5782f371c532579b4f20607a289 \
    --hash=sha256:9551a499bf125c1d4f9e250377c1ee2eddd02e01eac6644c080162c0c51778ab \
    --hash=sha256:b0544343a702fa80c95ad5d3d608ea3599dd54d4632df855e4c8d24eb6ecfa1c \
    --hash=sha256:b093dd74e50a8cba3e873868d9e93a85b78e0daf2e98c6797566ad8044e8363d \
    --hash=sha256:b412caa66f72040e6d268491a59f2c43bf03eb6c96dd8f0307829feb7fa2b6fb \
    --hash=sha256:b4f13750ce79751586ae2eb824ba7e1e8dba64784086c98cdbbcc6a42112ce0d \
    --hash=sha256:b64d8d4d17135e00c8e346e0a738deb17e754230d7e0810ac5012750bbd85a5a \
    --hash=sha256:ba10f8411898fc418a521833e014a77d3ca01c15b0c6cdcce6a0d2897e6dbbdf \
    --hash=sha256:bd48227a919f1bafbdda0583705e547892342c26fb127219d60a5c36882609d1 \
    --hash=sha256:c1f9540be57940698ed329904db803cf7a402f3fc200bfe599334c9bd84a40b2 \
    --hash=sha256:c820a93b0255bc360f53eca31a0e676fd1101f673dda8da93454a12e23fc5f7a \
    --hash=sha256:ce47521a4754c8f4593837384bd3424880629f718d87c5d44f8ed763edd63543 \
    --hash=sha256:d042d24c90c41b54fd506da306759e06e568864df8ec17ccc17e9e884634fd00 \
    --hash=sha256:de749064336d37e340f640b05f24e9e3dd678c57318c7289d222a8a2f543e90c \
    --hash=sha256:e1dda9c7e08dc141e0247a5b8f49cf05984955246a327d4c48bda16821947b2f \
    --hash=sha256:e29554e2bef54a90aa5cc07da6ce955accb83f21ab5de01a62c8478897b264fd \
    --hash=sha256:e3143e4451880bed956e706a3220b4e5cf6172ef05fcc397f6f36a550b1dd868 \
    --hash=sha256:e8213002e427c69c45a52bbd94163084025f533a55a59d6f9c5b820774ef3303 \
    --hash=sha256:efd28d4e9cd7d7a8d39074a4d44c63eda73401580c5c76acda2ce969e0a38e83 \
    --hash=sha256:f0fd6321b839904e15c46e0d257fdd101dd7f530fe03fd6359c1ea63738703f3 \
    --hash=sha256:f1372f041402e37e5e633e586f62aa53de2eac8d98cbfb822806ce4bbefcb74d \
    --hash=sha256:f2618db89be1b4e05f7a1a847a9c1c0abd63e63a1607d892dd54668dd92faf87 \
    --hash=sha256:f447e6acb680fd307f40d3da4852208af94afdfab89cf850986c3ca00562f4fa \
    --hash=sha256:f92729c95468a2f4f15e9bb94c432a9229d0d50de67304399627a943201baa2f \
    --hash=sha256:f9f1adb22318e121c5c69a09142811a201ef17ab257a1e66ca3025065b7f53ae \
    --hash=sha256:fc0c5673685c508a142ca65209b4e79ed6740a4ed6b2267dbba90f34b0b3cfda \
    --hash=sha256:fc7b73d02efb0e18c000e9ad8b83480dfcd5dfd11065997ed4c6747470ae8915 \
    --hash=sha256:fd83c01228a688733f1ded5201c678f0c53ecc1006ffbc404db9f7a899ac6249 \
    --hash=sha256:fe27749d33bb772c80dcd84ae7e8df2adc920ae8297400dabec45f0dedb3f6de \
    --hash=sha256:fee4236c876c4e8369388054d02d0e9bb84821feb1a64dd59e137e6511a551f8
    # via
    #   scipy
    #   xgboost
nvidia-nccl-cu12==2.30.4 ; sys_platform == 'linux' \
    --hash=sha256:040974b261edec4b8b793e59e92ab7176fe4ab4bc61b800f9f3bfaeec2d436f3 \
    --hash=sha256:606fa9aa9215c00367d060188eb1a5bbd28396aff5e11b9200d99d1a6ab79a71
    # via xgboost
packaging==26.1 \
    --hash=sha256:5d9c0669c6285e491e0ced2eee587eaf67b670d94a19e94e3984a481aba6802f \
    --hash=sha256:f042152b681c4bfac5cae2742a55e103d27ab2ec0f3d88037136b6bfe7c9c5de
    # via ipykernel
parso==0.8.6 \
    --hash=sha256:2b9a0332696df97d454fa67b81618fd69c35a7b90327cbe6ba5c92d2c68a7bfd \
    --hash=sha256:2c549f800b70a5c4952197248825584cb00f033b29c692671d3bf08bf380baff
    # via jedi
pexpect==4.8.0 ; sys_platform != 'win32' \
    --hash=sha256:0b48a55dcb3c05f3329815901ea4fc1537514d6ba867a152b581d69ae3710937 \
    --hash=sha256:fc65a43959d153d0114afe13997d439c22823a27cefceb5ff35c2178c6784c0c
    # via ipython
pickleshare==0.7.5 \
    --hash=sha256:87683d47965c1da65cdacaf31c8441d12b8044cdec9aca500cd78fc2c683afca \
    --hash=sha256:9649af414d74d4df115d5d718f82acb59c9d418196b7b4290ed47a12ce62df56
    # via ipython
platformdirs==4.9.6 \
    --hash=sha256:3bfa75b0ad0db84096ae777218481852c0ebc6c727b3168c1b9e0118e458cf0a \
    --hash=sha256:e61adb1d5e5cb3441b4b7710bea7e4c12250ca49439228cc1021c00dcfac0917
    # via jupyter-core
prompt-toolkit==3.0.52 \
    --hash=sha256:28cde192929c8e7321de85de1ddbe736f1375148b02f2e17edd840042b1be855 \
    --hash=sha256:9aac639a3bbd33284347de5ad8d68ecc044b91a762dc39b7c21095fcd6a19955
    # via ipython
psutil==5.9.8 \
    --hash=sha256:02615ed8c5ea222323408ceba16c60e99c3f91639b07da6373fb7e6539abc56d \
    --hash=sha256:05806de88103b25903dff19bb6692bd2e714ccf9e668d050d144012055cbca73 \
    --hash=sha256:26bd09967ae00920df88e0352a91cff1a78f8d69b3ecabbfe733610c0af486c8 \
    --hash=sha256:27cc40c3493bb10de1be4b3f07cae4c010ce715290a5be22b98493509c6299e2 \
    --hash=sha256:36f435891adb138ed3c9e58c6af3e2e6ca9ac2f365efe1f9cfef2794e6c93b4e \
    --hash=sha256:50187900d73c1381ba1454cf40308c2bf6f34268518b3f36a9b663ca87e65e36 \
    --hash=sha256:611052c4bc70432ec770d5d54f64206aa7203a101ec273a0cd82418c86503bb7 \
    --hash=sha256:6be126e3225486dff286a8fb9a06246a5253f4c7c53b475ea5f5ac934e64194c \
    --hash=sha256:7d79560ad97af658a0f6adfef8b834b53f64746d45b403f225b85c5c2c140eee \
    --hash=sha256:8cb6403ce6d8e047495a701dc7c5bd788add903f8986d523e3e20b98b733e421 \
    --hash=sha256:8db4c1b57507eef143a15a6884ca10f7c73876cdf5d51e713151c1236a0e68cf \
    --hash=sha256:aee678c8720623dc456fa20659af736241f575d79429a0e5e9cf88ae0605cc81 \
    --hash=sha256:bc56c2a1b0d15aa3eaa5a60c9f3f8e3e565303b465dbf57a1b730e7a2b9844e0 \
    --hash=sha256:bd1184ceb3f87651a67b2708d4c3338e9b10c5df903f2e3776b62303b26cb631 \
    --hash=sha256:d06016f7f8625a1825ba3732081d77c94589dca78b7a3fc072194851e88461a4 \
    --hash=sha256:d16bbddf0693323b8c6123dd804100241da461e41d6e332fb0ba6058f630f8c8
    # via ipykernel
ptyprocess==0.7.0 ; sys_platform != 'win32' \
    --hash=sha256:4b41f3967fce3af57cc7e94b888626c18bf37a083e3651ca8feeb66d492fef35 \
    --hash=sha256:5c5d0a3b48ceee0b48485e0c26037c0acd7d29765ca3fbb5cb3831d347423220
    # via pexpect
pure-eval==0.2.3 \
    --hash=sha256:1db8e35b67b3d218d818ae653e27f06c3aa420901fa7b081ca98cbedc874e0d0 \
    --hash=sha256:5f4e983f40564c576c7c8635ae88db5956bb2229d7e9237d03b3c0b0190eaf42
    # via stack-data
pygments==2.18.0 \
    --hash=sha256:786ff802f32e91311bff3889f6e9a86e81505fe99f2735bb6d60ae0c5004f199 \
    --hash=sha256:b8e6aca0523f3ab76fee51799c488e38782ac06eafcf95e7ba832985c8e7b13a
    # via ipython
python-dateutil==2.9.0.post0 \
    --hash=sha256:37dd54208da7e1cd875388217d5e00ebd4179249f90fb72437e91a35459a0ad3 \
    --hash=sha256:a8b2bc7bffae282281c8140a97d3aa9c14da0b136dfe83f850eea9a5f7470427
    # via jupyter-client
pyzmq==27.1.0 \
    --hash=sha256:01c0e07d558b06a60773744ea6251f769cd79a41a97d11b8bf4ab8f034b0424d \
    --hash=sha256:01f9437501886d3a1dd4b02ef59fb8cc384fa718ce066d52f175ee49dd5b7ed8 \
    --hash=sha256:03ff0b279b40d687691a6217c12242ee71f0fba28bf8626ff50e3ef0f4410e1e \
    --hash=sha256:05b12f2d32112bf8c95ef2e74ec4f1d4beb01f8b5e703b38537f8849f92cb9ba \
    --hash=sha256:0790a0161c281ca9723f804871b4027f2e8b5a528d357c8952d08cd1a9c15581 \
    --hash=sha256:08363b2011dec81c354d694bdecaef4770e0ae96b9afea70b3f47b973655cc05 \
    --hash=sha256:08e90bb4b57603b84eab1d0ca05b3bbb10f60c1839dc471fc1c9e1507bef3386 \
    --hash=sha256:0c996ded912812a2fcd7ab6574f4ad3edc27cb6510349431e4930d4196ade7db \
    --hash=sha256:0de3028d69d4cdc475bfe47a6128eb38d8bc0e8f4d69646adfbcd840facbac28 \
    --hash=sha256:15c8bd0fe0dabf808e2d7a681398c4e5ded70a551ab47482067a572c054c8e2e \
    --hash=sha256:1779be8c549e54a1c38f805e56d2a2e5c009d26de10921d7d51cfd1c8d4632ea \
    --hash=sha256:18339186c0ed0ce5835f2656cdfb32203125917711af64da64dbaa3d949e5a1b \
    --hash=sha256:18770c8d3563715387139060d37859c02ce40718d1faf299abddcdcc6a649066 \
    --hash=sha256:190cbf120fbc0fc4957b56866830def56628934a9d112aec0e2507aa6a032b97 \
    --hash=sha256:19c9468ae0437f8074af379e986c5d3d7d7bfe033506af442e8c879732bedbe0 \
    --hash=sha256:1c179799b118e554b66da67d88ed66cd37a169f1f23b5d9f0a231b4e8d44a113 \
    --hash=sha256:1f0b2a577fd770aa6f053211a55d1c47901f4d537389a034c690291485e5fe92 \
    --hash=sha256:1f8426a01b1c4098a750973c37131cf585f61c7911d735f729935a0c701b68d3 \
    --hash=sha256:226b091818d461a3bef763805e75685e478ac17e9008f49fce2d3e52b3d58b86 \
    --hash=sha256:250e5436a4ba13885494412b3da5d518cd0d3a278a1ae640e113c073a5f88edd \
    --hash=sha256:346e9ba4198177a07e7706050f35d733e08c1c1f8ceacd5eb6389d653579ffbc \
    --hash=sha256:3837439b7f99e60312f0c926a6ad437b067356dc2bc2ec96eb395fd0fe804233 \
    --hash=sha256:3970778e74cb7f85934d2b926b9900e92bfe597e62267d7499acc39c9c28e345 \
    --hash=sha256:43ad9a73e3da1fab5b0e7e13402f0b2fb934ae1c876c51d0afff0e7c052eca31 \
    --hash=sha256:448f9cb54eb0cee4732b46584f2710c8bc178b0e5371d9e4fc8125201e413a74 \
    --hash=sha256:452631b640340c928fa343801b0d07eb0c3789a5ffa843f6e1a9cee0ba4eb4fc \
    --hash=sha256:49d3980544447f6bd2968b6ac913ab963a49dcaa2d4a2990041f16057b04c429 \
    --hash=sha256:4a19387a3dddcc762bfd2f570d14e2395b2c9701329b266f83dd87a2b3cbd381 \
    --hash=sha256:4c618fbcd069e3a29dcd221739cacde52edcc681f041907867e0f5cc7e85f172 \
    --hash=sha256:50081a4e98472ba9f5a02850014b4c9b629da6710f8f14f3b15897c666a28f1b \
    --hash=sha256:507b6f430bdcf0ee48c0d30e734ea89ce5567fd7b8a0f0044a369c176aa44556 \
    --hash=sha256:508e23ec9bc44c0005c4946ea013d9317ae00ac67778bd47519fdf5a0e930ff4 \
    --hash=sha256:510869f9df36ab97f89f4cff9d002a89ac554c7ac9cadd87d444aa4cf66abd27 \
    --hash=sha256:53b40f8ae006f2734ee7608d59ed661419f087521edbfc2149c3932e9c14808c \
    --hash=sha256:544b4e3b7198dde4a62b8ff6685e9802a9a1ebf47e77478a5eb88eca2a82f2fd \
    --hash=sha256:5bbf8d3630bf96550b3be8e1fc0fea5cbdc8d5466c1192887bd94869da17a63e \
    --hash=sha256:677e744fee605753eac48198b15a2124016c009a11056f93807000ab11ce6526 \
    --hash=sha256:6bb54ca21bcfe361e445256c15eedf083f153811c37be87e0514934d6913061e \
    --hash=sha256:6df079c47d5902af6db298ec92151db82ecb557af663098b92f2508c398bb54f \
    --hash=sha256:6f3afa12c392f0a44a2414056d730eebc33ec0926aae92b5ad5cf26ebb6cc128 \
    --hash=sha256:7200bb0f03345515df50d99d3db206a0a6bee1955fbb8c453c76f5bf0e08fb96 \
    --hash=sha256:722ea791aa233ac0a819fc2c475e1292c76930b31f1d828cb61073e2fe5e208f \
    --hash=sha256:726b6a502f2e34c6d2ada5e702929586d3ac948a4dbbb7fed9854ec8c0466027 \
    --hash=sha256:753d56fba8f70962cd8295fb3edb40b9b16deaa882dd2b5a3a2039f9ff7625aa \
    --hash=sha256:75a2f36223f0d535a0c919e23615fc85a1e23b71f40c7eb43d7b1dedb4d8f15f \
    --hash=sha256:7be883ff3d722e6085ee3f4afc057a50f7f2e0c72d289fd54df5706b4e3d3a50 \
    --hash=sha256:7ccc0700cfdf7bd487bea8d850ec38f204478681ea02a582a8da8171b7f90a1c \
    --hash=sha256:8085a9fba668216b9b4323be338ee5437a235fe275b9d1610e422ccc279733e2 \
    --hash=sha256:80d834abee71f65253c91540445d37c4c561e293ba6e741b992f20a105d69146 \
    --hash=sha256:849ca054d81aa1c175c49484afaaa5db0622092b5eccb2055f9f3bb8f703782d \
    --hash=sha256:90e6e9441c946a8b0a667356f7078d96411391a3b8f80980315455574177ec97 \
    --hash=sha256:93ad4b0855a664229559e45c8d23797ceac03183c7b6f5b4428152a6b06684a5 \
    --hash=sha256:9541c444cfe1b1c0156c5c86ece2bb926c7079a18e7b47b0b1b3b1b875e5d098 \
    --hash=sha256:96c71c32fff75957db6ae33cd961439f386505c6e6b377370af9b24a1ef9eafb \
    --hash=sha256:9a916f76c2ab8d045b19f2286851a38e9ac94ea91faf65bd64735924522a8b32 \
    --hash=sha256:9c1790386614232e1b3a40a958454bdd42c6d1811837b15ddbb052a032a43f62 \
    --hash=sha256:9ce490cf1d2ca2ad84733aa1d69ce6855372cb5ce9223802450c9b2a7cba0ccf \
    --hash=sha256:a1aa0ee920fb3825d6c825ae3f6c508403b905b698b6460408ebd5bb04bbb312 \
    --hash=sha256:a5b42d7a0658b515319148875fcb782bbf118dd41c671b62dae33666c2213bda \
    --hash=sha256:ac0765e3d44455adb6ddbf4417dcce460fc40a05978c08efdf2948072f6db540 \
    --hash=sha256:ac25465d42f92e990f8d8b0546b01c391ad431c3bf447683fdc40565941d0604 \
    --hash=sha256:ad68808a61cbfbbae7ba26d6233f2a4aa3b221de379ce9ee468aa7a83b9c36b0 \
    --hash=sha256:add071b2d25f84e8189aaf0882d39a285b42fa3853016ebab234a5e78c7a43db \
    --hash=sha256:b1267823d72d1e40701dcba7edc45fd17f71be1285557b7fe668887150a14b78 \
    --hash=sha256:b2e592db3a93128daf567de9650a2f3859017b3f7a66bc4ed6e4779d6034976f \
    --hash=sha256:b721c05d932e5ad9ff9344f708c96b9e1a485418c6618d765fca95d4daacfbef \
    --hash=sha256:bafcb3dd171b4ae9f19ee6380dfc71ce0390fefaf26b504c0e5f628d7c8c54f2 \
    --hash=sha256:bd67e7c8f4654bef471c0b1ca6614af0b5202a790723a58b79d9584dc8022a78 \
    --hash=sha256:bf7b38f9fd7b81cb6d9391b2946382c8237fd814075c6aa9c3b746d53076023b \
    --hash=sha256:c0bb87227430ee3aefcc0ade2088100e528d5d3298a0a715a64f3d04c60ba02f \
    --hash=sha256:c17e03cbc9312bee223864f1a2b13a99522e0dc9f7c5df0177cd45210ac286e6 \
    --hash=sha256:c65047adafe573ff023b3187bb93faa583151627bc9c51fc4fb2c561ed689d39 \
    --hash=sha256:c895a6f35476b0c3a54e3eb6ccf41bf3018de937016e6e18748317f25d4e925f \
    --hash=sha256:c9f7f6e13dff2e44a6afeaf2cf54cee5929ad64afaf4d40b50f93c58fc687355 \
    --hash=sha256:ce980af330231615756acd5154f29813d553ea555485ae712c491cd483df6b7a \
    --hash=sha256:cedc4c68178e59a4046f97eca31b148ddcf51e88677de1ef4e78cf06c5376c9a \
    --hash=sha256:cf44a7763aea9298c0aa7dbf859f87ed7012de8bda0f3977b6fb1d96745df856 \
    --hash=sha256:d54530c8c8b5b8ddb3318f481297441af102517602b569146185fa10b63f4fa9 \
    --hash=sha256:da96ecdcf7d3919c3be2de91a8c513c186f6762aa6cf7c01087ed74fad7f0968 \
    --hash=sha256:dc5dbf68a7857b59473f7df42650c621d7e8923fb03fa74a526890f4d33cc4d7 \
    --hash=sha256:dd2fec2b13137416a1c5648b7009499bcc8fea78154cd888855fa32514f3dad1 \
    --hash=sha256:df7cd397ece96cf20a76fae705d40efbab217d217897a5053267cd88a700c266 \
    --hash=sha256:e2687c2d230e8d8584fbea433c24382edfeda0c60627aca3446aa5e58d5d1831 \
    --hash=sha256:e30a74a39b93e2e1591b58eb1acef4902be27c957a8720b0e368f579b82dc22f \
    --hash=sha256:e343d067f7b151cfe4eb3bb796a7752c9d369eed007b91231e817071d2c2fec7 \
    --hash=sha256:e829529fcaa09937189178115c49c504e69289abd39967cd8a4c215761373394 \
    --hash=sha256:eca6b47df11a132d1745eb3b5b5e557a7dae2c303277aa0e69c6ba91b8736e07 \
    --hash=sha256:f30f395a9e6fbca195400ce833c731e7b64c3919aa481af4d88c3759e0cb7496 \
    --hash=sha256:f328d01128373cb6763823b2b4e7f73bdf767834268c565151eacb3b7a392f90 \
    --hash=sha256:f605d884e7c8be8fe1aa94e0a783bf3f591b84c24e4bc4f3e7564c82ac25e271 \
    --hash=sha256:fbb4f2400bfda24f12f009cba62ad5734148569ff4949b1b6ec3b519444342e6 \
    --hash=sha256:ff8d114d14ac671d88c89b9224c63d6c4e5a613fe8acd5594ce53d752a3aafe9
    # via
    #   ipykernel
    #   jupyter-client
scipy==1.17.1 \
    --hash=sha256:010f4333c96c9bb1a4516269e33cb5917b08ef2166d5556ca2fd9f082a9e6ea0 \
    --hash=sha256:02ae3b274fde71c5e92ac4d54bc06c42d80e399fec704383dcd99b301df37458 \
    --hash=sha256:08b900519463543aa604a06bec02461558a6e1cef8fdbb8098f77a48a83c8118 \
    --hash=sha256:131f5aaea57602008f9822e2115029b55d4b5f7c070287699fe45c661d051e39 \
    --hash=sha256:158dd96d2207e21c966063e1635b1063cd7787b627b6f07305315dd73d9c679e \
    --hash=sha256:1cc682cea2ae55524432f3cdff9e9a3be743d52a7443d0cba9017c23c87ae2f6 \
    --hash=sha256:1f95b894f13729334fb990162e911c9e5dc1ab390c58aa6cbecb389c5b5e28ec \
    --hash=sha256:200e1050faffacc162be6a486a984a0497866ec54149a01270adc8a59b7c7d21 \
    --hash=sha256:2040ad4d1795a0ae89bfc7e8429677f365d45aa9fd5e4587cf1ea737f927b4a1 \
    --hash=sha256:2b64ca7d4aee0102a97f3ba22124052b4bd2152522355073580bf4845e2550b6 \
    --hash=sha256:2ceb2d3e01c5f1d83c4189737a42d9cb2fc38a6eeed225e7515eef71ad301dce \
    --hash=sha256:35c3a56d2ef83efc372eaec584314bd0ef2e2f0d2adb21c55e6ad5b344c0dcb8 \
    --hash=sha256:37425bc9175607b0268f493d79a292c39f9d001a357bebb6b88fdfaff13f6448 \
    --hash=sha256:3877ac408e14da24a6196de0ddcace62092bfc12a83823e92e49e40747e52c19 \
    --hash=sha256:3fd1fcdab3ea951b610dc4cef356d416d5802991e7e32b5254828d342f7b7e0b \
    --hash=sha256:41b71f4a3a4cab9d366cd9065b288efc4d4f3c0b37a91a8e0947fb5bd7f31d87 \
    --hash=sha256:43af8d1f3bea642559019edfe64e9b11192a8978efbd1539d7bc2aaa23d92de4 \
    --hash=sha256:45abad819184f07240d8a696117a7aacd39787af9e0b719d00285549ed19a1e9 \
    --hash=sha256:4b400bdc6f79fa02a4d86640310dde87a21fba0c979efff5248908c6f15fad1b \
    --hash=sha256:4eb6c25dd62ee8d5edf68a8e1c171dd71c292fdae95d8aeb3dd7d7de4c364082 \
    --hash=sha256:581b2264fc0aa555f3f435a5944da7504ea3a065d7029ad60e7c3d1ae09c5464 \
    --hash=sha256:5cf36e801231b6a2059bf354720274b7558746f3b1a4efb43fcf557ccd484a87 \
    --hash=sha256:5e3c5c011904115f88a39308379c17f91546f77c1667cea98739fe0fccea804c \
    --hash=sha256:6609bc224e9568f65064cfa72edc0f24ee6655b47575954ec6339534b2798369 \
    --hash=sha256:6e3dcd57ab780c741fde8dc68619de988b966db759a3c3152e8e9142c26295ad \
    --hash=sha256:6fac755ca3d2c3edcb22f479fceaa241704111414831ddd3bc6056e18516892f \
    --hash=sha256:744b2bf3640d907b79f3fd7874efe432d1cf171ee721243e350f55234b4cec4c \
    --hash=sha256:74cbb80d93260fe2ffa334efa24cb8f2f0f622a9b9febf8b483c0b865bfb3475 \
    --hash=sha256:766e0dc5a616d026a3a1cffa379af959671729083882f50307e18175797b3dfd \
    --hash=sha256:7bdf2da170b67fdf10bca777614b1c7d96ae3ca5794fd9587dce41eb2966e866 \
    --hash=sha256:7ff200bf9d24f2e4d5dc6ee8c3ac64d739d3a89e2326ba68aaf6c4a2b838fd7d \
    --hash=sha256:844e165636711ef41f80b4103ed234181646b98a53c8f05da12ca5ca289134f6 \
    --hash=sha256:8a604bae87c6195d8b1045eddece0514d041604b14f2727bbc2b3020172045eb \
    --hash=sha256:94055a11dfebe37c656e70317e1996dc197e1a15bbcc351bcdd4610e128fe1ca \
    --hash=sha256:95d8e012d8cb8816c226aef832200b1d45109ed4464303e997c5b13122b297c0 \
    --hash=sha256:9cdc1a2fcfd5c52cfb3045feb399f7b3ce822abdde3a193a6b9a60b3cb5854ca \
    --hash=sha256:9ecb4efb1cd6e8c4afea0daa91a87fbddbce1b99d2895d151596716c0b2e859d \
    --hash=sha256:a3472cfbca0a54177d0faa68f697d8ba4c80bbdc19908c3465556d9f7efce9ee \
    --hash=sha256:a4328d245944d09fd639771de275701ccadf5f781ba0ff092ad141e017eccda4 \
    --hash=sha256:a48a72c77a310327f6a3a920092fa2b8fd03d7deaa60f093038f22d98e096717 \
    --hash=sha256:a720477885a9d2411f94a93d16f9d89bad0f28ca23c3f8daa521e2dcc3f44d49 \
    --hash=sha256:a77cbd07b940d326d39a1d1b37817e2ee4d79cb30e7338f3d0cddffae70fcaa2 \
    --hash=sha256:a9956e4d4f4a301ebf6cde39850333a6b6110799d470dbbb1e25326ac447f52a \
    --hash=sha256:adb2642e060a6549c343603a3851ba76ef0b74cc8c079a9a58121c7ec9fe2350 \
    --hash=sha256:beeda3d4ae615106d7094f7e7cef6218392e4465cc95d25f900bebabfded0950 \
    --hash=sha256:c80be5ede8f3f8eded4eff73cc99a25c388ce98e555b17d31da05287015ffa5b \
    --hash=sha256:cc90d2e9c7e5c7f1a482c9875007c095c3194b1cfedca3c2f3291cdc2bc7c086 \
    --hash=sha256:cd96a1898c0a47be4520327e01f874acfd61fb48a9420f8aa9f6483412ffa444 \
    --hash=sha256:d2650c1fb97e184d12d8ba010493ee7b322864f7d3d00d3f9bb97d9c21de4068 \
    --hash=sha256:d30e57c72013c2a4fe441c2fcb8e77b14e152ad48b5464858e07e2ad9fbfceff \
    --hash=sha256:d59c30000a16d8edc7e64152e30220bfbd724c9bbb08368c054e24c651314f0a \
    --hash=sha256:dbc12c9f3d185f5c737d801da555fb74b3dcfa1a50b66a1a93e09190f41fab50 \
    --hash=sha256:e18f12c6b0bc5a592ed23d3f7b891f68fd7f8241d69b7883769eb5d5dfb52696 \
    --hash=sha256:e19ebea31758fac5893a2ac360fedd00116cbb7628e650842a6691ba7ca28a21 \
    --hash=sha256:e30bdeaa5deed6bc27b4cc490823cd0347d7dae09119b8803ae576ea0ce52e4c \
    --hash=sha256:eb092099205ef62cd1782b006658db09e2fed75bffcae7cc0d44052d8aa0f484 \
    --hash=sha256:eee2cfda04c00a857206a4330f0c5e3e56535494e30ca445eb19ec624ae75118 \
    --hash=sha256:f4115102802df98b2b0db3cce5cb9b92572633a1197c77b7553e5203f284a5b3 \
    --hash=sha256:f590cd684941912d10becc07325a3eeb77886fe981415660d9265c4c418d0bea \
    --hash=sha256:f8885db0bc2bffa59d5c1b72fad7a6a92d3e80e7257f967dd81abb553a90d293 \
    --hash=sha256:fcb310ddb270a06114bb64bbe53c94926b943f5b7f0842194d585c65eb4edd76
    # via xgboost
six==1.17.0 \
    --hash=sha256:4721f391ed90541fddacab5acf947aa0d3dc7d27b2e1e8eda2be8970586c3274 \
    --hash=sha256:ff70335d468e7eb6ec65b95b99d3a2836546063f63acc5171de367e834932a81
    # via python-dateutil
stack-data==0.6.3 \
    --hash=sha256:836a778de4fec4dcd1dcd89ed8abff8a221f58308462e1c4aa2a3cf30148f0b9 \
    --hash=sha256:d5558e0c25a4cb0853cddad3d77da9891a08cb85dd9f9f91b9f8cd66e511e695
    # via ipython
tornado==6.5.5 \
    --hash=sha256:192b8f3ea91bd7f1f50c06955416ed76c6b72f96779b962f07f911b91e8d30e9 \
    --hash=sha256:2c9a876e094109333f888539ddb2de4361743e5d21eece20688e3e351e4990a6 \
    --hash=sha256:36abed1754faeb80fbd6e64db2758091e1320f6bba74a4cf8c09cd18ccce8aca \
    --hash=sha256:3f54aa540bdbfee7b9eb268ead60e7d199de5021facd276819c193c0fb28ea4e \
    --hash=sha256:435319e9e340276428bbdb4e7fa732c2d399386d1de5686cb331ec8eee754f07 \
    --hash=sha256:487dc9cc380e29f58c7ab88f9e27cdeef04b2140862e5076a66fb6bb68bb1bfa \
    --hash=sha256:6443a794ba961a9f619b1ae926a2e900ac20c34483eea67be4ed8f1e58d3ef7b \
    --hash=sha256:65a7f1d46d4bb41df1ac99f5fcb685fb25c7e61613742d5108b010975a9a6521 \
    --hash=sha256:dd3eafaaeec1c7f2f8fdcd5f964e8907ad788fe8a5a32c4426fbbdda621223b7 \
    --hash=sha256:e74c92e8e65086b338fd56333fb9a68b9f6f2fe7ad532645a290a464bcf46be5
    # via
    #   ipykernel
    #   jupyter-client
traitlets==5.14.3 \
    --hash=sha256:9ed0579d3502c94b4b3732ac120375cda96f923114522847de4b3bb98b96b6b7 \
    --hash=sha256:b74e89e397b1ed28cc831db7aea759ba6640cb3de13090ca145426688ff1ac4f
    # via
    #   ipykernel
    #   ipython
    #   ipywidgets
    #   jupyter-client
    #   jupyter-core
    #   matplotlib-inline
typing-extensions==4.15.0 \
    --hash=sha256:0cea48d173cc12fa28ecabc3b837ea3cf6f38c6d1136f85cbaaf598984861466 \
    --hash=sha256:f0fa19c6845758ab08074a0cfa8b7aecb71c999ca73d62883bc25cc018c4e548
    # via jupyter-client
wcwidth==0.6.0 \
    --hash=sha256:1a3a1e510b553315f8e146c54764f4fb6264ffad731b3d78088cdb1478ffbdad \
    --hash=sha256:cdc4e4262d6ef9a1a57e018384cbeb1208d8abbc64176027e2c2455c81313159
    # via prompt-toolkit
widgetsnbextension==4.0.15 \
    --hash=sha256:8156704e4346a571d9ce73b84bee86a29906c9abfd7223b7228a28899ccf3366 \
    --hash=sha256:de8610639996f1567952d763a5a41af8af37f2575a41f9852a38f947eb82a3b9
    # via ipywidgets
xgboost==3.2.0 \
    --hash=sha256:0d169736fd836fc13646c7ab787167b3a8110351c2c6bc770c755ee1618f0442 \
    --hash=sha256:2f661966d3e322536d9c448090a870fcba1e32ee5760c10b7c46bac7a342079a \
    --hash=sha256:852eabc6d3b3702a59bf78dbfdcd1cb9c4d3a3b6e5ed1f8781d8b9512354fdd2 \
    --hash=sha256:99b0e9a2a64896cdaf509c5e46372d336c692406646d20f2af505003c0c5d70d \
    --hash=sha256:99b4a6bbcb47212fec5cf5fbe12347215f073c08967431b0122cfbd1ee70312c \
    --hash=sha256:eabbd40d474b8dbf6cb3536325f9150b9e6f0db32d18de9914fb3227d0bef5b7
    # via -r templates/xgboost-training-and-serving/requirements.txt
