--index-url https://pypi.org/simple
--extra-index-url https://download.pytorch.org/whl/cu128

filelock==3.29.0 \
    --hash=sha256:69974355e960702e789734cb4871f884ea6fe50bd8404051a3530bc07809cf90 \
    --hash=sha256:96f5f6344709aa1572bbf631c640e4ebeeb519e08da902c39a001882f30ac258
    # via torch
fsspec==2023.12.1 \
    --hash=sha256:6271f1d3075a378bfe432f6f42bf7e1d2a6ba74f78dd9b512385474c579146a0 \
    --hash=sha256:c4da01a35ac65c853f833e43f67802c25213f560820d54ddf248f92eddd5e990
    # via torch
jinja2==3.1.6 \
    --hash=sha256:85ece4451f492d0c13c5dd7c13a64681a86afae63a5f347908daf103ce6d2f67
    # via torch
markupsafe==3.0.3 \
    --hash=sha256:d6dd0be5b5b189d31db7cda48b91d7e0a9795f31430b7f271219ab30f1d3ac9d
    # via jinja2
mpmath==1.3.0 \
    --hash=sha256:7a28eb2a9774d00c7bc92411c19a89209d5da7c4c9a9e227be8330a23a25b91f \
    --hash=sha256:a0b2b9fe80bbcd81a6647ff13108738cfb482d481d826cc0e02f5b35e5c88d2c
    # via sympy
networkx==3.6.1 \
    --hash=sha256:26b7c357accc0c8cde558ad486283728b65b6a95d85ee1cd66bafab4c8168509 \
    --hash=sha256:d47fbf302e7d9cbbb9e2555a0d267983d2aa476bac30e90dfbe5669bd57f3762
    # via torch
numpy==1.26.4 \
    --hash=sha256:03a8c78d01d9781b28a6989f6fa1bb2c4f2d51201cf99d3dd875df6fbd96b23b \
    --hash=sha256:08beddf13648eb95f8d867350f6a018a4be2e5ad54c8d8caed89ebca558b2818 \
    --hash=sha256:1af303d6b2210eb850fcf03064d364652b7120803a0b872f5211f5234b399f20 \
    --hash=sha256:1dda2e7b4ec9dd512f84935c5f126c8bd8b9f2fc001e9f54af255e8c5f16b0e0 \
    --hash=sha256:2a02aba9ed12e4ac4eb3ea9421c420301a0c6460d9830d74a9df87efa4912010 \
    --hash=sha256:2e4ee3380d6de9c9ec04745830fd9e2eccb3e6cf790d39d7b98ffd19b0dd754a \
    --hash=sha256:3373d5d70a5fe74a2c1bb6d2cfd9609ecf686d47a2d7b1d37a8f3b6bf6003aea \
    --hash=sha256:47711010ad8555514b434df65f7d7b076bb8261df1ca9bb78f53d3b2db02e95c \
    --hash=sha256:4c66707fabe114439db9068ee468c26bbdf909cac0fb58686a42a24de1760c71 \
    --hash=sha256:50193e430acfc1346175fcbdaa28ffec49947a06918b7b92130744e81e640110 \
    --hash=sha256:52b8b60467cd7dd1e9ed082188b4e6bb35aa5cdd01777621a1658910745b90be \
    --hash=sha256:60dedbb91afcbfdc9bc0b1f3f402804070deed7392c23eb7a7f07fa857868e8a \
    --hash=sha256:62b8e4b1e28009ef2846b4c7852046736bab361f7aeadeb6a5b89ebec3c7055a \
    --hash=sha256:666dbfb6ec68962c033a450943ded891bed2d54e6755e35e5835d63f4f6931d5 \
    --hash=sha256:675d61ffbfa78604709862923189bad94014bef562cc35cf61d3a07bba02a7ed \
    --hash=sha256:679b0076f67ecc0138fd2ede3a8fd196dddc2ad3254069bcb9faf9a79b1cebcd \
    --hash=sha256:7349ab0fa0c429c82442a27a9673fc802ffdb7c7775fad780226cb234965e53c \
    --hash=sha256:7ab55401287bfec946ced39700c053796e7cc0e3acbef09993a9ad2adba6ca6e \
    --hash=sha256:7e50d0a0cc3189f9cb0aeb3a6a6af18c16f59f004b866cd2be1c14b36134a4a0 \
    --hash=sha256:95a7476c59002f2f6c590b9b7b998306fba6a5aa646b1e22ddfeaf8f78c3a29c \
    --hash=sha256:96ff0b2ad353d8f990b63294c8986f1ec3cb19d749234014f4e7eb0112ceba5a \
    --hash=sha256:9fad7dcb1aac3c7f0584a5a8133e3a43eeb2fe127f47e3632d43d677c66c102b \
    --hash=sha256:9ff0f4f29c51e2803569d7a51c2304de5554655a60c5d776e35b4a41413830d0 \
    --hash=sha256:a354325ee03388678242a4d7ebcd08b5c727033fcff3b2f536aea978e15ee9e6 \
    --hash=sha256:a4abb4f9001ad2858e7ac189089c42178fcce737e4169dc61321660f1a96c7d2 \
    --hash=sha256:ab47dbe5cc8210f55aa58e4805fe224dac469cde56b9f731a4c098b91917159a \
    --hash=sha256:afedb719a9dcfc7eaf2287b839d8198e06dcd4cb5d276a3df279231138e83d30 \
    --hash=sha256:b3ce300f3644fb06443ee2222c2201dd3a89ea6040541412b8fa189341847218 \
    --hash=sha256:b97fe8060236edf3662adfc2c633f56a08ae30560c56310562cb4f95500022d5 \
    --hash=sha256:bfe25acf8b437eb2a8b2d49d443800a5f18508cd811fea3181723922a8a82b07 \
    --hash=sha256:cd25bcecc4974d09257ffcd1f098ee778f7834c3ad767fe5db785be9a4aa9cb2 \
    --hash=sha256:d209d8969599b27ad20994c8e41936ee0964e6da07478d6c35016bc386b66ad4 \
    --hash=sha256:d5241e0a80d808d70546c697135da2c613f30e28251ff8307eb72ba696945764 \
    --hash=sha256:edd8b5fe47dab091176d21bb6de568acdd906d1887a4584a15a9a96a1dca06ef \
    --hash=sha256:f870204a840a60da0b12273ef34f7051e98c3b5961b61b0c2c1be6dfd64fbcd3 \
    --hash=sha256:ffa75af20b44f8dba823498024771d5ac50620e6915abac414251bd971b4529f
    # via
    #   -r templates/ray-data-batch-image-classification/requirements.txt
    #   torchvision
nvidia-cublas-cu12==12.8.3.14 ; platform_machine == 'x86_64' and sys_platform == 'linux' \
    --hash=sha256:3f0e05e7293598cf61933258b73e66a160c27d59c4422670bf0b79348c04be44 \
    --hash=sha256:93a4e0e386cc7f6e56c822531396de8170ed17068a1e18f987574895044cd8c3 \
    --hash=sha256:9ae5eae500aead01fc4bdfc458209df638b1a3551557ce11a78eea9ece602ae9
    # via
    #   nvidia-cudnn-cu12
    #   nvidia-cusolver-cu12
    #   torch
nvidia-cuda-cupti-cu12==12.8.57 ; platform_machine == 'x86_64' and sys_platform == 'linux' \
    --hash=sha256:8e0b2eb847de260739bee4a3f66fac31378f4ff49538ff527a38a01a9a39f950 \
    --hash=sha256:bbed719c52a476958a74cfc42f2b95a3fd6b3fd94eb40134acc4601feb4acac3 \
    --hash=sha256:ff154211724fd824e758ce176b66007b558eea19c9a5135fc991827ee147e317
    # via torch
nvidia-cuda-nvrtc-cu12==12.8.61 ; platform_machine == 'x86_64' and sys_platform == 'linux' \
    --hash=sha256:9c8887bf5e5dffc441018ba8c5dc59952372a6f4806819e8c1f03d62637dbeea \
    --hash=sha256:a0fa9c2a21583105550ebd871bd76e2037205d56f33f128e69f6d2a55e0af9ed \
    --hash=sha256:b1f376bf58111ca73dde4fd4df89a462b164602e074a76a2c29c121ca478dcd4
    # via torch
nvidia-cuda-runtime-cu12==12.8.57 ; platform_machine == 'x86_64' and sys_platform == 'linux' \
    --hash=sha256:534ccebd967b6a44292678fa5da4f00666029cb2ed07a79515ea41ef31fe3ec7 \
    --hash=sha256:75342e28567340b7428ce79a5d6bb6ca5ff9d07b69e7ce00d2c7b4dc23eff0be \
    --hash=sha256:89be637e3ee967323865b85e0f147d75f9a5bd98360befa37481b02dd57af8f5
    # via torch
nvidia-cudnn-cu12==9.7.1.26 ; platform_machine == 'x86_64' and sys_platform == 'linux' \
    --hash=sha256:6d011159a158f3cfc47bf851aea79e31bcff60d530b70ef70474c84cac484d07 \
    --hash=sha256:7b805b9a4cf9f3da7c5f4ea4a9dff7baf62d1a612d6154a7e0d2ea51ed296241 \
    --hash=sha256:848a61d40ef3b32bd4e1fadb599f0cf04a4b942fbe5fb3be572ad75f9b8c53ef
    # via torch
nvidia-cufft-cu12==11.3.3.41 ; platform_machine == 'x86_64' and sys_platform == 'linux' \
    --hash=sha256:68509dcd7e3306e69d0e2d8a6d21c8b25ed62e6df8aac192ce752f17677398b5 \
    --hash=sha256:da650080ab79fcdf7a4b06aa1b460e99860646b176a43f6208099bdc17836b6a \
    --hash=sha256:f9760612886786601d27a0993bb29ce1f757e6b8b173499d0ecfa850d31b50f8
    # via torch
nvidia-cufile-cu12==1.13.0.11 ; platform_machine == 'x86_64' and sys_platform == 'linux' \
    --hash=sha256:2acbee65dc2eaf58331f0798c5e6bcdd790c4acb26347530297e63528c9eba5d \
    --hash=sha256:483f434c541806936b98366f6d33caef5440572de8ddf38d453213729da3e7d4
    # via torch
nvidia-curand-cu12==10.3.9.55 ; platform_machine == 'x86_64' and sys_platform == 'linux' \
    --hash=sha256:570d82475fe7f3d8ed01ffbe3b71796301e0e24c98762ca018ff8ce4f5418e1f \
    --hash=sha256:8387d974240c91f6a60b761b83d4b2f9b938b7e0b9617bae0f0dafe4f5c36b86 \
    --hash=sha256:b6bb90c044fa9b07cedae2ef29077c4cf851fb6fdd6d862102321f359dca81e9
    # via torch
nvidia-cusolver-cu12==11.7.2.55 ; platform_machine == 'x86_64' and sys_platform == 'linux' \
    --hash=sha256:0fd9e98246f43c15bee5561147ad235dfdf2d037f5d07c9d41af3f7f72feb7cc \
    --hash=sha256:4d1354102f1e922cee9db51920dba9e2559877cf6ff5ad03a00d853adafb191b \
    --hash=sha256:a5a516c55da5c5aba98420d9bc9bcab18245f21ec87338cc1f930eb18dd411ac
    # via torch
nvidia-cusparse-cu12==12.5.7.53 ; platform_machine == 'x86_64' and sys_platform == 'linux' \
    --hash=sha256:3c1b61eb8c85257ea07e9354606b26397612627fdcd327bfd91ccf6155e7c86d \
    --hash=sha256:82c201d6781bacf6bb7c654f0446728d0fe596dfdd82ef4a04c204ce3e107441 \
    --hash=sha256:d869c6146ca80f4305b62e02d924b4aaced936f8173e3cef536a67eed2a91af1
    # via
    #   nvidia-cusolver-cu12
    #   torch
nvidia-cusparselt-cu12==0.6.3 ; platform_machine == 'x86_64' and sys_platform == 'linux' \
    --hash=sha256:3b325bcbd9b754ba43df5a311488fca11a6b5dc3d11df4d190c000cf1a0765c7 \
    --hash=sha256:8371549623ba601a06322af2133c4a44350575f5a3108fb75f3ef20b822ad5f1 \
    --hash=sha256:e5c8a26c36445dd2e6812f1177978a24e2d37cacce7e090f297a688d1ec44f46
    # via torch
nvidia-nccl-cu12==2.26.2 ; platform_machine == 'x86_64' and sys_platform == 'linux' \
    --hash=sha256:5c196e95e832ad30fbbb50381eb3cbd1fadd5675e587a548563993609af19522 \
    --hash=sha256:694cf3879a206553cc9d7dbda76b13efaf610fdb70a50cba303de1b0d1530ac6
    # via torch
nvidia-nvjitlink-cu12==12.8.61 ; platform_machine == 'x86_64' and sys_platform == 'linux' \
    --hash=sha256:1166a964d25fdc0eae497574d38824305195a5283324a21ccb0ce0c802cbf41c \
    --hash=sha256:45fd79f2ae20bd67e8bc411055939049873bfd8fac70ff13bd4865e0b9bdab17 \
    --hash=sha256:9b80ecab31085dda3ce3b41d043be0ec739216c3fc633b8abe212d5a30026df0
    # via
    #   nvidia-cufft-cu12
    #   nvidia-cusolver-cu12
    #   nvidia-cusparse-cu12
    #   torch
nvidia-nvtx-cu12==12.8.55 ; platform_machine == 'x86_64' and sys_platform == 'linux' \
    --hash=sha256:2dd0780f1a55c21d8e06a743de5bd95653de630decfff40621dbde78cc307102 \
    --hash=sha256:9022681677aef1313458f88353ad9c0d2fbbe6402d6b07c9f00ba0e3ca8774d3 \
    --hash=sha256:c38405335fbc0f0bf363eaeaeb476e8dfa8bae82fada41d25ace458b9ba9f3db
    # via torch
pillow==11.3.0 \
    --hash=sha256:023f6d2d11784a465f09fd09a34b150ea4672e85fb3d05931d89f373ab14abb2 \
    --hash=sha256:02a723e6bf909e7cea0dac1b0e0310be9d7650cd66222a5f1c571455c0a45214 \
    --hash=sha256:040a5b691b0713e1f6cbe222e0f4f74cd233421e105850ae3b3c0ceda520f42e \
    --hash=sha256:05f6ecbeff5005399bb48d198f098a9b4b6bdf27b8487c7f38ca16eeb070cd59 \
    --hash=sha256:068d9c39a2d1b358eb9f245ce7ab1b5c3246c7c8c7d9ba58cfa5b43146c06e50 \
    --hash=sha256:0743841cabd3dba6a83f38a92672cccbd69af56e3e91777b0ee7f4dba4385632 \
    --hash=sha256:092c80c76635f5ecb10f3f83d76716165c96f5229addbd1ec2bdbbda7d496e06 \
    --hash=sha256:0b275ff9b04df7b640c59ec5a3cb113eefd3795a8df80bac69646ef699c6981a \
    --hash=sha256:0bce5c4fd0921f99d2e858dc4d4d64193407e1b99478bc5cacecba2311abde51 \
    --hash=sha256:1019b04af07fc0163e2810167918cb5add8d74674b6267616021ab558dc98ced \
    --hash=sha256:106064daa23a745510dabce1d84f29137a37224831d88eb4ce94bb187b1d7e5f \
    --hash=sha256:118ca10c0d60b06d006be10a501fd6bbdfef559251ed31b794668ed569c87e12 \
    --hash=sha256:13f87d581e71d9189ab21fe0efb5a23e9f28552d5be6979e84001d3b8505abe8 \
    --hash=sha256:155658efb5e044669c08896c0c44231c5e9abcaadbc5cd3648df2f7c0b96b9a6 \
    --hash=sha256:1904e1264881f682f02b7f8167935cce37bc97db457f8e7849dc3a6a52b99580 \
    --hash=sha256:19d2ff547c75b8e3ff46f4d9ef969a06c30ab2d4263a9e287733aa8b2429ce8f \
    --hash=sha256:1a992e86b0dd7aeb1f053cd506508c0999d710a8f07b4c791c63843fc6a807ac \
    --hash=sha256:1b9c17fd4ace828b3003dfd1e30bff24863e0eb59b535e8f80194d9cc7ecf860 \
    --hash=sha256:1c627742b539bba4309df89171356fcb3cc5a9178355b2727d1b74a6cf155fbd \
    --hash=sha256:1cd110edf822773368b396281a2293aeb91c90a2db00d78ea43e7e861631b722 \
    --hash=sha256:1f85acb69adf2aaee8b7da124efebbdb959a104db34d3a2cb0f3793dbae422a8 \
    --hash=sha256:23cff760a9049c502721bdb743a7cb3e03365fafcdfc2ef9784610714166e5a4 \
    --hash=sha256:2465a69cf967b8b49ee1b96d76718cd98c4e925414ead59fdf75cf0fd07df673 \
    --hash=sha256:2a3117c06b8fb646639dce83694f2f9eac405472713fcb1ae887469c0d4f6788 \
    --hash=sha256:2aceea54f957dd4448264f9bf40875da0415c83eb85f55069d89c0ed436e3542 \
    --hash=sha256:2d6fcc902a24ac74495df63faad1884282239265c6839a0a6416d33faedfae7e \
    --hash=sha256:30807c931ff7c095620fe04448e2c2fc673fcbb1ffe2a7da3fb39613489b1ddd \
    --hash=sha256:30b7c02f3899d10f13d7a48163c8969e4e653f8b43416d23d13d1bbfdc93b9f8 \
    --hash=sha256:3828ee7586cd0b2091b6209e5ad53e20d0649bbe87164a459d0676e035e8f523 \
    --hash=sha256:3cee80663f29e3843b68199b9d6f4f54bd1d4a6b59bdd91bceefc51238bcb967 \
    --hash=sha256:3e184b2f26ff146363dd07bde8b711833d7b0202e27d13540bfe2e35a323a809 \
    --hash=sha256:41342b64afeba938edb034d122b2dda5db2139b9a4af999729ba8818e0056477 \
    --hash=sha256:41742638139424703b4d01665b807c6468e23e699e8e90cffefe291c5832b027 \
    --hash=sha256:4445fa62e15936a028672fd48c4c11a66d641d2c05726c7ec1f8ba6a572036ae \
    --hash=sha256:45dfc51ac5975b938e9809451c51734124e73b04d0f0ac621649821a63852e7b \
    --hash=sha256:465b9e8844e3c3519a983d58b80be3f668e2a7a5db97f2784e7079fbc9f9822c \
    --hash=sha256:48d254f8a4c776de343051023eb61ffe818299eeac478da55227d96e241de53f \
    --hash=sha256:4c834a3921375c48ee6b9624061076bc0a32a60b5532b322cc0ea64e639dd50e \
    --hash=sha256:4c96f993ab8c98460cd0c001447bff6194403e8b1d7e149ade5f00594918128b \
    --hash=sha256:504b6f59505f08ae014f724b6207ff6222662aab5cc9542577fb084ed0676ac7 \
    --hash=sha256:527b37216b6ac3a12d7838dc3bd75208ec57c1c6d11ef01902266a5a0c14fc27 \
    --hash=sha256:5418b53c0d59b3824d05e029669efa023bbef0f3e92e75ec8428f3799487f361 \
    --hash=sha256:59a03cdf019efbfeeed910bf79c7c93255c3d54bc45898ac2a4140071b02b4ae \
    --hash=sha256:5e05688ccef30ea69b9317a9ead994b93975104a677a36a8ed8106be9260aa6d \
    --hash=sha256:6359a3bc43f57d5b375d1ad54a0074318a0844d11b76abccf478c37c986d3cfc \
    --hash=sha256:643f189248837533073c405ec2f0bb250ba54598cf80e8c1e043381a60632f58 \
    --hash=sha256:65dc69160114cdd0ca0f35cb434633c75e8e7fad4cf855177a05bf38678f73ad \
    --hash=sha256:67172f2944ebba3d4a7b54f2e95c786a3a50c21b88456329314caaa28cda70f6 \
    --hash=sha256:676b2815362456b5b3216b4fd5bd89d362100dc6f4945154ff172e206a22c024 \
    --hash=sha256:6a418691000f2a418c9135a7cf0d797c1bb7d9a485e61fe8e7722845b95ef978 \
    --hash=sha256:6abdbfd3aea42be05702a8dd98832329c167ee84400a1d1f61ab11437f1717eb \
    --hash=sha256:6be31e3fc9a621e071bc17bb7de63b85cbe0bfae91bb0363c893cbe67247780d \
    --hash=sha256:7107195ddc914f656c7fc8e4a5e1c25f32e9236ea3ea860f257b0436011fddd0 \
    --hash=sha256:71f511f6b3b91dd543282477be45a033e4845a40278fa8dcdbfdb07109bf18f9 \
    --hash=sha256:7859a4cc7c9295f5838015d8cc0a9c215b77e43d07a25e460f35cf516df8626f \
    --hash=sha256:7966e38dcd0fa11ca390aed7c6f20454443581d758242023cf36fcb319b1a874 \
    --hash=sha256:79ea0d14d3ebad43ec77ad5272e6ff9bba5b679ef73375ea760261207fa8e0aa \
    --hash=sha256:7aee118e30a4cf54fdd873bd3a29de51e29105ab11f9aad8c32123f58c8f8081 \
    --hash=sha256:7b161756381f0918e05e7cb8a371fff367e807770f8fe92ecb20d905d0e1c149 \
    --hash=sha256:7c8ec7a017ad1bd562f93dbd8505763e688d388cde6e4a010ae1486916e713e6 \
    --hash=sha256:7d1aa4de119a0ecac0a34a9c8bde33f34022e2e8f99104e47a3ca392fd60e37d \
    --hash=sha256:7db51d222548ccfd274e4572fdbf3e810a5e66b00608862f947b163e613b67dd \
    --hash=sha256:819931d25e57b513242859ce1876c58c59dc31587847bf74cfe06b2e0cb22d2f \
    --hash=sha256:83e1b0161c9d148125083a35c1c5a89db5b7054834fd4387499e06552035236c \
    --hash=sha256:857844335c95bea93fb39e0fa2726b4d9d758850b34075a7e3ff4f4fa3aa3b31 \
    --hash=sha256:8797edc41f3e8536ae4b10897ee2f637235c94f27404cac7297f7b607dd0716e \
    --hash=sha256:8924748b688aa210d79883357d102cd64690e56b923a186f35a82cbc10f997db \
    --hash=sha256:89bd777bc6624fe4115e9fac3352c79ed60f3bb18651420635f26e643e3dd1f6 \
    --hash=sha256:8dc70ca24c110503e16918a658b869019126ecfe03109b754c402daff12b3d9f \
    --hash=sha256:91da1d88226663594e3f6b4b8c3c8d85bd504117d043740a8e0ec449087cc494 \
    --hash=sha256:921bd305b10e82b4d1f5e802b6850677f965d8394203d182f078873851dada69 \
    --hash=sha256:932c754c2d51ad2b2271fd01c3d121daaa35e27efae2a616f77bf164bc0b3e94 \
    --hash=sha256:93efb0b4de7e340d99057415c749175e24c8864302369e05914682ba642e5d77 \
    --hash=sha256:97afb3a00b65cc0804d1c7abddbf090a81eaac02768af58cbdcaaa0a931e0b6d \
    --hash=sha256:97f07ed9f56a3b9b5f49d3661dc9607484e85c67e27f3e8be2c7d28ca032fec7 \
    --hash=sha256:98a9afa7b9007c67ed84c57c9e0ad86a6000da96eaa638e4f8abe5b65ff83f0a \
    --hash=sha256:9ab6ae226de48019caa8074894544af5b53a117ccb9d3b3dcb2871464c829438 \
    --hash=sha256:9c412fddd1b77a75aa904615ebaa6001f169b26fd467b4be93aded278266b288 \
    --hash=sha256:a1bc6ba083b145187f648b667e05a2534ecc4b9f2784c2cbe3089e44868f2b9b \
    --hash=sha256:a418486160228f64dd9e9efcd132679b7a02a5f22c982c78b6fc7dab3fefb635 \
    --hash=sha256:a4d336baed65d50d37b88ca5b60c0fa9d81e3a87d4a7930d3880d1624d5b31f3 \
    --hash=sha256:a6444696fce635783440b7f7a9fc24b3ad10a9ea3f0ab66c5905be1c19ccf17d \
    --hash=sha256:a7bc6e6fd0395bc052f16b1a8670859964dbd7003bd0af2ff08342eb6e442cfe \
    --hash=sha256:b4b8f3efc8d530a1544e5962bd6b403d5f7fe8b9e08227c6b255f98ad82b4ba0 \
    --hash=sha256:b5f56c3f344f2ccaf0dd875d3e180f631dc60a51b314295a3e681fe8cf851fbe \
    --hash=sha256:be5463ac478b623b9dd3937afd7fb7ab3d79dd290a28e2b6df292dc75063eb8a \
    --hash=sha256:c37d8ba9411d6003bba9e518db0db0c58a680ab9fe5179f040b0463644bc9805 \
    --hash=sha256:c84d689db21a1c397d001aa08241044aa2069e7587b398c8cc63020390b1c1b8 \
    --hash=sha256:c96d333dcf42d01f47b37e0979b6bd73ec91eae18614864622d9b87bbd5bbf36 \
    --hash=sha256:cadc9e0ea0a2431124cde7e1697106471fc4c1da01530e679b2391c37d3fbb3a \
    --hash=sha256:cc3e831b563b3114baac7ec2ee86819eb03caa1a2cef0b481a5675b59c4fe23b \
    --hash=sha256:cd8ff254faf15591e724dc7c4ddb6bf4793efcbe13802a4ae3e863cd300b493e \
    --hash=sha256:d000f46e2917c705e9fb93a3606ee4a819d1e3aa7a9b442f6444f07e77cf5e25 \
    --hash=sha256:d9da3df5f9ea2a89b81bb6087177fb1f4d1c7146d583a3fe5c672c0d94e55e12 \
    --hash=sha256:e5c5858ad8ec655450a7c7df532e9842cf8df7cc349df7225c60d5d348c8aada \
    --hash=sha256:e67d793d180c9df62f1f40aee3accca4829d3794c95098887edc18af4b8b780c \
    --hash=sha256:ea944117a7974ae78059fcc1800e5d3295172bb97035c0c1d9345fca1419da71 \
    --hash=sha256:eb76541cba2f958032d79d143b98a3a6b3ea87f0959bbe256c0b5e416599fd5d \
    --hash=sha256:ec1ee50470b0d050984394423d96325b744d55c701a439d2bd66089bff963d3c \
    --hash=sha256:ee92f2fd10f4adc4b43d07ec5e779932b4eb3dbfbc34790ada5a6669bc095aa6 \
    --hash=sha256:f0f5d8f4a08090c6d6d578351a2b91acf519a54986c055af27e7a93feae6d3f1 \
    --hash=sha256:f1f182ebd2303acf8c380a54f615ec883322593320a9b00438eb842c1f37ae50 \
    --hash=sha256:f8a5827f84d973d8636e9dc5764af4f0cf2318d26744b3d902931701b0d46653 \
    --hash=sha256:f944255db153ebb2b19c51fe85dd99ef0ce494123f21b9db4877ffdfc5590c7c \
    --hash=sha256:fdae223722da47b024b867c1ea0be64e0df702c5e0a60e27daad39bf960dd1e4 \
    --hash=sha256:fe27fb049cdcca11f11a7bfda64043c37b30e6b91f10cb5bab275806c32f6ab3
    # via torchvision
pyarrow==19.0.1 \
    --hash=sha256:008a4009efdb4ea3d2e18f05cd31f9d43c388aad29c636112c2966605ba33466 \
    --hash=sha256:0148bb4fc158bfbc3d6dfe5001d93ebeed253793fff4435167f6ce1dc4bddeae \
    --hash=sha256:1b93ef2c93e77c442c979b0d596af45e4665d8b96da598db145b0fec014b9136 \
    --hash=sha256:1c7556165bd38cf0cd992df2636f8bcdd2d4b26916c6b7e646101aff3c16f76f \
    --hash=sha256:335d170e050bcc7da867a1ed8ffb8b44c57aaa6e0843b156a501298657b1e972 \
    --hash=sha256:3bf266b485df66a400f282ac0b6d1b500b9d2ae73314a153dbe97d6d5cc8a99e \
    --hash=sha256:41f9706fbe505e0abc10e84bf3a906a1338905cbbcf1177b71486b03e6ea6608 \
    --hash=sha256:4982f8e2b7afd6dae8608d70ba5bd91699077323f812a0448d8b7abdff6cb5d3 \
    --hash=sha256:49a3aecb62c1be1d822f8bf629226d4a96418228a42f5b40835c1f10d42e4db6 \
    --hash=sha256:4d5d1ec7ec5324b98887bdc006f4d2ce534e10e60f7ad995e7875ffa0ff9cb14 \
    --hash=sha256:58d9397b2e273ef76264b45531e9d552d8ec8a6688b7390b5be44c02a37aade8 \
    --hash=sha256:5a9137cf7e1640dce4c190551ee69d478f7121b5c6f323553b319cac936395f6 \
    --hash=sha256:5bd1618ae5e5476b7654c7b55a6364ae87686d4724538c24185bbb2952679960 \
    --hash=sha256:65cf9feebab489b19cdfcfe4aa82f62147218558d8d3f0fc1e9dea0ab8e7905a \
    --hash=sha256:699799f9c80bebcf1da0983ba86d7f289c5a2a5c04b945e2f2bcf7e874a91911 \
    --hash=sha256:6c5941c1aac89a6c2f2b16cd64fe76bcdb94b2b1e99ca6459de4e6f07638d755 \
    --hash=sha256:6ebfb5171bb5f4a52319344ebbbecc731af3f021e49318c74f33d520d31ae0c4 \
    --hash=sha256:7a544ec12de66769612b2d6988c36adc96fb9767ecc8ee0a4d270b10b1c51e00 \
    --hash=sha256:7c1bca1897c28013db5e4c83944a2ab53231f541b9e0c3f4791206d0c0de389a \
    --hash=sha256:80b2ad2b193e7d19e81008a96e313fbd53157945c7be9ac65f44f8937a55427b \
    --hash=sha256:8464c9fbe6d94a7fe1599e7e8965f350fd233532868232ab2596a71586c5a429 \
    --hash=sha256:8f04d49a6b64cf24719c080b3c2029a3a5b16417fd5fd7c4041f94233af732f3 \
    --hash=sha256:96606c3ba57944d128e8a8399da4812f56c7f61de8c647e3470b417f795d0ef9 \
    --hash=sha256:99bc1bec6d234359743b01e70d4310d0ab240c3d6b0da7e2a93663b0158616f6 \
    --hash=sha256:ad76aef7f5f7e4a757fddcdcf010a8290958f09e3470ea458c80d26f4316ae89 \
    --hash=sha256:b4c4156a625f1e35d6c0b2132635a237708944eb41df5fbe7d50f20d20c17832 \
    --hash=sha256:b9766a47a9cb56fefe95cb27f535038b5a195707a08bf61b180e642324963b46 \
    --hash=sha256:c0fe3dbbf054a00d1f162fda94ce236a899ca01123a798c561ba307ca38af5f0 \
    --hash=sha256:c6cb2335a411b713fdf1e82a752162f72d4a7b5dbc588e32aa18383318b05866 \
    --hash=sha256:cc55d71898ea30dc95900297d191377caba257612f384207fe9f8293b5850f90 \
    --hash=sha256:d03c9d6f2a3dffbd62671ca070f13fc527bb1867b4ec2b98c7eeed381d4f389a \
    --hash=sha256:d383591f3dcbe545f6cc62daaef9c7cdfe0dff0fb9e1c8121101cabe9098cfa6 \
    --hash=sha256:d9d46e06846a41ba906ab25302cf0fd522f81aa2a85a71021826f34639ad31ef \
    --hash=sha256:d9dedeaf19097a143ed6da37f04f4051aba353c95ef507764d344229b2b740ae \
    --hash=sha256:e45274b20e524ae5c39d7fc1ca2aa923aab494776d2d4b316b49ec7572ca324c \
    --hash=sha256:ee8dec072569f43835932a3b10c55973593abc00936c202707a4ad06af7cb294 \
    --hash=sha256:f24faab6ed18f216a37870d8c5623f9c044566d75ec586ef884e13a02a9d62c5 \
    --hash=sha256:f2a21d39fbdb948857f67eacb5bbaaf36802de044ec36fbef7a1c8f0dd3a4ab2 \
    --hash=sha256:f3ad4c0eb4e2a9aeb990af6c09e6fa0b195c8c0e7b272ecc8d4d2b6574809d34 \
    --hash=sha256:fc28912a2dc924dddc2087679cc8b7263accc71b9ff025a1362b004711661a69 \
    --hash=sha256:fca15aabbe9b8355800d923cc2e82c8ef514af321e18b437c3d782aa884eaeec \
    --hash=sha256:fd44d66093a239358d07c42a91eebf5015aa54fccba959db899f932218ac9cc8
    # via -r templates/ray-data-batch-image-classification/requirements.txt
setuptools==80.9.0 \
    --hash=sha256:062d34222ad13e0cc312a4c02d73f059e86a4acbfbdea8f8f76b28c99f306922 \
    --hash=sha256:f36b47402ecde768dbfafc46e8e4207b4360c654f1f3bb84475f0a28628fb19c
    # via
    #   torch
    #   triton
sympy==1.14.0 \
    --hash=sha256:d3d3fe8df1e5a0b42f0e7bdf50541697dbe7d23746e894990c030e2b05e72517 \
    --hash=sha256:e091cc3e99d2141a0ba2847328f5479b05d94a6635cb96148ccb3f34671bd8f5
    # via torch
torch==2.7.1+cu128 \
    --hash=sha256:01d4745b4289d8a238c1741cae9920241fb1be199108c83002c661fc3e4d60da \
    --hash=sha256:0b64f7d0a6f2a739ed052ba959f7b67c677028c9566ce51997f9f90fe573ddaa \
    --hash=sha256:138c66dcd0ed2f07aafba3ed8b7958e2bed893694990e0b4b55b6b2b4a336aa6 \
    --hash=sha256:268e54db9f0bc2b7b9eb089852d3e592c2dea2facc3db494100c3d3b796549fa \
    --hash=sha256:2bb8c05d48ba815b316879a18195d53a6472a03e297d971e916753f8e1053d30 \
    --hash=sha256:3a0954c54fd7cb9f45beab1272dece2a05b0e77023c1da33ba32a7919661260f \
    --hash=sha256:500ad5b670483f62d4052e41948a3fb19e8c8de65b99f8d418d879cbb15a82d6 \
    --hash=sha256:5174f02de8ca14df87c8e333c4c39cf3ce93a323c9d470d690301d110a053b3c \
    --hash=sha256:738ac9b3ad79e62a21256e3d250cee858de955f93f89fab114da8d1919347d06 \
    --hash=sha256:9560425f9ea1af1791507e8ca70d5b9ecf62fed7ca226a95fcd58d0eb2cca78f \
    --hash=sha256:9eadb0a49ae383b2d20e059b8614485cf216f3ebd13c4f401daa917e9979254b \
    --hash=sha256:aca3472608e3c92df5166537595687b53a6c997082478b372427b043dbed98d0 \
    --hash=sha256:c301dc280458afd95450af794924c98fe07522dd148ff384739b810e3e3179f2 \
    --hash=sha256:c355db49c218ada70321d5c5c9bb3077312738b99113c8f3723ef596b554a7b9 \
    --hash=sha256:d56d29a6ad7758ba5173cc2b0c51c93e126e2b0a918e874101dc66545283967f \
    --hash=sha256:d6c3cba198dc93f93422a8545f48a6697890366e4b9701f54351fc27e2304bd3 \
    --hash=sha256:e27e5f7e74179fb5d814a0412e5026e4b50c9e0081e9050bc4c28c992a276eb1 \
    --hash=sha256:f112465fdf42eb1297c6dddda1a8b7f411914428b704e1b8a47870c52e290909
    # via
    #   -r templates/ray-data-batch-image-classification/requirements.txt
    #   torchvision
torchvision==0.22.1+cu128 \
    --hash=sha256:02faf51fbf5070592768fa935327d13a484b745faef38b0fee01d85cfb35f5bc \
    --hash=sha256:51f25bc1d28b037d98a1415c917441726244d8a00971907e6dfb00eccc31365f \
    --hash=sha256:538f4db667286d939b4eee0a66d31ed21b51186668006b0e0ffe20338ecc7e00 \
    --hash=sha256:650561ba326d21021243f5e064133dc62dc64d52f79623db5cd76637a9665f96 \
    --hash=sha256:85ecd729c947151eccea502853be6efc2c0029dc26e6e5148e04684aed008390 \
    --hash=sha256:92568ac46b13a8c88b61589800b1b9c4629be091ea7ce080fc6fc622e11e0915 \
    --hash=sha256:ad48ba3c3ffd48027e3a8de42fcea131a53a524ee9416ca4efb22f9ac6b7328d \
    --hash=sha256:bc4fef193917b51db6b409acd3ffdec9286d877baac0aee5dcfbb72592d00bfc \
    --hash=sha256:d44d8bc41162167aa7b9eba0587362d007e84b7ecab5774972ad78eb4d30c004 \
    --hash=sha256:e5320bb2c9f69636f3dc18abc3291fe8c8e448cb9ef0112510a5413a5af3f8f2 \
    --hash=sha256:eb784cc75a66f3336a04ff3a992bf74160842132db69e8bdbb58b5ab9422c345 \
    --hash=sha256:f64ef9bb91d71ab35d8384912a19f7419e35928685bc67544d58f45148334373
    # via -r templates/ray-data-batch-image-classification/requirements.txt
triton==3.3.1 ; sys_platform == 'linux' \
    --hash=sha256:4b79e49b15ae31dd0959090f37a362eb81c77c5643ba0ec56e529903b06d28cf \
    --hash=sha256:592a96f5a81165c8f4ffaf431a61db76b2b91c74e810a1446b49fbfaf0ad6814 \
    --hash=sha256:9999e83aba21e1a78c1f36f21bce621b77bcaa530277a50484a7cb4a822f6e43 \
    --hash=sha256:9b1993c3ba470117dcf2888ff116d82809ed7a4d3cd05074fc40ff39190b2ce8 \
    --hash=sha256:9ee4c2ae140cedfb6f9e69e54457fa288aab6f138fd1ac4b71da92cdfa660901 \
    --hash=sha256:a3198adb9d78b77818a5388bff89fa72ff36f9da0bc689db2f0a651a67ce6a42 \
    --hash=sha256:b31e3aa26f8cb3cc5bf4e187bf737cbacf17311e1112b781d4a059353dfd731b \
    --hash=sha256:b74db445b1c562844d3cfad6e9679c72e93fdfb1a90a24052b03bb5c49d1242e \
    --hash=sha256:b89d846b5a4198317fec27a5d3a609ea96b6d557ff44b56c23176546023c4240 \
    --hash=sha256:d4e316c29dcb5103dcfcdf98de8fa1b91c0bfb26218ac577eccc30585adfb60d \
    --hash=sha256:ef7099ec6e31a85de6a93e73b560e8f5bf79cf785416401b81db4260906a878d \
    --hash=sha256:f6139aeb04a146b0b8e0fbbd89ad1e65861c57cfed881f21d62d3cb94a36bab7
    # via torch
typing-extensions==4.15.0 \
    --hash=sha256:0cea48d173cc12fa28ecabc3b837ea3cf6f38c6d1136f85cbaaf598984861466 \
    --hash=sha256:f0fa19c6845758ab08074a0cfa8b7aecb71c999ca73d62883bc25cc018c4e548
    # via torch
